<?xml version="1.0" encoding="UTF-8"?>
<Scheme
   LastUpgradeVersion = "1110"
   version = "1.3">
   <BuildAction
      parallelizeBuildables = "YES"
      buildImplicitDependencies = "YES">
      <BuildActionEntries>
         <BuildActionEntry
            buildForTesting = "YES"
            buildForRunning = "YES"
            buildForProfiling = "NO"
            buildForArchiving = "NO"
            buildForAnalyzing = "NO">
            <BuildableReference
               BuildableIdentifier = "primary"
               BlueprintIdentifier = "14CA2D521F40007000900937"
               BuildableName = "Swift Mock Generator for Xcode.app"
               BlueprintName = "MockGeneratorApp"
               ReferencedContainer = "container:MockGenerator.xcodeproj">
            </BuildableReference>
         </BuildActionEntry>
         <BuildActionEntry
            buildForTesting = "YES"
            buildForRunning = "YES"
            buildForProfiling = "NO"
            buildForArchiving = "NO"
            buildForAnalyzing = "NO">
            <BuildableReference
               BuildableIdentifier = "primary"
               BlueprintIdentifier = "14872E7A1F59DBC50017AF3F"
               BuildableName = "MockGeneratorAppTests.xctest"
               BlueprintName = "MockGeneratorAppTests"
               ReferencedContainer = "container:MockGenerator.xcodeproj">
            </BuildableReference>
         </BuildActionEntry>
         <BuildActionEntry
            buildForTesting = "YES"
            buildForRunning = "YES"
            buildForProfiling = "NO"
            buildForArchiving = "NO"
            buildForAnalyzing = "NO">
            <BuildableReference
               BuildableIdentifier = "primary"
               BlueprintIdentifier = "14276C681F4F312E00EA7753"
               BuildableName = "MockGeneratorTests.xctest"
               BlueprintName = "MockGeneratorTests"
               ReferencedContainer = "container:MockGenerator.xcodeproj">
            </BuildableReference>
         </BuildActionEntry>
         <BuildActionEntry
            buildForTesting = "YES"
            buildForRunning = "YES"
            buildForProfiling = "NO"
            buildForArchiving = "NO"
            buildForAnalyzing = "NO">
            <BuildableReference
               BuildableIdentifier = "primary"
               BlueprintIdentifier = "14F866C220D9088F00E79758"
               BuildableName = "EndToEndTests.xctest"
               BlueprintName = "EndToEndTests"
               ReferencedContainer = "container:MockGenerator.xcodeproj">
            </BuildableReference>
         </BuildActionEntry>
      </BuildActionEntries>
   </BuildAction>
   <TestAction
      buildConfiguration = "Debug"
      selectedDebuggerIdentifier = "Xcode.DebuggerFoundation.Debugger.LLDB"
      selectedLauncherIdentifier = "Xcode.DebuggerFoundation.Launcher.LLDB"
      shouldUseLaunchSchemeArgsEnv = "YES"
      codeCoverageEnabled = "YES">
      <MacroExpansion>
         <BuildableReference
            BuildableIdentifier = "primary"
            BlueprintIdentifier = "14CA2D521F40007000900937"
            BuildableName = "Swift Mock Generator for Xcode.app"
            BlueprintName = "MockGeneratorApp"
            ReferencedContainer = "container:MockGenerator.xcodeproj">
         </BuildableReference>
      </MacroExpansion>
      <Testables>
         <TestableReference
            skipped = "NO">
            <BuildableReference
               BuildableIdentifier = "primary"
               BlueprintIdentifier = "14872E7A1F59DBC50017AF3F"
               BuildableName = "MockGeneratorAppTests.xctest"
               BlueprintName = "MockGeneratorAppTests"
               ReferencedContainer = "container:MockGenerator.xcodeproj">
            </BuildableReference>
         </TestableReference>
         <TestableReference
            skipped = "NO">
            <BuildableReference
               BuildableIdentifier = "primary"
               BlueprintIdentifier = "14276C681F4F312E00EA7753"
               BuildableName = "MockGeneratorTests.xctest"
               BlueprintName = "MockGeneratorTests"
               ReferencedContainer = "container:MockGenerator.xcodeproj">
            </BuildableReference>
         </TestableReference>
         <TestableReference
            skipped = "NO">
            <BuildableReference
               BuildableIdentifier = "primary"
               BlueprintIdentifier = "14F866C220D9088F00E79758"
               BuildableName = "EndToEndTests.xctest"
               BlueprintName = "EndToEndTests"
               ReferencedContainer = "container:MockGenerator.xcodeproj">
            </BuildableReference>
         </TestableReference>
         <TestableReference
            skipped = "NO">
            <BuildableReference
               BuildableIdentifier = "primary"
               BlueprintIdentifier = "19D1948421006ECE00073C50"
               BuildableName = "IndexerTests.xctest"
               BlueprintName = "IndexerTests"
               ReferencedContainer = "container:SwiftToolkit/SwiftToolkit.xcodeproj">
            </BuildableReference>
         </TestableReference>
         <TestableReference
            skipped = "NO">
            <BuildableReference
               BuildableIdentifier = "primary"
               BlueprintIdentifier = "19821A5920EE29440084C6C1"
               BuildableName = "ASTImplTests.xctest"
               BlueprintName = "ASTImplTests"
               ReferencedContainer = "container:SwiftToolkit/SwiftToolkit.xcodeproj">
            </BuildableReference>
         </TestableReference>
         <TestableReference
            skipped = "NO">
            <BuildableReference
               BuildableIdentifier = "primary"
               BlueprintIdentifier = "19821AC120EE2A0C0084C6C1"
               BuildableName = "ASTProxyTests.xctest"
               BlueprintName = "ASTProxyTests"
               ReferencedContainer = "container:SwiftToolkit/SwiftToolkit.xcodeproj">
            </BuildableReference>
         </TestableReference>
         <TestableReference
            skipped = "NO">
            <BuildableReference
               BuildableIdentifier = "primary"
               BlueprintIdentifier = "199F27F62128E2A400286A9F"
               BuildableName = "ASTSerializeTests.xctest"
               BlueprintName = "ASTSerializeTests"
               ReferencedContainer = "container:SwiftToolkit/SwiftToolkit.xcodeproj">
            </BuildableReference>
         </TestableReference>
         <TestableReference
            skipped = "NO">
            <BuildableReference
               BuildableIdentifier = "primary"
               BlueprintIdentifier = "1982190820EE278F0084C6C1"
               BuildableName = "ASTTests.xctest"
               BlueprintName = "ASTTests"
               ReferencedContainer = "container:SwiftToolkit/SwiftToolkit.xcodeproj">
            </BuildableReference>
         </TestableReference>
         <TestableReference
            skipped = "NO">
            <BuildableReference
               BuildableIdentifier = "primary"
               BlueprintIdentifier = "19821AF720EE2AC60084C6C1"
               BuildableName = "AlgorithmsTests.xctest"
               BlueprintName = "AlgorithmsTests"
               ReferencedContainer = "container:SwiftToolkit/SwiftToolkit.xcodeproj">
            </BuildableReference>
         </TestableReference>
         <TestableReference
            skipped = "NO">
            <BuildableReference
               BuildableIdentifier = "primary"
               BlueprintIdentifier = "196F97D320EF1A26009A5FD6"
               BuildableName = "FormatterTests.xctest"
               BlueprintName = "FormatterTests"
               ReferencedContainer = "container:SwiftToolkit/SwiftToolkit.xcodeproj">
            </BuildableReference>
         </TestableReference>
         <TestableReference
            skipped = "NO">
            <BuildableReference
               BuildableIdentifier = "primary"
               BlueprintIdentifier = "19821B4D20EE2B550084C6C1"
               BuildableName = "ParserTests.xctest"
               BlueprintName = "ParserTests"
               ReferencedContainer = "container:SwiftToolkit/SwiftToolkit.xcodeproj">
            </BuildableReference>
         </TestableReference>
         <TestableReference
            skipped = "NO">
            <BuildableReference
               BuildableIdentifier = "primary"
               BlueprintIdentifier = "19821CDF20EE2C260084C6C1"
               BuildableName = "ResolverTests.xctest"
               BlueprintName = "ResolverTests"
               ReferencedContainer = "container:SwiftToolkit/SwiftToolkit.xcodeproj">
            </BuildableReference>
         </TestableReference>
         <TestableReference
            skipped = "NO">
            <BuildableReference
               BuildableIdentifier = "primary"
               BlueprintIdentifier = "19821D4E20EE2C910084C6C1"
               BuildableName = "SwiftLexerTests.xctest"
               BlueprintName = "SwiftLexerTests"
               ReferencedContainer = "container:SwiftToolkit/SwiftToolkit.xcodeproj">
            </BuildableReference>
         </TestableReference>
      </Testables>
   </TestAction>
   <LaunchAction
      buildConfiguration = "Debug"
      selectedDebuggerIdentifier = "Xcode.DebuggerFoundation.Debugger.LLDB"
      selectedLauncherIdentifier = "Xcode.DebuggerFoundation.Launcher.LLDB"
      launchStyle = "0"
      useCustomWorkingDirectory = "NO"
      ignoresPersistentStateOnLaunch = "NO"
      debugDocumentVersioning = "YES"
      debugServiceExtension = "internal"
      allowLocationSimulation = "YES">
      <MacroExpansion>
         <BuildableReference
            BuildableIdentifier = "primary"
            BlueprintIdentifier = "14CA2D521F40007000900937"
            BuildableName = "Swift Mock Generator for Xcode.app"
            BlueprintName = "MockGeneratorApp"
            ReferencedContainer = "container:MockGenerator.xcodeproj">
         </BuildableReference>
      </MacroExpansion>
   </LaunchAction>
   <ProfileAction
      buildConfiguration = "Profile"
      shouldUseLaunchSchemeArgsEnv = "YES"
      savedToolIdentifier = ""
      useCustomWorkingDirectory = "NO"
      debugDocumentVersioning = "YES">
   </ProfileAction>
   <AnalyzeAction
      buildConfiguration = "Debug">
   </AnalyzeAction>
   <ArchiveAction
      buildConfiguration = "Release"
      revealArchiveInOrganizer = "YES">
   </ArchiveAction>
</Scheme>
