// !$*UTF8*$!
{
	archiveVersion = 1;
	classes = {
	};
	objectVersion = 46;
	objects = {

/* Begin PBXAggregateTarget section */
		142B02192170942A005DE573 /* Frameworks */ = {
			isa = PBXAggregateTarget;
			buildConfigurationList = 142B021A2170942A005DE573 /* Build configuration list for PBXAggregateTarget "Frameworks" */;
			buildPhases = (
				142B021E21709432005DE573 /* Copy Frameworks */,
			);
			dependencies = (
			);
			name = Frameworks;
			productName = Frameworks;
		};
/* End PBXAggregateTarget section */

/* Begin PBXBuildFile section */
		141BECDC243B8AEB00AE0E2B /* Formatter.swift in Sources */ = {isa = PBXBuildFile; fileRef = 141BECDB243B8AEB00AE0E2B /* Formatter.swift */; };
		14276C6A1F4F312E00EA7753 /* MockGenerator.framework in Frameworks */ = {isa = PBXBuildFile; fileRef = 14276C611F4F312E00EA7753 /* MockGenerator.framework */; };
		14276C6F1F4F312E00EA7753 /* InsertMockCommandTests.swift in Sources */ = {isa = PBXBuildFile; fileRef = 14276C6E1F4F312E00EA7753 /* InsertMockCommandTests.swift */; };
		14276C791F4F314600EA7753 /* InsertMockCommand.swift in Sources */ = {isa = PBXBuildFile; fileRef = 14276C781F4F314600EA7753 /* InsertMockCommand.swift */; };
		142B023021709A97005DE573 /* UseCases.framework in Embed Frameworks */ = {isa = PBXBuildFile; fileRef = 142B022F21709A85005DE573 /* UseCases.framework */; settings = {ATTRIBUTES = (CodeSignOnCopy, RemoveHeadersOnCopy, ); }; };
		14451D351F5F05C500833C61 /* MemberTransformingVisitorTests.swift in Sources */ = {isa = PBXBuildFile; fileRef = 35CDF7A9B1705ADFFC0CB415 /* MemberTransformingVisitorTests.swift */; };
		144EF1A12444CEB400C8EE9A /* NSView+Bookmarks.swift in Sources */ = {isa = PBXBuildFile; fileRef = 144EF1A02444CEB400C8EE9A /* NSView+Bookmarks.swift */; };
		145290EA1F981ED600947144 /* VersionView.swift in Sources */ = {isa = PBXBuildFile; fileRef = 145290E91F981ED600947144 /* VersionView.swift */; };
		1453D0A024425C5900340789 /* main.swift in Sources */ = {isa = PBXBuildFile; fileRef = 1453D09F24425C5900340789 /* main.swift */; };
		1453D0A524425C9400340789 /* genmock in Copy executable */ = {isa = PBXBuildFile; fileRef = 1453D09D24425C5900340789 /* genmock */; settings = {ATTRIBUTES = (CodeSignOnCopy, ); }; };
		1453D0AB24425FAC00340789 /* MockGenerator.framework in Frameworks */ = {isa = PBXBuildFile; fileRef = 14276C611F4F312E00EA7753 /* MockGenerator.framework */; };
		1453D0AD2444894000340789 /* GenerateMockCommand.swift in Sources */ = {isa = PBXBuildFile; fileRef = 1453D0AC2444894000340789 /* GenerateMockCommand.swift */; };
		1453D0AF2444911600340789 /* GenerateMockCommandTests.swift in Sources */ = {isa = PBXBuildFile; fileRef = 1453D0AE2444911600340789 /* GenerateMockCommandTests.swift */; };
		1453D0B1244491DC00340789 /* IO.swift in Sources */ = {isa = PBXBuildFile; fileRef = 1453D0B0244491DC00340789 /* IO.swift */; };
		1453D0B5244498EC00340789 /* SetupSwifty.swift in Sources */ = {isa = PBXBuildFile; fileRef = 1453D0B4244498EC00340789 /* SetupSwifty.swift */; };
		1453D0B92444A53200340789 /* IOSpy.swift in Sources */ = {isa = PBXBuildFile; fileRef = 1453D0B82444A53200340789 /* IOSpy.swift */; };
		1453D0BB2444A53A00340789 /* ResolverSpy.swift in Sources */ = {isa = PBXBuildFile; fileRef = 1453D0BA2444A53900340789 /* ResolverSpy.swift */; };
		1453D0BD2444A6CF00340789 /* MockGenerator.swift in Sources */ = {isa = PBXBuildFile; fileRef = 1453D0BC2444A6CF00340789 /* MockGenerator.swift */; };
		1453D0BF2444A78500340789 /* Error.swift in Sources */ = {isa = PBXBuildFile; fileRef = 1453D0BE2444A78500340789 /* Error.swift */; };
		147437B61F79746A00241B8A /* TestProject in Copy Test Project */ = {isa = PBXBuildFile; fileRef = 147437B51F79746000241B8A /* TestProject */; };
		14812327243B8554001CA005 /* PositionParser.swift in Sources */ = {isa = PBXBuildFile; fileRef = 14812326243B8554001CA005 /* PositionParser.swift */; };
		14887ABC20FB859B00D50A73 /* MockGenerator.framework in Embed Frameworks */ = {isa = PBXBuildFile; fileRef = 14276C611F4F312E00EA7753 /* MockGenerator.framework */; settings = {ATTRIBUTES = (CodeSignOnCopy, RemoveHeadersOnCopy, ); }; };
		148D5E08242E801000ED04DC /* TestHelper.framework in Frameworks */ = {isa = PBXBuildFile; fileRef = 149A5AEB242BCCD4003DDAE2 /* TestHelper.framework */; };
		148D5E0A242E801100ED04DC /* SwiftyPluginTest.framework in Frameworks */ = {isa = PBXBuildFile; fileRef = 148D5E09242E801100ED04DC /* SwiftyPluginTest.framework */; };
		148D5E0B242E899100ED04DC /* TestHelper.framework in CopyFiles */ = {isa = PBXBuildFile; fileRef = 149A5AEB242BCCD4003DDAE2 /* TestHelper.framework */; settings = {ATTRIBUTES = (CodeSignOnCopy, RemoveHeadersOnCopy, ); }; };
		148D5E0C242E899700ED04DC /* SwiftyPluginTest.framework in CopyFiles */ = {isa = PBXBuildFile; fileRef = 148D5E09242E801100ED04DC /* SwiftyPluginTest.framework */; settings = {ATTRIBUTES = (CodeSignOnCopy, RemoveHeadersOnCopy, ); }; };
		148D5E0E242F700100ED04DC /* SwiftToolkit.framework in Embed Frameworks */ = {isa = PBXBuildFile; fileRef = 149A5AEF242BD37D003DDAE2 /* SwiftToolkit.framework */; settings = {ATTRIBUTES = (CodeSignOnCopy, RemoveHeadersOnCopy, ); }; };
		1497FE77215D0B5C00CD670B /* XcodeAccess.swift in Sources */ = {isa = PBXBuildFile; fileRef = 1497FE76215D0B5C00CD670B /* XcodeAccess.swift */; };
		149A5AF0242BD37D003DDAE2 /* SwiftToolkit.framework in Frameworks */ = {isa = PBXBuildFile; fileRef = 149A5AEF242BD37D003DDAE2 /* SwiftToolkit.framework */; };
		149A5AF1242BD3A2003DDAE2 /* SwiftToolkit.framework in CopyFiles */ = {isa = PBXBuildFile; fileRef = 149A5AEF242BD37D003DDAE2 /* SwiftToolkit.framework */; settings = {ATTRIBUTES = (CodeSignOnCopy, RemoveHeadersOnCopy, ); }; };
		149A5AF5242C36B8003DDAE2 /* SetupTests.swift in Sources */ = {isa = PBXBuildFile; fileRef = 149A5AF4242C36B8003DDAE2 /* SetupTests.swift */; };
		149CF7B3217B115B005892B4 /* partial.mustache in Resources */ = {isa = PBXBuildFile; fileRef = 149CF792217B115A005892B4 /* partial.mustache */; };
		149CF7B5217B1301005892B4 /* PartialSpyCommand.swift in Sources */ = {isa = PBXBuildFile; fileRef = 149CF7B4217B1301005892B4 /* PartialSpyCommand.swift */; };
		149DEC711F651B0C007DF43E /* MockGenerator.framework in CopyFiles */ = {isa = PBXBuildFile; fileRef = 14276C611F4F312E00EA7753 /* MockGenerator.framework */; settings = {ATTRIBUTES = (CodeSignOnCopy, RemoveHeadersOnCopy, ); }; };
		14B4BC2C208B0A130052A085 /* XcodeProjectPathFinderTests.swift in Sources */ = {isa = PBXBuildFile; fileRef = 35CDFB741733D825DD2B6508 /* XcodeProjectPathFinderTests.swift */; };
		14B4BC2D208B0A160052A085 /* PreferencesTests.swift in Sources */ = {isa = PBXBuildFile; fileRef = 35CDF7966B174AC850706CB1 /* PreferencesTests.swift */; };
		14B4BC2E208B0A620052A085 /* ProjectFinder.swift in Sources */ = {isa = PBXBuildFile; fileRef = 35CDF9A2068DF1CD95B50147 /* ProjectFinder.swift */; };
		14B4BC2F208B0A970052A085 /* ProjectFinderTests.swift in Sources */ = {isa = PBXBuildFile; fileRef = 35CDF1BC33337C41B5594674 /* ProjectFinderTests.swift */; };
		14BEF51D242FBFB800E39F4D /* BaseCommand.swift in Sources */ = {isa = PBXBuildFile; fileRef = 14CA2D721F40009000900937 /* BaseCommand.swift */; };
		14BEF51E242FBFB800E39F4D /* BookmarkedURL.swift in Sources */ = {isa = PBXBuildFile; fileRef = 14BEF4FD242FB46000E39F4D /* BookmarkedURL.swift */; };
		14BEF51F242FBFB800E39F4D /* TextBufferImpl.swift in Sources */ = {isa = PBXBuildFile; fileRef = 14BF416F242CB75A00036B25 /* TextBufferImpl.swift */; };
		14BEF520242FBFB800E39F4D /* XcodeKit+Transformers.swift in Sources */ = {isa = PBXBuildFile; fileRef = 14F866EB20D90BC500E79758 /* XcodeKit+Transformers.swift */; };
		14BEF521242FBFEC00E39F4D /* ProjectFinder.swift in Sources */ = {isa = PBXBuildFile; fileRef = 35CDF9A2068DF1CD95B50147 /* ProjectFinder.swift */; };
		14BEF522242FBFF600E39F4D /* Preferences.swift in Sources */ = {isa = PBXBuildFile; fileRef = 14CA2DAB1F41349500900937 /* Preferences.swift */; };
		14BEF523242FBFFD00E39F4D /* XcodeProjectPathFinder.swift in Sources */ = {isa = PBXBuildFile; fileRef = 35CDF66A5D6E3857898A5E23 /* XcodeProjectPathFinder.swift */; };
		14CA2D571F40007000900937 /* AppDelegate.swift in Sources */ = {isa = PBXBuildFile; fileRef = 14CA2D561F40007000900937 /* AppDelegate.swift */; };
		14CA2D591F40007000900937 /* ViewController.swift in Sources */ = {isa = PBXBuildFile; fileRef = 14CA2D581F40007000900937 /* ViewController.swift */; };
		14CA2D5B1F40007000900937 /* Assets.xcassets in Resources */ = {isa = PBXBuildFile; fileRef = 14CA2D5A1F40007000900937 /* Assets.xcassets */; };
		14CA2D5E1F40007000900937 /* Main.storyboard in Resources */ = {isa = PBXBuildFile; fileRef = 14CA2D5C1F40007000900937 /* Main.storyboard */; };
		14CA2D6C1F40008F00900937 /* Cocoa.framework in Frameworks */ = {isa = PBXBuildFile; fileRef = 14CA2D6B1F40008F00900937 /* Cocoa.framework */; };
		14CA2D771F40009000900937 /* Mock Generator.appex in Embed App Extensions */ = {isa = PBXBuildFile; fileRef = 14CA2D691F40008F00900937 /* Mock Generator.appex */; settings = {ATTRIBUTES = (RemoveHeadersOnCopy, ); }; };
		14CA2DAC1F41349500900937 /* Preferences.swift in Sources */ = {isa = PBXBuildFile; fileRef = 14CA2DAB1F41349500900937 /* Preferences.swift */; };
		14E132281F58E6D300D75943 /* MemberTransformingVisitor.swift in Sources */ = {isa = PBXBuildFile; fileRef = 35CDFDB834B634E694CF658C /* MemberTransformingVisitor.swift */; };
		14E9A2F9216EEABC00A677FA /* XcodeAccessImpl.swift in Sources */ = {isa = PBXBuildFile; fileRef = 14E9A2F8216EEABC00A677FA /* XcodeAccessImpl.swift */; };
		14E9A31B216EEB6000A677FA /* XcodeAccessView.swift in Sources */ = {isa = PBXBuildFile; fileRef = 14E9A31A216EEB6000A677FA /* XcodeAccessView.swift */; };
		14E9A31D216EEBF100A677FA /* XcodeAccessViewTests.swift in Sources */ = {isa = PBXBuildFile; fileRef = 14E9A31C216EEBF100A677FA /* XcodeAccessViewTests.swift */; };
		14F866F120D90C5600E79758 /* SourceEditorExtension.swift in Sources */ = {isa = PBXBuildFile; fileRef = 14CA2D701F40009000900937 /* SourceEditorExtension.swift */; };
		35CDF049C3AFB0095D61A0F0 /* stub.mustache in Resources */ = {isa = PBXBuildFile; fileRef = 35CDF512D0EA7664390189DC /* stub.mustache */; };
		35CDF1D4B3EE5C1ED545361F /* MustacheView.swift in Sources */ = {isa = PBXBuildFile; fileRef = 35CDF33B8A857EED9FEB1F7A /* MustacheView.swift */; };
		35CDF3051C92D783E99E519D /* SourceFileFinder.swift in Sources */ = {isa = PBXBuildFile; fileRef = 35CDF4695C73C787CC3952DB /* SourceFileFinder.swift */; };
		35CDF3FCD960FF97E00313B9 /* DummyCommand.swift in Sources */ = {isa = PBXBuildFile; fileRef = 35CDF2B6AA231A57A21D6EE3 /* DummyCommand.swift */; };
		35CDF466D42585C5E3ADB6F7 /* TypeResolverVisitorTests.swift in Sources */ = {isa = PBXBuildFile; fileRef = 35CDF1DB9536BCC5DE765E71 /* TypeResolverVisitorTests.swift */; };
		35CDF5290125B0A815D7A6A4 /* VariableTypeResolver.swift in Sources */ = {isa = PBXBuildFile; fileRef = 35CDFFDC332CE5615DA47863 /* VariableTypeResolver.swift */; };
		35CDF670951C86B8934F8D27 /* XcodeProjectPathFinder.swift in Sources */ = {isa = PBXBuildFile; fileRef = 35CDF66A5D6E3857898A5E23 /* XcodeProjectPathFinder.swift */; };
		35CDF6B3B8F080E7AE114743 /* TypeResolverVisitor.swift in Sources */ = {isa = PBXBuildFile; fileRef = 35CDFCB0E68CE74E1E1E031C /* TypeResolverVisitor.swift */; };
		35CDF73F6A5C30CCED194681 /* spy.mustache in Resources */ = {isa = PBXBuildFile; fileRef = 35CDFE70EECA508E4E1A6742 /* spy.mustache */; };
		35CDF75348948FB1299E08E1 /* dummy.mustache in Resources */ = {isa = PBXBuildFile; fileRef = 35CDF2EF71ED0A21E89CBC94 /* dummy.mustache */; };
		35CDF80097FBC72B6A2550A5 /* StubCommand.swift in Sources */ = {isa = PBXBuildFile; fileRef = 35CDFFDBE599C4E0238A240C /* StubCommand.swift */; };
		35CDF835689882E184836A14 /* TypeDeclarationTransformingVisitorTests.swift in Sources */ = {isa = PBXBuildFile; fileRef = 35CDF3F24BECA43B9E4A5014 /* TypeDeclarationTransformingVisitorTests.swift */; };
		35CDFAEF8D8C85FDC471B35A /* PreferencesView.swift in Sources */ = {isa = PBXBuildFile; fileRef = 35CDF201B90CE8E6BB86393A /* PreferencesView.swift */; };
		35CDFC1714DE626B1E71A7CC /* SpyCommand.swift in Sources */ = {isa = PBXBuildFile; fileRef = 35CDFE154C81653EC7127630 /* SpyCommand.swift */; };
		35CDFCCC54AA20F2E8E375D6 /* TypeDeclarationTransformingVisitor.swift in Sources */ = {isa = PBXBuildFile; fileRef = 35CDF6D840276DE36906BC4C /* TypeDeclarationTransformingVisitor.swift */; };
		35CDFD1935A027AD6624A741 /* VariableTypeResolverTests.swift in Sources */ = {isa = PBXBuildFile; fileRef = 35CDFFCFBA4A510F93250CFF /* VariableTypeResolverTests.swift */; };
		35CDFF1EBDCD49B97A999ABA /* ManualProjectPathView.swift in Sources */ = {isa = PBXBuildFile; fileRef = 35CDF41BB007A5C1F4180748 /* ManualProjectPathView.swift */; };
		BF14E748254C57D90010956B /* XcodeKit.framework in Frameworks */ = {isa = PBXBuildFile; fileRef = 14F866EF20D90C3A00E79758 /* XcodeKit.framework */; };
		BF14E749254C57D90010956B /* XcodeKit.framework in Embed Frameworks */ = {isa = PBXBuildFile; fileRef = 14F866EF20D90C3A00E79758 /* XcodeKit.framework */; settings = {ATTRIBUTES = (CodeSignOnCopy, RemoveHeadersOnCopy, ); }; };
/* End PBXBuildFile section */

/* Begin PBXContainerItemProxy section */
		14276C6B1F4F312E00EA7753 /* PBXContainerItemProxy */ = {
			isa = PBXContainerItemProxy;
			containerPortal = 14CA2D4B1F40007000900937 /* Project object */;
			proxyType = 1;
			remoteGlobalIDString = 14276C601F4F312E00EA7753;
			remoteInfo = MockGenerator;
		};
		14276C8F1F4F37D500EA7753 /* PBXContainerItemProxy */ = {
			isa = PBXContainerItemProxy;
			containerPortal = 14CA2D4B1F40007000900937 /* Project object */;
			proxyType = 1;
			remoteGlobalIDString = 14276C601F4F312E00EA7753;
			remoteInfo = MockGenerator;
		};
		142B022D2170998A005DE573 /* PBXContainerItemProxy */ = {
			isa = PBXContainerItemProxy;
			containerPortal = 14CA2D4B1F40007000900937 /* Project object */;
			proxyType = 1;
			remoteGlobalIDString = 142B02192170942A005DE573;
			remoteInfo = Frameworks;
		};
		142B023B21709C06005DE573 /* PBXContainerItemProxy */ = {
			isa = PBXContainerItemProxy;
			containerPortal = 14CA2D4B1F40007000900937 /* Project object */;
			proxyType = 1;
			remoteGlobalIDString = 142B02192170942A005DE573;
			remoteInfo = Frameworks;
		};
		1453D0A624425C9F00340789 /* PBXContainerItemProxy */ = {
			isa = PBXContainerItemProxy;
			containerPortal = 14CA2D4B1F40007000900937 /* Project object */;
			proxyType = 1;
			remoteGlobalIDString = 1453D09C24425C5900340789;
			remoteInfo = genmock;
		};
		1453D0A924425F9700340789 /* PBXContainerItemProxy */ = {
			isa = PBXContainerItemProxy;
			containerPortal = 14CA2D4B1F40007000900937 /* Project object */;
			proxyType = 1;
			remoteGlobalIDString = 142B02192170942A005DE573;
			remoteInfo = Frameworks;
		};
		1468BD9F243ABF1C00B81C11 /* PBXContainerItemProxy */ = {
			isa = PBXContainerItemProxy;
			containerPortal = 14CA2D4B1F40007000900937 /* Project object */;
			proxyType = 1;
			remoteGlobalIDString = 14276C601F4F312E00EA7753;
			remoteInfo = MockGenerator;
		};
		14872E801F59DBC50017AF3F /* PBXContainerItemProxy */ = {
			isa = PBXContainerItemProxy;
			containerPortal = 14CA2D4B1F40007000900937 /* Project object */;
			proxyType = 1;
			remoteGlobalIDString = 14CA2D521F40007000900937;
			remoteInfo = MockGeneratorApp;
		};
		14CA2D751F40009000900937 /* PBXContainerItemProxy */ = {
			isa = PBXContainerItemProxy;
			containerPortal = 14CA2D4B1F40007000900937 /* Project object */;
			proxyType = 1;
			remoteGlobalIDString = 14CA2D681F40008F00900937;
			remoteInfo = XcodePlugin;
		};
/* End PBXContainerItemProxy section */

/* Begin PBXCopyFilesBuildPhase section */
		1410E0951F4F75DB0075503B /* CopyFiles */ = {
			isa = PBXCopyFilesBuildPhase;
			buildActionMask = 2147483647;
			dstPath = "";
			dstSubfolderSpec = 10;
			files = (
			);
			runOnlyForDeploymentPostprocessing = 0;
		};
		1410E0991F4F75FB0075503B /* CopyFiles */ = {
			isa = PBXCopyFilesBuildPhase;
			buildActionMask = 2147483647;
			dstPath = "";
			dstSubfolderSpec = 10;
			files = (
				148D5E0C242E899700ED04DC /* SwiftyPluginTest.framework in CopyFiles */,
				148D5E0B242E899100ED04DC /* TestHelper.framework in CopyFiles */,
				149A5AF1242BD3A2003DDAE2 /* SwiftToolkit.framework in CopyFiles */,
				149DEC711F651B0C007DF43E /* MockGenerator.framework in CopyFiles */,
			);
			runOnlyForDeploymentPostprocessing = 0;
		};
		1453D09B24425C5900340789 /* CopyFiles */ = {
			isa = PBXCopyFilesBuildPhase;
			buildActionMask = 2147483647;
			dstPath = /usr/share/man/man1/;
			dstSubfolderSpec = 0;
			files = (
			);
			runOnlyForDeploymentPostprocessing = 1;
		};
		1453D0A424425C6700340789 /* Copy executable */ = {
			isa = PBXCopyFilesBuildPhase;
			buildActionMask = 2147483647;
			dstPath = "";
			dstSubfolderSpec = 6;
			files = (
				1453D0A524425C9400340789 /* genmock in Copy executable */,
			);
			name = "Copy executable";
			runOnlyForDeploymentPostprocessing = 0;
		};
		147437681F79737600241B8A /* Copy Test Project */ = {
			isa = PBXCopyFilesBuildPhase;
			buildActionMask = 2147483647;
			dstPath = "";
			dstSubfolderSpec = 7;
			files = (
				147437B61F79746A00241B8A /* TestProject in Copy Test Project */,
			);
			name = "Copy Test Project";
			runOnlyForDeploymentPostprocessing = 0;
		};
		14887ABB20FB858000D50A73 /* Embed Frameworks */ = {
			isa = PBXCopyFilesBuildPhase;
			buildActionMask = 2147483647;
			dstPath = "";
			dstSubfolderSpec = 10;
			files = (
				148D5E0E242F700100ED04DC /* SwiftToolkit.framework in Embed Frameworks */,
				142B023021709A97005DE573 /* UseCases.framework in Embed Frameworks */,
				14887ABC20FB859B00D50A73 /* MockGenerator.framework in Embed Frameworks */,
			);
			name = "Embed Frameworks";
			runOnlyForDeploymentPostprocessing = 0;
		};
		14CA2D7B1F40009000900937 /* Embed App Extensions */ = {
			isa = PBXCopyFilesBuildPhase;
			buildActionMask = 2147483647;
			dstPath = "";
			dstSubfolderSpec = 13;
			files = (
				14CA2D771F40009000900937 /* Mock Generator.appex in Embed App Extensions */,
			);
			name = "Embed App Extensions";
			runOnlyForDeploymentPostprocessing = 0;
		};
		BF14E74A254C57D90010956B /* Embed Frameworks */ = {
			isa = PBXCopyFilesBuildPhase;
			buildActionMask = 2147483647;
			dstPath = "";
			dstSubfolderSpec = 10;
			files = (
				BF14E749254C57D90010956B /* XcodeKit.framework in Embed Frameworks */,
			);
			name = "Embed Frameworks";
			runOnlyForDeploymentPostprocessing = 0;
		};
/* End PBXCopyFilesBuildPhase section */

/* Begin PBXFileReference section */
		141BECDB243B8AEB00AE0E2B /* Formatter.swift */ = {isa = PBXFileReference; lastKnownFileType = sourcecode.swift; path = Formatter.swift; sourceTree = "<group>"; };
		14276C611F4F312E00EA7753 /* MockGenerator.framework */ = {isa = PBXFileReference; explicitFileType = wrapper.framework; includeInIndex = 0; path = MockGenerator.framework; sourceTree = BUILT_PRODUCTS_DIR; };
		14276C641F4F312E00EA7753 /* Info.plist */ = {isa = PBXFileReference; lastKnownFileType = text.plist.xml; path = Info.plist; sourceTree = "<group>"; };
		14276C691F4F312E00EA7753 /* MockGeneratorTests.xctest */ = {isa = PBXFileReference; explicitFileType = wrapper.cfbundle; includeInIndex = 0; path = MockGeneratorTests.xctest; sourceTree = BUILT_PRODUCTS_DIR; };
		14276C6E1F4F312E00EA7753 /* InsertMockCommandTests.swift */ = {isa = PBXFileReference; lastKnownFileType = sourcecode.swift; path = InsertMockCommandTests.swift; sourceTree = "<group>"; };
		14276C701F4F312E00EA7753 /* Info.plist */ = {isa = PBXFileReference; lastKnownFileType = text.plist.xml; path = Info.plist; sourceTree = "<group>"; };
		14276C781F4F314600EA7753 /* InsertMockCommand.swift */ = {isa = PBXFileReference; fileEncoding = 4; lastKnownFileType = sourcecode.swift; path = InsertMockCommand.swift; sourceTree = "<group>"; };
		142B022F21709A85005DE573 /* UseCases.framework */ = {isa = PBXFileReference; lastKnownFileType = wrapper.framework; path = UseCases.framework; sourceTree = BUILT_PRODUCTS_DIR; };
		142B023921709BC5005DE573 /* libGRMustache7-MacOS.a */ = {isa = PBXFileReference; lastKnownFileType = archive.ar; path = "libGRMustache7-MacOS.a"; sourceTree = BUILT_PRODUCTS_DIR; };
		144EF1A02444CEB400C8EE9A /* NSView+Bookmarks.swift */ = {isa = PBXFileReference; lastKnownFileType = sourcecode.swift; path = "NSView+Bookmarks.swift"; sourceTree = "<group>"; };
		145290E91F981ED600947144 /* VersionView.swift */ = {isa = PBXFileReference; lastKnownFileType = sourcecode.swift; path = VersionView.swift; sourceTree = "<group>"; };
		1453D09D24425C5900340789 /* genmock */ = {isa = PBXFileReference; explicitFileType = "compiled.mach-o.executable"; includeInIndex = 0; path = genmock; sourceTree = BUILT_PRODUCTS_DIR; };
		1453D09F24425C5900340789 /* main.swift */ = {isa = PBXFileReference; lastKnownFileType = sourcecode.swift; path = main.swift; sourceTree = "<group>"; };
		1453D0A824425D0800340789 /* genmock.entitlements */ = {isa = PBXFileReference; lastKnownFileType = text.plist.entitlements; path = genmock.entitlements; sourceTree = "<group>"; };
		1453D0AC2444894000340789 /* GenerateMockCommand.swift */ = {isa = PBXFileReference; lastKnownFileType = sourcecode.swift; path = GenerateMockCommand.swift; sourceTree = "<group>"; };
		1453D0AE2444911600340789 /* GenerateMockCommandTests.swift */ = {isa = PBXFileReference; lastKnownFileType = sourcecode.swift; path = GenerateMockCommandTests.swift; sourceTree = "<group>"; };
		1453D0B0244491DC00340789 /* IO.swift */ = {isa = PBXFileReference; lastKnownFileType = sourcecode.swift; path = IO.swift; sourceTree = "<group>"; };
		1453D0B4244498EC00340789 /* SetupSwifty.swift */ = {isa = PBXFileReference; lastKnownFileType = sourcecode.swift; path = SetupSwifty.swift; sourceTree = "<group>"; };
		1453D0B82444A53200340789 /* IOSpy.swift */ = {isa = PBXFileReference; fileEncoding = 4; lastKnownFileType = sourcecode.swift; path = IOSpy.swift; sourceTree = "<group>"; };
		1453D0BA2444A53900340789 /* ResolverSpy.swift */ = {isa = PBXFileReference; fileEncoding = 4; lastKnownFileType = sourcecode.swift; path = ResolverSpy.swift; sourceTree = "<group>"; };
		1453D0BC2444A6CF00340789 /* MockGenerator.swift */ = {isa = PBXFileReference; lastKnownFileType = sourcecode.swift; path = MockGenerator.swift; sourceTree = "<group>"; };
		1453D0BE2444A78500340789 /* Error.swift */ = {isa = PBXFileReference; lastKnownFileType = sourcecode.swift; path = Error.swift; sourceTree = "<group>"; };
		147437B51F79746000241B8A /* TestProject */ = {isa = PBXFileReference; lastKnownFileType = folder; path = TestProject; sourceTree = SOURCE_ROOT; };
		14812326243B8554001CA005 /* PositionParser.swift */ = {isa = PBXFileReference; lastKnownFileType = sourcecode.swift; path = PositionParser.swift; sourceTree = "<group>"; };
		14872E7B1F59DBC50017AF3F /* MockGeneratorAppTests.xctest */ = {isa = PBXFileReference; explicitFileType = wrapper.cfbundle; includeInIndex = 0; path = MockGeneratorAppTests.xctest; sourceTree = BUILT_PRODUCTS_DIR; };
		14872E7F1F59DBC50017AF3F /* Info.plist */ = {isa = PBXFileReference; lastKnownFileType = text.plist.xml; path = Info.plist; sourceTree = "<group>"; };
		148D5E09242E801100ED04DC /* SwiftyPluginTest.framework */ = {isa = PBXFileReference; lastKnownFileType = wrapper.framework; name = SwiftyPluginTest.framework; path = lib/Debug/SwiftyPluginTest.framework; sourceTree = "<group>"; };
		1497FE76215D0B5C00CD670B /* XcodeAccess.swift */ = {isa = PBXFileReference; lastKnownFileType = sourcecode.swift; path = XcodeAccess.swift; sourceTree = "<group>"; };
		149A5AEB242BCCD4003DDAE2 /* TestHelper.framework */ = {isa = PBXFileReference; lastKnownFileType = wrapper.framework; name = TestHelper.framework; path = lib/Debug/TestHelper.framework; sourceTree = "<group>"; };
		149A5AEF242BD37D003DDAE2 /* SwiftToolkit.framework */ = {isa = PBXFileReference; lastKnownFileType = wrapper.framework; path = SwiftToolkit.framework; sourceTree = BUILT_PRODUCTS_DIR; };
		149A5AF4242C36B8003DDAE2 /* SetupTests.swift */ = {isa = PBXFileReference; lastKnownFileType = sourcecode.swift; path = SetupTests.swift; sourceTree = "<group>"; };
		149CF792217B115A005892B4 /* partial.mustache */ = {isa = PBXFileReference; fileEncoding = 4; lastKnownFileType = text; path = partial.mustache; sourceTree = "<group>"; };
		149CF7B4217B1301005892B4 /* PartialSpyCommand.swift */ = {isa = PBXFileReference; fileEncoding = 4; lastKnownFileType = sourcecode.swift; path = PartialSpyCommand.swift; sourceTree = "<group>"; };
		14BEF4FD242FB46000E39F4D /* BookmarkedURL.swift */ = {isa = PBXFileReference; lastKnownFileType = sourcecode.swift; path = BookmarkedURL.swift; sourceTree = "<group>"; };
		14BF416F242CB75A00036B25 /* TextBufferImpl.swift */ = {isa = PBXFileReference; lastKnownFileType = sourcecode.swift; path = TextBufferImpl.swift; sourceTree = "<group>"; };
		14CA2D531F40007000900937 /* Swift Mock Generator for Xcode.app */ = {isa = PBXFileReference; explicitFileType = wrapper.application; includeInIndex = 0; path = "Swift Mock Generator for Xcode.app"; sourceTree = BUILT_PRODUCTS_DIR; };
		14CA2D561F40007000900937 /* AppDelegate.swift */ = {isa = PBXFileReference; lastKnownFileType = sourcecode.swift; path = AppDelegate.swift; sourceTree = "<group>"; };
		14CA2D581F40007000900937 /* ViewController.swift */ = {isa = PBXFileReference; lastKnownFileType = sourcecode.swift; path = ViewController.swift; sourceTree = "<group>"; };
		14CA2D5A1F40007000900937 /* Assets.xcassets */ = {isa = PBXFileReference; lastKnownFileType = folder.assetcatalog; path = Assets.xcassets; sourceTree = "<group>"; };
		14CA2D5D1F40007000900937 /* Base */ = {isa = PBXFileReference; lastKnownFileType = file.storyboard; name = Base; path = Base.lproj/Main.storyboard; sourceTree = "<group>"; };
		14CA2D5F1F40007000900937 /* Info.plist */ = {isa = PBXFileReference; lastKnownFileType = text.plist.xml; path = Info.plist; sourceTree = "<group>"; };
		14CA2D691F40008F00900937 /* Mock Generator.appex */ = {isa = PBXFileReference; explicitFileType = "wrapper.app-extension"; includeInIndex = 0; path = "Mock Generator.appex"; sourceTree = BUILT_PRODUCTS_DIR; };
		14CA2D6B1F40008F00900937 /* Cocoa.framework */ = {isa = PBXFileReference; lastKnownFileType = wrapper.framework; name = Cocoa.framework; path = System/Library/Frameworks/Cocoa.framework; sourceTree = SDKROOT; };
		14CA2D6F1F40009000900937 /* XcodePlugin.entitlements */ = {isa = PBXFileReference; lastKnownFileType = text.plist.entitlements; path = XcodePlugin.entitlements; sourceTree = "<group>"; };
		14CA2D701F40009000900937 /* SourceEditorExtension.swift */ = {isa = PBXFileReference; lastKnownFileType = sourcecode.swift; path = SourceEditorExtension.swift; sourceTree = "<group>"; };
		14CA2D721F40009000900937 /* BaseCommand.swift */ = {isa = PBXFileReference; lastKnownFileType = sourcecode.swift; path = BaseCommand.swift; sourceTree = "<group>"; };
		14CA2D741F40009000900937 /* Info.plist */ = {isa = PBXFileReference; lastKnownFileType = text.plist.xml; path = Info.plist; sourceTree = "<group>"; };
		14CA2D941F4000D000900937 /* MockGeneratorApp.entitlements */ = {isa = PBXFileReference; lastKnownFileType = text.plist.entitlements; path = MockGeneratorApp.entitlements; sourceTree = "<group>"; };
		14CA2DAB1F41349500900937 /* Preferences.swift */ = {isa = PBXFileReference; fileEncoding = 4; lastKnownFileType = sourcecode.swift; path = Preferences.swift; sourceTree = "<group>"; };
		14E9A2F8216EEABC00A677FA /* XcodeAccessImpl.swift */ = {isa = PBXFileReference; lastKnownFileType = sourcecode.swift; path = XcodeAccessImpl.swift; sourceTree = "<group>"; };
		14E9A31A216EEB6000A677FA /* XcodeAccessView.swift */ = {isa = PBXFileReference; lastKnownFileType = sourcecode.swift; path = XcodeAccessView.swift; sourceTree = "<group>"; };
		14E9A31C216EEBF100A677FA /* XcodeAccessViewTests.swift */ = {isa = PBXFileReference; lastKnownFileType = sourcecode.swift; path = XcodeAccessViewTests.swift; sourceTree = "<group>"; };
		14F866EB20D90BC500E79758 /* XcodeKit+Transformers.swift */ = {isa = PBXFileReference; fileEncoding = 4; lastKnownFileType = sourcecode.swift; path = "XcodeKit+Transformers.swift"; sourceTree = "<group>"; };
		14F866EF20D90C3A00E79758 /* XcodeKit.framework */ = {isa = PBXFileReference; lastKnownFileType = wrapper.framework; name = XcodeKit.framework; path = Library/Frameworks/XcodeKit.framework; sourceTree = DEVELOPER_DIR; };
		191EF6A220F451A000118C74 /* Shared.xcconfig */ = {isa = PBXFileReference; lastKnownFileType = text.xcconfig; path = Shared.xcconfig; sourceTree = "<group>"; };
		191EF6A320F451D000118C74 /* Debug.xcconfig */ = {isa = PBXFileReference; lastKnownFileType = text.xcconfig; path = Debug.xcconfig; sourceTree = "<group>"; };
		191EF6A520F451D100118C74 /* Release.xcconfig */ = {isa = PBXFileReference; lastKnownFileType = text.xcconfig; path = Release.xcconfig; sourceTree = "<group>"; };
		191EF6B220F45D7000118C74 /* MockGenerator-Release.xcconfig */ = {isa = PBXFileReference; lastKnownFileType = text.xcconfig; path = "MockGenerator-Release.xcconfig"; sourceTree = "<group>"; };
		191EF6B320F45D7000118C74 /* MockGenerator-Debug.xcconfig */ = {isa = PBXFileReference; lastKnownFileType = text.xcconfig; path = "MockGenerator-Debug.xcconfig"; sourceTree = "<group>"; };
		35CDF087FFEDD3FD8F68133F /* readlog */ = {isa = PBXFileReference; fileEncoding = 1; lastKnownFileType = text; path = readlog; sourceTree = "<group>"; };
		35CDF1979F49B7777F1BB71E /* swifttostring */ = {isa = PBXFileReference; fileEncoding = 1; lastKnownFileType = text; path = swifttostring; sourceTree = "<group>"; };
		35CDF1BC33337C41B5594674 /* ProjectFinderTests.swift */ = {isa = PBXFileReference; fileEncoding = 4; lastKnownFileType = sourcecode.swift; path = ProjectFinderTests.swift; sourceTree = "<group>"; };
		35CDF1DB9536BCC5DE765E71 /* TypeResolverVisitorTests.swift */ = {isa = PBXFileReference; fileEncoding = 4; lastKnownFileType = sourcecode.swift; path = TypeResolverVisitorTests.swift; sourceTree = "<group>"; };
		35CDF201B90CE8E6BB86393A /* PreferencesView.swift */ = {isa = PBXFileReference; fileEncoding = 4; lastKnownFileType = sourcecode.swift; path = PreferencesView.swift; sourceTree = "<group>"; };
		35CDF2B6AA231A57A21D6EE3 /* DummyCommand.swift */ = {isa = PBXFileReference; fileEncoding = 4; lastKnownFileType = sourcecode.swift; path = DummyCommand.swift; sourceTree = "<group>"; };
		35CDF2EF71ED0A21E89CBC94 /* dummy.mustache */ = {isa = PBXFileReference; lastKnownFileType = file.mustache; path = dummy.mustache; sourceTree = "<group>"; };
		35CDF32023D75565E3CBD23A /* XcodeMockGenerator.gif */ = {isa = PBXFileReference; lastKnownFileType = image.gif; path = XcodeMockGenerator.gif; sourceTree = "<group>"; };
		35CDF33B8A857EED9FEB1F7A /* MustacheView.swift */ = {isa = PBXFileReference; fileEncoding = 4; lastKnownFileType = sourcecode.swift; path = MustacheView.swift; sourceTree = "<group>"; };
		35CDF39862855A1F95E0298E /* AppIcon_256.png */ = {isa = PBXFileReference; lastKnownFileType = image.png; path = AppIcon_256.png; sourceTree = "<group>"; };
		35CDF3F24BECA43B9E4A5014 /* TypeDeclarationTransformingVisitorTests.swift */ = {isa = PBXFileReference; fileEncoding = 4; lastKnownFileType = sourcecode.swift; path = TypeDeclarationTransformingVisitorTests.swift; sourceTree = "<group>"; };
		35CDF41BB007A5C1F4180748 /* ManualProjectPathView.swift */ = {isa = PBXFileReference; fileEncoding = 4; lastKnownFileType = sourcecode.swift; path = ManualProjectPathView.swift; sourceTree = "<group>"; };
		35CDF4695C73C787CC3952DB /* SourceFileFinder.swift */ = {isa = PBXFileReference; fileEncoding = 4; lastKnownFileType = sourcecode.swift; path = SourceFileFinder.swift; sourceTree = "<group>"; };
		35CDF512D0EA7664390189DC /* stub.mustache */ = {isa = PBXFileReference; lastKnownFileType = file.mustache; path = stub.mustache; sourceTree = "<group>"; };
		35CDF5690154C9A374C4AF51 /* runxcode */ = {isa = PBXFileReference; fileEncoding = 1; lastKnownFileType = text; path = runxcode; sourceTree = "<group>"; };
		35CDF66A5D6E3857898A5E23 /* XcodeProjectPathFinder.swift */ = {isa = PBXFileReference; fileEncoding = 4; lastKnownFileType = sourcecode.swift; path = XcodeProjectPathFinder.swift; sourceTree = "<group>"; };
		35CDF6D840276DE36906BC4C /* TypeDeclarationTransformingVisitor.swift */ = {isa = PBXFileReference; fileEncoding = 4; lastKnownFileType = sourcecode.swift; path = TypeDeclarationTransformingVisitor.swift; sourceTree = "<group>"; };
		35CDF7966B174AC850706CB1 /* PreferencesTests.swift */ = {isa = PBXFileReference; fileEncoding = 4; lastKnownFileType = sourcecode.swift; path = PreferencesTests.swift; sourceTree = "<group>"; };
		35CDF7A9B1705ADFFC0CB415 /* MemberTransformingVisitorTests.swift */ = {isa = PBXFileReference; fileEncoding = 4; lastKnownFileType = sourcecode.swift; path = MemberTransformingVisitorTests.swift; sourceTree = "<group>"; };
		35CDF80E1E54FE98ADD6EC43 /* test */ = {isa = PBXFileReference; fileEncoding = 1; lastKnownFileType = text; path = test; sourceTree = "<group>"; };
		35CDF9A2068DF1CD95B50147 /* ProjectFinder.swift */ = {isa = PBXFileReference; fileEncoding = 4; lastKnownFileType = sourcecode.swift; path = ProjectFinder.swift; sourceTree = "<group>"; };
		35CDFB741733D825DD2B6508 /* XcodeProjectPathFinderTests.swift */ = {isa = PBXFileReference; fileEncoding = 4; lastKnownFileType = sourcecode.swift; path = XcodeProjectPathFinderTests.swift; sourceTree = "<group>"; };
		35CDFCB0E68CE74E1E1E031C /* TypeResolverVisitor.swift */ = {isa = PBXFileReference; fileEncoding = 4; lastKnownFileType = sourcecode.swift; path = TypeResolverVisitor.swift; sourceTree = "<group>"; };
		35CDFDB834B634E694CF658C /* MemberTransformingVisitor.swift */ = {isa = PBXFileReference; fileEncoding = 4; lastKnownFileType = sourcecode.swift; path = MemberTransformingVisitor.swift; sourceTree = "<group>"; };
		35CDFE154C81653EC7127630 /* SpyCommand.swift */ = {isa = PBXFileReference; fileEncoding = 4; lastKnownFileType = sourcecode.swift; path = SpyCommand.swift; sourceTree = "<group>"; };
		35CDFE70EECA508E4E1A6742 /* spy.mustache */ = {isa = PBXFileReference; lastKnownFileType = file.mustache; path = spy.mustache; sourceTree = "<group>"; };
		35CDFF76AF338D84655E5142 /* Makefile */ = {isa = PBXFileReference; fileEncoding = 4; lastKnownFileType = sourcecode.make; path = Makefile; sourceTree = "<group>"; };
		35CDFFCFBA4A510F93250CFF /* VariableTypeResolverTests.swift */ = {isa = PBXFileReference; fileEncoding = 4; lastKnownFileType = sourcecode.swift; path = VariableTypeResolverTests.swift; sourceTree = "<group>"; };
		35CDFFDBE599C4E0238A240C /* StubCommand.swift */ = {isa = PBXFileReference; fileEncoding = 4; lastKnownFileType = sourcecode.swift; path = StubCommand.swift; sourceTree = "<group>"; };
		35CDFFDC332CE5615DA47863 /* VariableTypeResolver.swift */ = {isa = PBXFileReference; fileEncoding = 4; lastKnownFileType = sourcecode.swift; path = VariableTypeResolver.swift; sourceTree = "<group>"; };
/* End PBXFileReference section */

/* Begin PBXFrameworksBuildPhase section */
		14276C5D1F4F312E00EA7753 /* Frameworks */ = {
			isa = PBXFrameworksBuildPhase;
			buildActionMask = 2147483647;
			files = (
			);
			runOnlyForDeploymentPostprocessing = 0;
		};
		14276C661F4F312E00EA7753 /* Frameworks */ = {
			isa = PBXFrameworksBuildPhase;
			buildActionMask = 2147483647;
			files = (
				148D5E0A242E801100ED04DC /* SwiftyPluginTest.framework in Frameworks */,
				148D5E08242E801000ED04DC /* TestHelper.framework in Frameworks */,
				149A5AF0242BD37D003DDAE2 /* SwiftToolkit.framework in Frameworks */,
				14276C6A1F4F312E00EA7753 /* MockGenerator.framework in Frameworks */,
			);
			runOnlyForDeploymentPostprocessing = 0;
		};
		1453D09A24425C5900340789 /* Frameworks */ = {
			isa = PBXFrameworksBuildPhase;
			buildActionMask = 2147483647;
			files = (
				1453D0AB24425FAC00340789 /* MockGenerator.framework in Frameworks */,
			);
			runOnlyForDeploymentPostprocessing = 0;
		};
		14872E781F59DBC50017AF3F /* Frameworks */ = {
			isa = PBXFrameworksBuildPhase;
			buildActionMask = 2147483647;
			files = (
			);
			runOnlyForDeploymentPostprocessing = 0;
		};
		14CA2D501F40007000900937 /* Frameworks */ = {
			isa = PBXFrameworksBuildPhase;
			buildActionMask = 2147483647;
			files = (
			);
			runOnlyForDeploymentPostprocessing = 0;
		};
		14CA2D661F40008F00900937 /* Frameworks */ = {
			isa = PBXFrameworksBuildPhase;
			buildActionMask = 2147483647;
			files = (
				14CA2D6C1F40008F00900937 /* Cocoa.framework in Frameworks */,
				BF14E748254C57D90010956B /* XcodeKit.framework in Frameworks */,
			);
			runOnlyForDeploymentPostprocessing = 0;
		};
/* End PBXFrameworksBuildPhase section */

/* Begin PBXGroup section */
		14276C621F4F312E00EA7753 /* MockGenerator */ = {
			isa = PBXGroup;
			children = (
				35CDF2EF71ED0A21E89CBC94 /* dummy.mustache */,
				149CF792217B115A005892B4 /* partial.mustache */,
				35CDFE70EECA508E4E1A6742 /* spy.mustache */,
				35CDF512D0EA7664390189DC /* stub.mustache */,
				14276C641F4F312E00EA7753 /* Info.plist */,
				1453D0BE2444A78500340789 /* Error.swift */,
				141BECDB243B8AEB00AE0E2B /* Formatter.swift */,
				1453D0AC2444894000340789 /* GenerateMockCommand.swift */,
				14276C781F4F314600EA7753 /* InsertMockCommand.swift */,
				1453D0B0244491DC00340789 /* IO.swift */,
				35CDFDB834B634E694CF658C /* MemberTransformingVisitor.swift */,
				1453D0BC2444A6CF00340789 /* MockGenerator.swift */,
				35CDF33B8A857EED9FEB1F7A /* MustacheView.swift */,
				14812326243B8554001CA005 /* PositionParser.swift */,
				1453D0B4244498EC00340789 /* SetupSwifty.swift */,
				35CDF4695C73C787CC3952DB /* SourceFileFinder.swift */,
				35CDF6D840276DE36906BC4C /* TypeDeclarationTransformingVisitor.swift */,
				35CDFCB0E68CE74E1E1E031C /* TypeResolverVisitor.swift */,
				35CDFFDC332CE5615DA47863 /* VariableTypeResolver.swift */,
			);
			path = MockGenerator;
			sourceTree = "<group>";
		};
		14276C6D1F4F312E00EA7753 /* MockGeneratorTests */ = {
			isa = PBXGroup;
			children = (
				147437B51F79746000241B8A /* TestProject */,
				14276C701F4F312E00EA7753 /* Info.plist */,
				1453D0AE2444911600340789 /* GenerateMockCommandTests.swift */,
				14276C6E1F4F312E00EA7753 /* InsertMockCommandTests.swift */,
				1453D0B82444A53200340789 /* IOSpy.swift */,
				35CDF7A9B1705ADFFC0CB415 /* MemberTransformingVisitorTests.swift */,
				35CDF1BC33337C41B5594674 /* ProjectFinderTests.swift */,
				1453D0BA2444A53900340789 /* ResolverSpy.swift */,
				149A5AF4242C36B8003DDAE2 /* SetupTests.swift */,
				35CDF3F24BECA43B9E4A5014 /* TypeDeclarationTransformingVisitorTests.swift */,
				35CDF1DB9536BCC5DE765E71 /* TypeResolverVisitorTests.swift */,
				35CDFFCFBA4A510F93250CFF /* VariableTypeResolverTests.swift */,
			);
			path = MockGeneratorTests;
			sourceTree = "<group>";
		};
		1453D09E24425C5900340789 /* genmock */ = {
			isa = PBXGroup;
			children = (
				1453D0A824425D0800340789 /* genmock.entitlements */,
				1453D09F24425C5900340789 /* main.swift */,
			);
			path = genmock;
			sourceTree = "<group>";
		};
		14872E7C1F59DBC50017AF3F /* MockGeneratorAppTests */ = {
			isa = PBXGroup;
			children = (
				14872E7F1F59DBC50017AF3F /* Info.plist */,
				35CDF7966B174AC850706CB1 /* PreferencesTests.swift */,
				14E9A31C216EEBF100A677FA /* XcodeAccessViewTests.swift */,
				35CDFB741733D825DD2B6508 /* XcodeProjectPathFinderTests.swift */,
			);
			path = MockGeneratorAppTests;
			sourceTree = "<group>";
		};
		14CA2D4A1F40007000900937 = {
			isa = PBXGroup;
			children = (
				191EF6A120F4518000118C74 /* config */,
				14CA2DAA1F41348100900937 /* Shared */,
				14CA2D551F40007000900937 /* MockGeneratorApp */,
				14872E7C1F59DBC50017AF3F /* MockGeneratorAppTests */,
				14CA2D6D1F40009000900937 /* XcodePlugin */,
				14276C621F4F312E00EA7753 /* MockGenerator */,
				14276C6D1F4F312E00EA7753 /* MockGeneratorTests */,
				1453D09E24425C5900340789 /* genmock */,
				14CA2D6A1F40008F00900937 /* Frameworks */,
				14CA2D541F40007000900937 /* Products */,
				142B023921709BC5005DE573 /* libGRMustache7-MacOS.a */,
				142B022F21709A85005DE573 /* UseCases.framework */,
				35CDFCBA18471CBB83E38C32 /* scripts */,
				35CDF720F8CE28402647AF36 /* readme */,
				35CDFF76AF338D84655E5142 /* Makefile */,
			);
			sourceTree = "<group>";
		};
		14CA2D541F40007000900937 /* Products */ = {
			isa = PBXGroup;
			children = (
				14CA2D531F40007000900937 /* Swift Mock Generator for Xcode.app */,
				14CA2D691F40008F00900937 /* Mock Generator.appex */,
				14276C611F4F312E00EA7753 /* MockGenerator.framework */,
				14276C691F4F312E00EA7753 /* MockGeneratorTests.xctest */,
				14872E7B1F59DBC50017AF3F /* MockGeneratorAppTests.xctest */,
				1453D09D24425C5900340789 /* genmock */,
			);
			name = Products;
			sourceTree = "<group>";
		};
		14CA2D551F40007000900937 /* MockGeneratorApp */ = {
			isa = PBXGroup;
			children = (
				14CA2D941F4000D000900937 /* MockGeneratorApp.entitlements */,
				14CA2D5F1F40007000900937 /* Info.plist */,
				14CA2D561F40007000900937 /* AppDelegate.swift */,
				35CDF41BB007A5C1F4180748 /* ManualProjectPathView.swift */,
				144EF1A02444CEB400C8EE9A /* NSView+Bookmarks.swift */,
				35CDF201B90CE8E6BB86393A /* PreferencesView.swift */,
				145290E91F981ED600947144 /* VersionView.swift */,
				14CA2D581F40007000900937 /* ViewController.swift */,
				14E9A31A216EEB6000A677FA /* XcodeAccessView.swift */,
				14CA2D5A1F40007000900937 /* Assets.xcassets */,
				14CA2D5C1F40007000900937 /* Main.storyboard */,
			);
			path = MockGeneratorApp;
			sourceTree = "<group>";
		};
		14CA2D6A1F40008F00900937 /* Frameworks */ = {
			isa = PBXGroup;
			children = (
				148D5E09242E801100ED04DC /* SwiftyPluginTest.framework */,
				149A5AEF242BD37D003DDAE2 /* SwiftToolkit.framework */,
				149A5AEB242BCCD4003DDAE2 /* TestHelper.framework */,
				14F866EF20D90C3A00E79758 /* XcodeKit.framework */,
				14CA2D6B1F40008F00900937 /* Cocoa.framework */,
			);
			name = Frameworks;
			sourceTree = "<group>";
		};
		14CA2D6D1F40009000900937 /* XcodePlugin */ = {
			isa = PBXGroup;
			children = (
				14CA2D741F40009000900937 /* Info.plist */,
				14CA2D721F40009000900937 /* BaseCommand.swift */,
				14BEF4FD242FB46000E39F4D /* BookmarkedURL.swift */,
				35CDF2B6AA231A57A21D6EE3 /* DummyCommand.swift */,
				149CF7B4217B1301005892B4 /* PartialSpyCommand.swift */,
				14CA2D701F40009000900937 /* SourceEditorExtension.swift */,
				35CDFE154C81653EC7127630 /* SpyCommand.swift */,
				35CDFFDBE599C4E0238A240C /* StubCommand.swift */,
				14BF416F242CB75A00036B25 /* TextBufferImpl.swift */,
				14F866EB20D90BC500E79758 /* XcodeKit+Transformers.swift */,
				14CA2D6E1F40009000900937 /* Supporting Files */,
			);
			path = XcodePlugin;
			sourceTree = "<group>";
		};
		14CA2D6E1F40009000900937 /* Supporting Files */ = {
			isa = PBXGroup;
			children = (
				14CA2D6F1F40009000900937 /* XcodePlugin.entitlements */,
			);
			name = "Supporting Files";
			sourceTree = "<group>";
		};
		14CA2DAA1F41348100900937 /* Shared */ = {
			isa = PBXGroup;
			children = (
				14CA2DAB1F41349500900937 /* Preferences.swift */,
				35CDF66A5D6E3857898A5E23 /* XcodeProjectPathFinder.swift */,
				1497FE76215D0B5C00CD670B /* XcodeAccess.swift */,
				14E9A2F8216EEABC00A677FA /* XcodeAccessImpl.swift */,
				35CDF9A2068DF1CD95B50147 /* ProjectFinder.swift */,
			);
			path = Shared;
			sourceTree = "<group>";
		};
		191EF6A120F4518000118C74 /* config */ = {
			isa = PBXGroup;
			children = (
				191EF6B320F45D7000118C74 /* MockGenerator-Debug.xcconfig */,
				191EF6B220F45D7000118C74 /* MockGenerator-Release.xcconfig */,
				191EF6A320F451D000118C74 /* Debug.xcconfig */,
				191EF6A520F451D100118C74 /* Release.xcconfig */,
				191EF6A220F451A000118C74 /* Shared.xcconfig */,
			);
			path = config;
			sourceTree = "<group>";
		};
		35CDF720F8CE28402647AF36 /* readme */ = {
			isa = PBXGroup;
			children = (
				35CDF32023D75565E3CBD23A /* XcodeMockGenerator.gif */,
				35CDF39862855A1F95E0298E /* AppIcon_256.png */,
			);
			path = readme;
			sourceTree = "<group>";
		};
		35CDFCBA18471CBB83E38C32 /* scripts */ = {
			isa = PBXGroup;
			children = (
				35CDF5690154C9A374C4AF51 /* runxcode */,
				35CDF087FFEDD3FD8F68133F /* readlog */,
				35CDF1979F49B7777F1BB71E /* swifttostring */,
				35CDF80E1E54FE98ADD6EC43 /* test */,
			);
			path = scripts;
			sourceTree = "<group>";
		};
/* End PBXGroup section */

/* Begin PBXHeadersBuildPhase section */
		14276C5E1F4F312E00EA7753 /* Headers */ = {
			isa = PBXHeadersBuildPhase;
			buildActionMask = 2147483647;
			files = (
			);
			runOnlyForDeploymentPostprocessing = 0;
		};
/* End PBXHeadersBuildPhase section */

/* Begin PBXNativeTarget section */
		14276C601F4F312E00EA7753 /* MockGenerator */ = {
			isa = PBXNativeTarget;
			buildConfigurationList = 14276C761F4F312E00EA7753 /* Build configuration list for PBXNativeTarget "MockGenerator" */;
			buildPhases = (
				14276C5C1F4F312E00EA7753 /* Sources */,
				14276C5D1F4F312E00EA7753 /* Frameworks */,
				14276C5E1F4F312E00EA7753 /* Headers */,
				14276C5F1F4F312E00EA7753 /* Resources */,
				1410E0951F4F75DB0075503B /* CopyFiles */,
			);
			buildRules = (
			);
			dependencies = (
				142B023C21709C06005DE573 /* PBXTargetDependency */,
			);
			name = MockGenerator;
			productName = MockGenerator;
			productReference = 14276C611F4F312E00EA7753 /* MockGenerator.framework */;
			productType = "com.apple.product-type.framework";
		};
		14276C681F4F312E00EA7753 /* MockGeneratorTests */ = {
			isa = PBXNativeTarget;
			buildConfigurationList = 14276C771F4F312E00EA7753 /* Build configuration list for PBXNativeTarget "MockGeneratorTests" */;
			buildPhases = (
				14276C651F4F312E00EA7753 /* Sources */,
				14276C661F4F312E00EA7753 /* Frameworks */,
				14276C671F4F312E00EA7753 /* Resources */,
				1410E0991F4F75FB0075503B /* CopyFiles */,
				147437681F79737600241B8A /* Copy Test Project */,
			);
			buildRules = (
			);
			dependencies = (
				14276C6C1F4F312E00EA7753 /* PBXTargetDependency */,
			);
			name = MockGeneratorTests;
			productName = MockGeneratorTests;
			productReference = 14276C691F4F312E00EA7753 /* MockGeneratorTests.xctest */;
			productType = "com.apple.product-type.bundle.unit-test";
		};
		1453D09C24425C5900340789 /* genmock */ = {
			isa = PBXNativeTarget;
			buildConfigurationList = 1453D0A324425C5900340789 /* Build configuration list for PBXNativeTarget "genmock" */;
			buildPhases = (
				1453D09924425C5900340789 /* Sources */,
				1453D09A24425C5900340789 /* Frameworks */,
				1453D09B24425C5900340789 /* CopyFiles */,
			);
			buildRules = (
			);
			dependencies = (
				1453D0AA24425F9700340789 /* PBXTargetDependency */,
			);
			name = genmock;
			productName = genmock;
			productReference = 1453D09D24425C5900340789 /* genmock */;
			productType = "com.apple.product-type.tool";
		};
		14872E7A1F59DBC50017AF3F /* MockGeneratorAppTests */ = {
			isa = PBXNativeTarget;
			buildConfigurationList = 14872E841F59DBC50017AF3F /* Build configuration list for PBXNativeTarget "MockGeneratorAppTests" */;
			buildPhases = (
				14872E771F59DBC50017AF3F /* Sources */,
				14872E781F59DBC50017AF3F /* Frameworks */,
				14872E791F59DBC50017AF3F /* Resources */,
			);
			buildRules = (
			);
			dependencies = (
				14872E811F59DBC50017AF3F /* PBXTargetDependency */,
			);
			name = MockGeneratorAppTests;
			productName = MockGeneratorAppTests;
			productReference = 14872E7B1F59DBC50017AF3F /* MockGeneratorAppTests.xctest */;
			productType = "com.apple.product-type.bundle.unit-test";
		};
		14CA2D521F40007000900937 /* MockGeneratorApp */ = {
			isa = PBXNativeTarget;
			buildConfigurationList = 14CA2D621F40007000900937 /* Build configuration list for PBXNativeTarget "MockGeneratorApp" */;
			buildPhases = (
				14CA2D4F1F40007000900937 /* Sources */,
				14CA2D501F40007000900937 /* Frameworks */,
				14CA2D511F40007000900937 /* Resources */,
				14CA2D7B1F40009000900937 /* Embed App Extensions */,
				14887ABB20FB858000D50A73 /* Embed Frameworks */,
				1453D0A424425C6700340789 /* Copy executable */,
			);
			buildRules = (
			);
			dependencies = (
				1453D0A724425C9F00340789 /* PBXTargetDependency */,
				142B022E2170998A005DE573 /* PBXTargetDependency */,
				14CA2D761F40009000900937 /* PBXTargetDependency */,
				14276C901F4F37D500EA7753 /* PBXTargetDependency */,
			);
			name = MockGeneratorApp;
			packageProductDependencies = (
			);
			productName = MockGeneratorApp;
			productReference = 14CA2D531F40007000900937 /* Swift Mock Generator for Xcode.app */;
			productType = "com.apple.product-type.application";
		};
		14CA2D681F40008F00900937 /* XcodePlugin */ = {
			isa = PBXNativeTarget;
			buildConfigurationList = 14CA2D781F40009000900937 /* Build configuration list for PBXNativeTarget "XcodePlugin" */;
			buildPhases = (
				14CA2D651F40008F00900937 /* Sources */,
				14CA2D661F40008F00900937 /* Frameworks */,
				14CA2D671F40008F00900937 /* Resources */,
				BF14E74A254C57D90010956B /* Embed Frameworks */,
			);
			buildRules = (
			);
			dependencies = (
				1468BDA0243ABF1C00B81C11 /* PBXTargetDependency */,
			);
			name = XcodePlugin;
			productName = XcodePlugin;
			productReference = 14CA2D691F40008F00900937 /* Mock Generator.appex */;
			productType = "com.apple.product-type.xcode-extension";
		};
/* End PBXNativeTarget section */

/* Begin PBXProject section */
		14CA2D4B1F40007000900937 /* Project object */ = {
			isa = PBXProject;
			attributes = {
				LastSwiftUpdateCheck = 1140;
				LastUpgradeCheck = 1110;
				ORGANIZATIONNAME = "Sean Henry";
				TargetAttributes = {
					14276C601F4F312E00EA7753 = {
						CreatedOnToolsVersion = 8.3.2;
						LastSwiftMigration = 0830;
						ProvisioningStyle = Manual;
					};
					14276C681F4F312E00EA7753 = {
						CreatedOnToolsVersion = 8.3.2;
						LastSwiftMigration = 0830;
						ProvisioningStyle = Automatic;
					};
					142B02192170942A005DE573 = {
						CreatedOnToolsVersion = 10.0;
						DevelopmentTeam = HU45578K6L;
						ProvisioningStyle = Automatic;
					};
					1453D09C24425C5900340789 = {
						CreatedOnToolsVersion = 11.4;
						DevelopmentTeam = HU45578K6L;
						ProvisioningStyle = Automatic;
					};
					14872E7A1F59DBC50017AF3F = {
						CreatedOnToolsVersion = 8.3.2;
						DevelopmentTeam = HU45578K6L;
						ProvisioningStyle = Automatic;
						TestTargetID = 14CA2D521F40007000900937;
					};
					14CA2D521F40007000900937 = {
						CreatedOnToolsVersion = 8.3.2;
						DevelopmentTeam = HU45578K6L;
						LastSwiftMigration = 0830;
						ProvisioningStyle = Automatic;
						SystemCapabilities = {
							com.apple.ApplicationGroups.Mac = {
								enabled = 1;
							};
							com.apple.HardenedRuntime = {
								enabled = 1;
							};
							com.apple.Sandbox = {
								enabled = 1;
							};
						};
					};
					14CA2D681F40008F00900937 = {
						CreatedOnToolsVersion = 8.3.2;
						DevelopmentTeam = HU45578K6L;
						ProvisioningStyle = Automatic;
						SystemCapabilities = {
							com.apple.ApplicationGroups.Mac = {
								enabled = 1;
							};
							com.apple.HardenedRuntime = {
								enabled = 1;
							};
							com.apple.Sandbox = {
								enabled = 1;
							};
						};
					};
				};
			};
			buildConfigurationList = 14CA2D4E1F40007000900937 /* Build configuration list for PBXProject "MockGenerator" */;
			compatibilityVersion = "Xcode 3.2";
			developmentRegion = en;
			hasScannedForEncodings = 0;
			knownRegions = (
				en,
				Base,
			);
			mainGroup = 14CA2D4A1F40007000900937;
			productRefGroup = 14CA2D541F40007000900937 /* Products */;
			projectDirPath = "";
			projectRoot = "";
			targets = (
				14CA2D521F40007000900937 /* MockGeneratorApp */,
				14872E7A1F59DBC50017AF3F /* MockGeneratorAppTests */,
				14CA2D681F40008F00900937 /* XcodePlugin */,
				14276C601F4F312E00EA7753 /* MockGenerator */,
				14276C681F4F312E00EA7753 /* MockGeneratorTests */,
				142B02192170942A005DE573 /* Frameworks */,
				1453D09C24425C5900340789 /* genmock */,
			);
		};
/* End PBXProject section */

/* Begin PBXResourcesBuildPhase section */
		14276C5F1F4F312E00EA7753 /* Resources */ = {
			isa = PBXResourcesBuildPhase;
			buildActionMask = 2147483647;
			files = (
				35CDF75348948FB1299E08E1 /* dummy.mustache in Resources */,
				149CF7B3217B115B005892B4 /* partial.mustache in Resources */,
				35CDF049C3AFB0095D61A0F0 /* stub.mustache in Resources */,
				35CDF73F6A5C30CCED194681 /* spy.mustache in Resources */,
			);
			runOnlyForDeploymentPostprocessing = 0;
		};
		14276C671F4F312E00EA7753 /* Resources */ = {
			isa = PBXResourcesBuildPhase;
			buildActionMask = 2147483647;
			files = (
			);
			runOnlyForDeploymentPostprocessing = 0;
		};
		14872E791F59DBC50017AF3F /* Resources */ = {
			isa = PBXResourcesBuildPhase;
			buildActionMask = 2147483647;
			files = (
			);
			runOnlyForDeploymentPostprocessing = 0;
		};
		14CA2D511F40007000900937 /* Resources */ = {
			isa = PBXResourcesBuildPhase;
			buildActionMask = 2147483647;
			files = (
				14CA2D5B1F40007000900937 /* Assets.xcassets in Resources */,
				14CA2D5E1F40007000900937 /* Main.storyboard in Resources */,
			);
			runOnlyForDeploymentPostprocessing = 0;
		};
		14CA2D671F40008F00900937 /* Resources */ = {
			isa = PBXResourcesBuildPhase;
			buildActionMask = 2147483647;
			files = (
			);
			runOnlyForDeploymentPostprocessing = 0;
		};
/* End PBXResourcesBuildPhase section */

/* Begin PBXShellScriptBuildPhase section */
		142B021E21709432005DE573 /* Copy Frameworks */ = {
			isa = PBXShellScriptBuildPhase;
			buildActionMask = 2147483647;
			files = (
			);
			inputFileListPaths = (
			);
			inputPaths = (
				"$(SRCROOT)/lib/$(CONFIGURATION)/UseCases.framework",
				"$(SRCROOT)/lib/$(CONFIGURATION)/libGRMustache7-MacOS.a",
				"$(SRCROOT)/lib/$(CONFIGURATION)/SwiftToolkit.framework",
			);
			name = "Copy Frameworks";
			outputFileListPaths = (
			);
			outputPaths = (
				"$(BUILT_PRODUCTS_DIR)/UseCases.framework",
				"$(BUILT_PRODUCTS_DIR)/libGRMustache7-MacOS.a",
				"$(BUILT_PRODUCTS_DIR)/SwiftToolkit.framework",
			);
			runOnlyForDeploymentPostprocessing = 0;
			shellPath = /bin/sh;
			shellScript = "count=0\nwhile [ $count -lt ${SCRIPT_INPUT_FILE_COUNT} ]; do\ninput=\"SCRIPT_INPUT_FILE_$count\"\noutput=\"SCRIPT_OUTPUT_FILE_$count\"\nrm -rf \"${!output}\" || true\ncp -R \"${!input}\" \"${!output}\"\necho \"${!input} ${!output}\"\nlet count=count+1\ndone\n";
		};
/* End PBXShellScriptBuildPhase section */

/* Begin PBXSourcesBuildPhase section */
		14276C5C1F4F312E00EA7753 /* Sources */ = {
			isa = PBXSourcesBuildPhase;
			buildActionMask = 2147483647;
			files = (
				14276C791F4F314600EA7753 /* InsertMockCommand.swift in Sources */,
				14812327243B8554001CA005 /* PositionParser.swift in Sources */,
				1453D0BD2444A6CF00340789 /* MockGenerator.swift in Sources */,
				35CDF3051C92D783E99E519D /* SourceFileFinder.swift in Sources */,
				141BECDC243B8AEB00AE0E2B /* Formatter.swift in Sources */,
				14E132281F58E6D300D75943 /* MemberTransformingVisitor.swift in Sources */,
				35CDF6B3B8F080E7AE114743 /* TypeResolverVisitor.swift in Sources */,
				1453D0AD2444894000340789 /* GenerateMockCommand.swift in Sources */,
				1453D0B5244498EC00340789 /* SetupSwifty.swift in Sources */,
				1453D0B1244491DC00340789 /* IO.swift in Sources */,
				35CDF1D4B3EE5C1ED545361F /* MustacheView.swift in Sources */,
				35CDFCCC54AA20F2E8E375D6 /* TypeDeclarationTransformingVisitor.swift in Sources */,
				1453D0BF2444A78500340789 /* Error.swift in Sources */,
				35CDF5290125B0A815D7A6A4 /* VariableTypeResolver.swift in Sources */,
			);
			runOnlyForDeploymentPostprocessing = 0;
		};
		14276C651F4F312E00EA7753 /* Sources */ = {
			isa = PBXSourcesBuildPhase;
			buildActionMask = 2147483647;
			files = (
				14276C6F1F4F312E00EA7753 /* InsertMockCommandTests.swift in Sources */,
				149A5AF5242C36B8003DDAE2 /* SetupTests.swift in Sources */,
				1453D0B92444A53200340789 /* IOSpy.swift in Sources */,
				1453D0AF2444911600340789 /* GenerateMockCommandTests.swift in Sources */,
				14451D351F5F05C500833C61 /* MemberTransformingVisitorTests.swift in Sources */,
				1453D0BB2444A53A00340789 /* ResolverSpy.swift in Sources */,
				35CDF466D42585C5E3ADB6F7 /* TypeResolverVisitorTests.swift in Sources */,
				35CDF835689882E184836A14 /* TypeDeclarationTransformingVisitorTests.swift in Sources */,
				35CDFD1935A027AD6624A741 /* VariableTypeResolverTests.swift in Sources */,
			);
			runOnlyForDeploymentPostprocessing = 0;
		};
		1453D09924425C5900340789 /* Sources */ = {
			isa = PBXSourcesBuildPhase;
			buildActionMask = 2147483647;
			files = (
				1453D0A024425C5900340789 /* main.swift in Sources */,
			);
			runOnlyForDeploymentPostprocessing = 0;
		};
		14872E771F59DBC50017AF3F /* Sources */ = {
			isa = PBXSourcesBuildPhase;
			buildActionMask = 2147483647;
			files = (
				14E9A31D216EEBF100A677FA /* XcodeAccessViewTests.swift in Sources */,
				14B4BC2D208B0A160052A085 /* PreferencesTests.swift in Sources */,
				14B4BC2C208B0A130052A085 /* XcodeProjectPathFinderTests.swift in Sources */,
				14B4BC2F208B0A970052A085 /* ProjectFinderTests.swift in Sources */,
			);
			runOnlyForDeploymentPostprocessing = 0;
		};
		14CA2D4F1F40007000900937 /* Sources */ = {
			isa = PBXSourcesBuildPhase;
			buildActionMask = 2147483647;
			files = (
				14E9A31B216EEB6000A677FA /* XcodeAccessView.swift in Sources */,
				14CA2D591F40007000900937 /* ViewController.swift in Sources */,
				1497FE77215D0B5C00CD670B /* XcodeAccess.swift in Sources */,
				14CA2D571F40007000900937 /* AppDelegate.swift in Sources */,
				14CA2DAC1F41349500900937 /* Preferences.swift in Sources */,
				35CDFF1EBDCD49B97A999ABA /* ManualProjectPathView.swift in Sources */,
				145290EA1F981ED600947144 /* VersionView.swift in Sources */,
				14B4BC2E208B0A620052A085 /* ProjectFinder.swift in Sources */,
				35CDFAEF8D8C85FDC471B35A /* PreferencesView.swift in Sources */,
				144EF1A12444CEB400C8EE9A /* NSView+Bookmarks.swift in Sources */,
				35CDF670951C86B8934F8D27 /* XcodeProjectPathFinder.swift in Sources */,
				14E9A2F9216EEABC00A677FA /* XcodeAccessImpl.swift in Sources */,
			);
			runOnlyForDeploymentPostprocessing = 0;
		};
		14CA2D651F40008F00900937 /* Sources */ = {
			isa = PBXSourcesBuildPhase;
			buildActionMask = 2147483647;
			files = (
				14BEF51F242FBFB800E39F4D /* TextBufferImpl.swift in Sources */,
				14BEF51D242FBFB800E39F4D /* BaseCommand.swift in Sources */,
				14F866F120D90C5600E79758 /* SourceEditorExtension.swift in Sources */,
				35CDFC1714DE626B1E71A7CC /* SpyCommand.swift in Sources */,
				35CDF80097FBC72B6A2550A5 /* StubCommand.swift in Sources */,
				35CDF3FCD960FF97E00313B9 /* DummyCommand.swift in Sources */,
				14BEF51E242FBFB800E39F4D /* BookmarkedURL.swift in Sources */,
				14BEF522242FBFF600E39F4D /* Preferences.swift in Sources */,
				14BEF520242FBFB800E39F4D /* XcodeKit+Transformers.swift in Sources */,
				149CF7B5217B1301005892B4 /* PartialSpyCommand.swift in Sources */,
				14BEF523242FBFFD00E39F4D /* XcodeProjectPathFinder.swift in Sources */,
				14BEF521242FBFEC00E39F4D /* ProjectFinder.swift in Sources */,
			);
			runOnlyForDeploymentPostprocessing = 0;
		};
/* End PBXSourcesBuildPhase section */

/* Begin PBXTargetDependency section */
		14276C6C1F4F312E00EA7753 /* PBXTargetDependency */ = {
			isa = PBXTargetDependency;
			target = 14276C601F4F312E00EA7753 /* MockGenerator */;
			targetProxy = 14276C6B1F4F312E00EA7753 /* PBXContainerItemProxy */;
		};
		14276C901F4F37D500EA7753 /* PBXTargetDependency */ = {
			isa = PBXTargetDependency;
			target = 14276C601F4F312E00EA7753 /* MockGenerator */;
			targetProxy = 14276C8F1F4F37D500EA7753 /* PBXContainerItemProxy */;
		};
		142B022E2170998A005DE573 /* PBXTargetDependency */ = {
			isa = PBXTargetDependency;
			target = 142B02192170942A005DE573 /* Frameworks */;
			targetProxy = 142B022D2170998A005DE573 /* PBXContainerItemProxy */;
		};
		142B023C21709C06005DE573 /* PBXTargetDependency */ = {
			isa = PBXTargetDependency;
			target = 142B02192170942A005DE573 /* Frameworks */;
			targetProxy = 142B023B21709C06005DE573 /* PBXContainerItemProxy */;
		};
		1453D0A724425C9F00340789 /* PBXTargetDependency */ = {
			isa = PBXTargetDependency;
			target = 1453D09C24425C5900340789 /* genmock */;
			targetProxy = 1453D0A624425C9F00340789 /* PBXContainerItemProxy */;
		};
		1453D0AA24425F9700340789 /* PBXTargetDependency */ = {
			isa = PBXTargetDependency;
			target = 142B02192170942A005DE573 /* Frameworks */;
			targetProxy = 1453D0A924425F9700340789 /* PBXContainerItemProxy */;
		};
		1468BDA0243ABF1C00B81C11 /* PBXTargetDependency */ = {
			isa = PBXTargetDependency;
			target = 14276C601F4F312E00EA7753 /* MockGenerator */;
			targetProxy = 1468BD9F243ABF1C00B81C11 /* PBXContainerItemProxy */;
		};
		14872E811F59DBC50017AF3F /* PBXTargetDependency */ = {
			isa = PBXTargetDependency;
			target = 14CA2D521F40007000900937 /* MockGeneratorApp */;
			targetProxy = 14872E801F59DBC50017AF3F /* PBXContainerItemProxy */;
		};
		14CA2D761F40009000900937 /* PBXTargetDependency */ = {
			isa = PBXTargetDependency;
			target = 14CA2D681F40008F00900937 /* XcodePlugin */;
			targetProxy = 14CA2D751F40009000900937 /* PBXContainerItemProxy */;
		};
/* End PBXTargetDependency section */

/* Begin PBXVariantGroup section */
		14CA2D5C1F40007000900937 /* Main.storyboard */ = {
			isa = PBXVariantGroup;
			children = (
				14CA2D5D1F40007000900937 /* Base */,
			);
			name = Main.storyboard;
			sourceTree = "<group>";
		};
/* End PBXVariantGroup section */

/* Begin XCBuildConfiguration section */
		14276C721F4F312E00EA7753 /* Debug */ = {
			isa = XCBuildConfiguration;
			baseConfigurationReference = 191EF6B320F45D7000118C74 /* MockGenerator-Debug.xcconfig */;
			buildSettings = {
				CODE_SIGN_IDENTITY = "";
				CODE_SIGN_STYLE = Manual;
				COMBINE_HIDPI_IMAGES = YES;
				CURRENT_PROJECT_VERSION = 1;
				DEFINES_MODULE = YES;
				DEVELOPMENT_TEAM = "";
				DYLIB_COMPATIBILITY_VERSION = 1;
				DYLIB_CURRENT_VERSION = 1;
				DYLIB_INSTALL_NAME_BASE = "@rpath";
				FRAMEWORK_VERSION = A;
				INFOPLIST_FILE = MockGenerator/Info.plist;
				INSTALL_PATH = "$(LOCAL_LIBRARY_DIR)/Frameworks";
				LD_RUNPATH_SEARCH_PATHS = "$(inherited) @executable_path/../Frameworks @loader_path/Frameworks";
				LIBRARY_SEARCH_PATHS = (
					"$(inherited)",
					"$(PROJECT_DIR)/lib/Debug",
					"$(PROJECT_DIR)/lib/Release",
				);
				OTHER_SWIFT_FLAGS = "$(inherited) -Xcc -fmodule-map-file=${PROJECT_DIR}/lib/Debug/include/GRMustache/module.modulemap";
				PRODUCT_BUNDLE_IDENTIFIER = codes.seanhenry.MockGenerator;
				PRODUCT_NAME = "$(TARGET_NAME)";
				PROVISIONING_PROFILE_SPECIFIER = "";
				SKIP_INSTALL = YES;
				VERSIONING_SYSTEM = "apple-generic";
				VERSION_INFO_PREFIX = "";
			};
			name = Debug;
		};
		14276C731F4F312E00EA7753 /* Release */ = {
			isa = XCBuildConfiguration;
			baseConfigurationReference = 191EF6B220F45D7000118C74 /* MockGenerator-Release.xcconfig */;
			buildSettings = {
				CODE_SIGN_IDENTITY = "";
				CODE_SIGN_STYLE = Manual;
				COMBINE_HIDPI_IMAGES = YES;
				CURRENT_PROJECT_VERSION = 1;
				DEFINES_MODULE = YES;
				DEVELOPMENT_TEAM = "";
				DYLIB_COMPATIBILITY_VERSION = 1;
				DYLIB_CURRENT_VERSION = 1;
				DYLIB_INSTALL_NAME_BASE = "@rpath";
				FRAMEWORK_VERSION = A;
				INFOPLIST_FILE = MockGenerator/Info.plist;
				INSTALL_PATH = "$(LOCAL_LIBRARY_DIR)/Frameworks";
				LD_RUNPATH_SEARCH_PATHS = "$(inherited) @executable_path/../Frameworks @loader_path/Frameworks";
				LIBRARY_SEARCH_PATHS = (
					"$(inherited)",
					"$(PROJECT_DIR)/lib/Debug",
					"$(PROJECT_DIR)/lib/Release",
				);
				OTHER_SWIFT_FLAGS = "$(inherited) -Xcc -fmodule-map-file=${PROJECT_DIR}/lib/Release/include/GRMustache/module.modulemap";
				PRODUCT_BUNDLE_IDENTIFIER = codes.seanhenry.MockGenerator;
				PRODUCT_NAME = "$(TARGET_NAME)";
				PROVISIONING_PROFILE_SPECIFIER = "";
				SKIP_INSTALL = YES;
				VERSIONING_SYSTEM = "apple-generic";
				VERSION_INFO_PREFIX = "";
			};
			name = Release;
		};
		14276C741F4F312E00EA7753 /* Debug */ = {
			isa = XCBuildConfiguration;
			baseConfigurationReference = 191EF6A320F451D000118C74 /* Debug.xcconfig */;
			buildSettings = {
				ALWAYS_EMBED_SWIFT_STANDARD_LIBRARIES = YES;
				CODE_SIGN_IDENTITY = "";
				COMBINE_HIDPI_IMAGES = YES;
				DEVELOPMENT_TEAM = "";
				FRAMEWORK_SEARCH_PATHS = (
					"$(inherited)",
					"$(PROJECT_DIR)/lib/Debug",
				);
				INFOPLIST_FILE = MockGeneratorTests/Info.plist;
				LD_RUNPATH_SEARCH_PATHS = "$(inherited) @executable_path/../Frameworks @loader_path/../Frameworks /usr/lib/swift";
				OTHER_SWIFT_FLAGS = "$(inherited) -Xcc -fmodule-map-file=${PROJECT_DIR}/lib/Debug/include/GRMustache/module.modulemap";
				PRODUCT_BUNDLE_IDENTIFIER = codes.seanhenry.MockGeneratorTests;
				PRODUCT_NAME = "$(TARGET_NAME)";
				PROVISIONING_PROFILE_SPECIFIER = "";
				SWIFT_INCLUDE_PATHS = $PROJECT_DIR/lib/Debug/SwiftToolkit.framework/Modules;
			};
			name = Debug;
		};
		14276C751F4F312E00EA7753 /* Release */ = {
			isa = XCBuildConfiguration;
			baseConfigurationReference = 191EF6A520F451D100118C74 /* Release.xcconfig */;
			buildSettings = {
				ALWAYS_EMBED_SWIFT_STANDARD_LIBRARIES = YES;
				CODE_SIGN_IDENTITY = "";
				COMBINE_HIDPI_IMAGES = YES;
				DEVELOPMENT_TEAM = "";
				FRAMEWORK_SEARCH_PATHS = (
					"$(inherited)",
					"$(PROJECT_DIR)/lib/Debug",
				);
				INFOPLIST_FILE = MockGeneratorTests/Info.plist;
				LD_RUNPATH_SEARCH_PATHS = "$(inherited) @executable_path/../Frameworks @loader_path/../Frameworks /usr/lib/swift";
				OTHER_SWIFT_FLAGS = "$(inherited) -Xcc -fmodule-map-file=${PROJECT_DIR}/lib/Release/include/GRMustache/module.modulemap";
				PRODUCT_BUNDLE_IDENTIFIER = codes.seanhenry.MockGeneratorTests;
				PRODUCT_NAME = "$(TARGET_NAME)";
				PROVISIONING_PROFILE_SPECIFIER = "";
			};
			name = Release;
		};
		142B021B2170942A005DE573 /* Debug */ = {
			isa = XCBuildConfiguration;
			buildSettings = {
				CODE_SIGN_STYLE = Automatic;
				PRODUCT_NAME = "$(TARGET_NAME)";
			};
			name = Debug;
		};
		142B021C2170942A005DE573 /* Release */ = {
			isa = XCBuildConfiguration;
			buildSettings = {
				CODE_SIGN_STYLE = Automatic;
				PRODUCT_NAME = "$(TARGET_NAME)";
			};
			name = Release;
		};
		1453D0A124425C5900340789 /* Debug */ = {
			isa = XCBuildConfiguration;
			buildSettings = {
				CODE_SIGN_ENTITLEMENTS = genmock/genmock.entitlements;
				CODE_SIGN_IDENTITY = "Apple Development";
				CODE_SIGN_STYLE = Automatic;
				DEVELOPMENT_TEAM = HU45578K6L;
				LD_RUNPATH_SEARCH_PATHS = "@executable_path/../Frameworks";
				OTHER_LDFLAGS = (
					"-framework",
					SwiftToolkit,
				);
				PRODUCT_NAME = "$(TARGET_NAME)";
				PROVISIONING_PROFILE_SPECIFIER = "";
				SKIP_INSTALL = YES;
			};
			name = Debug;
		};
		1453D0A224425C5900340789 /* Release */ = {
			isa = XCBuildConfiguration;
			buildSettings = {
				CODE_SIGN_ENTITLEMENTS = genmock/genmock.entitlements;
				CODE_SIGN_IDENTITY = "Mac Developer";
				CODE_SIGN_STYLE = Automatic;
				DEVELOPMENT_TEAM = HU45578K6L;
				LD_RUNPATH_SEARCH_PATHS = "@executable_path/../Frameworks";
				OTHER_LDFLAGS = (
					"-framework",
					SwiftToolkit,
				);
				PRODUCT_NAME = "$(TARGET_NAME)";
				PROVISIONING_PROFILE_SPECIFIER = "";
				SKIP_INSTALL = YES;
			};
			name = Release;
		};
		14872E821F59DBC50017AF3F /* Debug */ = {
			isa = XCBuildConfiguration;
			baseConfigurationReference = 191EF6A320F451D000118C74 /* Debug.xcconfig */;
			buildSettings = {
				BUNDLE_LOADER = "$(TEST_HOST)";
				CODE_SIGN_IDENTITY = "Mac Developer";
				CODE_SIGN_STYLE = Automatic;
				COMBINE_HIDPI_IMAGES = YES;
				DEVELOPMENT_TEAM = HU45578K6L;
				INFOPLIST_FILE = MockGeneratorAppTests/Info.plist;
				LD_RUNPATH_SEARCH_PATHS = "$(inherited) @executable_path/../Frameworks @loader_path/../Frameworks";
				PRODUCT_BUNDLE_IDENTIFIER = codes.seanhenry.MockGeneratorAppTests;
				PRODUCT_NAME = "$(TARGET_NAME)";
				PROVISIONING_PROFILE_SPECIFIER = "";
				TEST_HOST = "$(BUILT_PRODUCTS_DIR)/Swift Mock Generator for Xcode.app/Contents/MacOS/Swift Mock Generator for Xcode";
			};
			name = Debug;
		};
		14872E831F59DBC50017AF3F /* Release */ = {
			isa = XCBuildConfiguration;
			baseConfigurationReference = 191EF6A520F451D100118C74 /* Release.xcconfig */;
			buildSettings = {
				BUNDLE_LOADER = "$(TEST_HOST)";
				CODE_SIGN_IDENTITY = "Mac Developer";
				CODE_SIGN_STYLE = Automatic;
				COMBINE_HIDPI_IMAGES = YES;
				DEVELOPMENT_TEAM = HU45578K6L;
				INFOPLIST_FILE = MockGeneratorAppTests/Info.plist;
				LD_RUNPATH_SEARCH_PATHS = "$(inherited) @executable_path/../Frameworks @loader_path/../Frameworks";
				PRODUCT_BUNDLE_IDENTIFIER = codes.seanhenry.MockGeneratorAppTests;
				PRODUCT_NAME = "$(TARGET_NAME)";
				PROVISIONING_PROFILE_SPECIFIER = "";
				TEST_HOST = "$(BUILT_PRODUCTS_DIR)/Swift Mock Generator for Xcode.app/Contents/MacOS/Swift Mock Generator for Xcode";
			};
			name = Release;
		};
		14CA2D601F40007000900937 /* Debug */ = {
			isa = XCBuildConfiguration;
			baseConfigurationReference = 191EF6A320F451D000118C74 /* Debug.xcconfig */;
			buildSettings = {
				GCC_DYNAMIC_NO_PIC = NO;
				GCC_NO_COMMON_BLOCKS = YES;
				GCC_OPTIMIZATION_LEVEL = 0;
			};
			name = Debug;
		};
		14CA2D611F40007000900937 /* Release */ = {
			isa = XCBuildConfiguration;
			baseConfigurationReference = 191EF6A520F451D100118C74 /* Release.xcconfig */;
			buildSettings = {
				GCC_NO_COMMON_BLOCKS = YES;
			};
			name = Release;
		};
		14CA2D631F40007000900937 /* Debug */ = {
			isa = XCBuildConfiguration;
			baseConfigurationReference = 191EF6A320F451D000118C74 /* Debug.xcconfig */;
			buildSettings = {
				ALWAYS_EMBED_SWIFT_STANDARD_LIBRARIES = YES;
				ASSETCATALOG_COMPILER_APPICON_NAME = AppIcon;
				CODE_SIGN_ENTITLEMENTS = MockGeneratorApp/MockGeneratorApp.entitlements;
				CODE_SIGN_IDENTITY = "Mac Developer";
				CODE_SIGN_STYLE = Automatic;
				COMBINE_HIDPI_IMAGES = YES;
				DEVELOPMENT_TEAM = HU45578K6L;
				ENABLE_HARDENED_RUNTIME = YES;
				FRAMEWORK_SEARCH_PATHS = (
					"$(inherited)",
					"$(PROJECT_DIR)/lib",
				);
				INFOPLIST_FILE = MockGeneratorApp/Info.plist;
				LD_RUNPATH_SEARCH_PATHS = "$(inherited) @executable_path/../Frameworks";
				PRODUCT_BUNDLE_IDENTIFIER = codes.seanhenry.MockGeneratorApp.debug;
				PRODUCT_MODULE_NAME = MockGeneratorApp;
				PRODUCT_NAME = "Swift Mock Generator for Xcode";
				PROVISIONING_PROFILE_SPECIFIER = "";
			};
			name = Debug;
		};
		14CA2D641F40007000900937 /* Release */ = {
			isa = XCBuildConfiguration;
			baseConfigurationReference = 191EF6A520F451D100118C74 /* Release.xcconfig */;
			buildSettings = {
				ALWAYS_EMBED_SWIFT_STANDARD_LIBRARIES = YES;
				ASSETCATALOG_COMPILER_APPICON_NAME = AppIcon;
				CODE_SIGN_ENTITLEMENTS = MockGeneratorApp/MockGeneratorApp.entitlements;
				CODE_SIGN_IDENTITY = "Developer ID Application";
				CODE_SIGN_STYLE = Manual;
				COMBINE_HIDPI_IMAGES = YES;
				DEVELOPMENT_TEAM = HU45578K6L;
				ENABLE_HARDENED_RUNTIME = YES;
				FRAMEWORK_SEARCH_PATHS = (
					"$(inherited)",
					"$(PROJECT_DIR)/lib",
				);
				INFOPLIST_FILE = MockGeneratorApp/Info.plist;
				LD_RUNPATH_SEARCH_PATHS = "$(inherited) @executable_path/../Frameworks";
				PRODUCT_BUNDLE_IDENTIFIER = codes.seanhenry.MockGeneratorApp;
				PRODUCT_MODULE_NAME = MockGeneratorApp;
				PRODUCT_NAME = "Swift Mock Generator for Xcode";
				PROVISIONING_PROFILE_SPECIFIER = "Mock Generator Dev ID";
			};
			name = Release;
		};
		14CA2D791F40009000900937 /* Debug */ = {
			isa = XCBuildConfiguration;
			baseConfigurationReference = 191EF6A320F451D000118C74 /* Debug.xcconfig */;
			buildSettings = {
				CODE_SIGN_ENTITLEMENTS = XcodePlugin/XcodePlugin.entitlements;
				CODE_SIGN_IDENTITY = "Mac Developer";
				CODE_SIGN_STYLE = Automatic;
				COMBINE_HIDPI_IMAGES = YES;
				DEVELOPMENT_TEAM = HU45578K6L;
				ENABLE_HARDENED_RUNTIME = YES;
				FRAMEWORK_SEARCH_PATHS = (
					"$(inherited)",
					"$(PROJECT_DIR)/lib",
					"$(PROJECT_DIR)/lib/Debug",
				);
				INFOPLIST_FILE = XcodePlugin/Info.plist;
				LD_RUNPATH_SEARCH_PATHS = "$(inherited) @executable_path/../Frameworks @executable_path/../../../../Frameworks";
				MENU_DISPLAY_NAME = "Debug Mock Generator";
				OTHER_LDFLAGS = (
					"-framework",
					SwiftToolkit,
				);
				PRODUCT_BUNDLE_IDENTIFIER = codes.seanhenry.MockGeneratorApp.debug.XcodePlugin;
				PRODUCT_NAME = "Mock Generator";
				PROVISIONING_PROFILE_SPECIFIER = "";
				SKIP_INSTALL = YES;
			};
			name = Debug;
		};
		14CA2D7A1F40009000900937 /* Release */ = {
			isa = XCBuildConfiguration;
			baseConfigurationReference = 191EF6A520F451D100118C74 /* Release.xcconfig */;
			buildSettings = {
				CODE_SIGN_ENTITLEMENTS = XcodePlugin/XcodePlugin.entitlements;
				CODE_SIGN_IDENTITY = "Developer ID Application";
				CODE_SIGN_STYLE = Manual;
				COMBINE_HIDPI_IMAGES = YES;
				DEVELOPMENT_TEAM = HU45578K6L;
				ENABLE_HARDENED_RUNTIME = YES;
				FRAMEWORK_SEARCH_PATHS = (
					"$(inherited)",
					"$(PROJECT_DIR)/lib",
				);
				INFOPLIST_FILE = XcodePlugin/Info.plist;
				LD_RUNPATH_SEARCH_PATHS = "$(inherited) @executable_path/../Frameworks @executable_path/../../../../Frameworks";
				MENU_DISPLAY_NAME = "Mock Generator";
				OTHER_LDFLAGS = (
					"-framework",
					SwiftToolkit,
				);
				PRODUCT_BUNDLE_IDENTIFIER = codes.seanhenry.MockGeneratorApp.XcodePlugin;
				PRODUCT_NAME = "Mock Generator";
				PROVISIONING_PROFILE_SPECIFIER = "Mock Generator Extension Dev ID";
				SKIP_INSTALL = YES;
			};
			name = Release;
		};
/* End XCBuildConfiguration section */

/* Begin XCConfigurationList section */
		14276C761F4F312E00EA7753 /* Build configuration list for PBXNativeTarget "MockGenerator" */ = {
			isa = XCConfigurationList;
			buildConfigurations = (
				14276C721F4F312E00EA7753 /* Debug */,
				14276C731F4F312E00EA7753 /* Release */,
			);
			defaultConfigurationIsVisible = 0;
			defaultConfigurationName = Release;
		};
		14276C771F4F312E00EA7753 /* Build configuration list for PBXNativeTarget "MockGeneratorTests" */ = {
			isa = XCConfigurationList;
			buildConfigurations = (
				14276C741F4F312E00EA7753 /* Debug */,
				14276C751F4F312E00EA7753 /* Release */,
			);
			defaultConfigurationIsVisible = 0;
			defaultConfigurationName = Release;
		};
		142B021A2170942A005DE573 /* Build configuration list for PBXAggregateTarget "Frameworks" */ = {
			isa = XCConfigurationList;
			buildConfigurations = (
				142B021B2170942A005DE573 /* Debug */,
				142B021C2170942A005DE573 /* Release */,
			);
			defaultConfigurationIsVisible = 0;
			defaultConfigurationName = Release;
		};
		1453D0A324425C5900340789 /* Build configuration list for PBXNativeTarget "genmock" */ = {
			isa = XCConfigurationList;
			buildConfigurations = (
				1453D0A124425C5900340789 /* Debug */,
				1453D0A224425C5900340789 /* Release */,
			);
			defaultConfigurationIsVisible = 0;
			defaultConfigurationName = Release;
		};
		14872E841F59DBC50017AF3F /* Build configuration list for PBXNativeTarget "MockGeneratorAppTests" */ = {
			isa = XCConfigurationList;
			buildConfigurations = (
				14872E821F59DBC50017AF3F /* Debug */,
				14872E831F59DBC50017AF3F /* Release */,
			);
			defaultConfigurationIsVisible = 0;
			defaultConfigurationName = Release;
		};
		14CA2D4E1F40007000900937 /* Build configuration list for PBXProject "MockGenerator" */ = {
			isa = XCConfigurationList;
			buildConfigurations = (
				14CA2D601F40007000900937 /* Debug */,
				14CA2D611F40007000900937 /* Release */,
			);
			defaultConfigurationIsVisible = 0;
			defaultConfigurationName = Release;
		};
		14CA2D621F40007000900937 /* Build configuration list for PBXNativeTarget "MockGeneratorApp" */ = {
			isa = XCConfigurationList;
			buildConfigurations = (
				14CA2D631F40007000900937 /* Debug */,
				14CA2D641F40007000900937 /* Release */,
			);
			defaultConfigurationIsVisible = 0;
			defaultConfigurationName = Release;
		};
		14CA2D781F40009000900937 /* Build configuration list for PBXNativeTarget "XcodePlugin" */ = {
			isa = XCConfigurationList;
			buildConfigurations = (
				14CA2D791F40009000900937 /* Debug */,
				14CA2D7A1F40009000900937 /* Release */,
			);
			defaultConfigurationIsVisible = 0;
			defaultConfigurationName = Release;
		};
/* End XCConfigurationList section */
	};
	rootObject = 14CA2D4B1F40007000900937 /* Project object */;
}
