// !$*UTF8*$!
{
	archiveVersion = 1;
	classes = {
	};
	objectVersion = 46;
	objects = {

/* Begin PBXBuildFile section */
		1410E0961F4F75E90075503B /* SourceKittenFramework.framework in CopyFiles */ = {isa = PBXBuildFile; fileRef = 14CA2D961F4003EA00900937 /* SourceKittenFramework.framework */; settings = {ATTRIBUTES = (CodeSignOnCopy, RemoveHeadersOnCopy, ); }; };
		1410E0971F4F75E90075503B /* SWXMLHash.framework in CopyFiles */ = {isa = PBXBuildFile; fileRef = 14CA2D971F4003EA00900937 /* SWXMLHash.framework */; settings = {ATTRIBUTES = (CodeSignOnCopy, RemoveHeadersOnCopy, ); }; };
		1410E0981F4F75E90075503B /* Yams.framework in CopyFiles */ = {isa = PBXBuildFile; fileRef = 14CA2D981F4003EA00900937 /* Yams.framework */; settings = {ATTRIBUTES = (CodeSignOnCopy, RemoveHeadersOnCopy, ); }; };
		1410E09A1F4F76040075503B /* SourceKittenFramework.framework in CopyFiles */ = {isa = PBXBuildFile; fileRef = 14CA2D961F4003EA00900937 /* SourceKittenFramework.framework */; settings = {ATTRIBUTES = (CodeSignOnCopy, RemoveHeadersOnCopy, ); }; };
		1410E09B1F4F76040075503B /* SWXMLHash.framework in CopyFiles */ = {isa = PBXBuildFile; fileRef = 14CA2D971F4003EA00900937 /* SWXMLHash.framework */; settings = {ATTRIBUTES = (CodeSignOnCopy, RemoveHeadersOnCopy, ); }; };
		1410E09C1F4F76040075503B /* Yams.framework in CopyFiles */ = {isa = PBXBuildFile; fileRef = 14CA2D981F4003EA00900937 /* Yams.framework */; settings = {ATTRIBUTES = (CodeSignOnCopy, RemoveHeadersOnCopy, ); }; };
		1410E09D1F4F76420075503B /* SwiftStructureInterface.framework in CopyFiles */ = {isa = PBXBuildFile; fileRef = 14A81E271F436941001A6221 /* SwiftStructureInterface.framework */; settings = {ATTRIBUTES = (CodeSignOnCopy, RemoveHeadersOnCopy, ); }; };
		1410E09E1F4F76550075503B /* SwiftStructureInterface.framework in CopyFiles */ = {isa = PBXBuildFile; fileRef = 14A81E271F436941001A6221 /* SwiftStructureInterface.framework */; settings = {ATTRIBUTES = (CodeSignOnCopy, RemoveHeadersOnCopy, ); }; };
		14276C6A1F4F312E00EA7753 /* MockGenerator.framework in Frameworks */ = {isa = PBXBuildFile; fileRef = 14276C611F4F312E00EA7753 /* MockGenerator.framework */; };
		14276C6F1F4F312E00EA7753 /* MockGeneratorTests.swift in Sources */ = {isa = PBXBuildFile; fileRef = 14276C6E1F4F312E00EA7753 /* MockGeneratorTests.swift */; };
		14276C711F4F312E00EA7753 /* MockGenerator.h in Headers */ = {isa = PBXBuildFile; fileRef = 14276C631F4F312E00EA7753 /* MockGenerator.h */; settings = {ATTRIBUTES = (Public, ); }; };
		14276C791F4F314600EA7753 /* Generator.swift in Sources */ = {isa = PBXBuildFile; fileRef = 14276C781F4F314600EA7753 /* Generator.swift */; };
		14276C7A1F4F330E00EA7753 /* SwiftStructureInterface.framework in Frameworks */ = {isa = PBXBuildFile; fileRef = 14A81E271F436941001A6221 /* SwiftStructureInterface.framework */; };
		14276C7B1F4F332100EA7753 /* SourceKittenFramework.framework in Frameworks */ = {isa = PBXBuildFile; fileRef = 14CA2D961F4003EA00900937 /* SourceKittenFramework.framework */; };
		14276C7E1F4F33E300EA7753 /* MockGenerator.framework in Frameworks */ = {isa = PBXBuildFile; fileRef = 14276C611F4F312E00EA7753 /* MockGenerator.framework */; };
		14276C811F4F340800EA7753 /* SWXMLHash.framework in Frameworks */ = {isa = PBXBuildFile; fileRef = 14CA2D971F4003EA00900937 /* SWXMLHash.framework */; };
		14276C821F4F340800EA7753 /* Yams.framework in Frameworks */ = {isa = PBXBuildFile; fileRef = 14CA2D981F4003EA00900937 /* Yams.framework */; };
		14276C831F4F37D500EA7753 /* SourceKittenFramework.framework in Frameworks */ = {isa = PBXBuildFile; fileRef = 14CA2D961F4003EA00900937 /* SourceKittenFramework.framework */; };
		14276C841F4F37D500EA7753 /* SourceKittenFramework.framework in Embed Frameworks */ = {isa = PBXBuildFile; fileRef = 14CA2D961F4003EA00900937 /* SourceKittenFramework.framework */; settings = {ATTRIBUTES = (CodeSignOnCopy, RemoveHeadersOnCopy, ); }; };
		14276C851F4F37D500EA7753 /* SWXMLHash.framework in Frameworks */ = {isa = PBXBuildFile; fileRef = 14CA2D971F4003EA00900937 /* SWXMLHash.framework */; };
		14276C861F4F37D500EA7753 /* SWXMLHash.framework in Embed Frameworks */ = {isa = PBXBuildFile; fileRef = 14CA2D971F4003EA00900937 /* SWXMLHash.framework */; settings = {ATTRIBUTES = (CodeSignOnCopy, RemoveHeadersOnCopy, ); }; };
		14276C871F4F37D500EA7753 /* Yams.framework in Frameworks */ = {isa = PBXBuildFile; fileRef = 14CA2D981F4003EA00900937 /* Yams.framework */; };
		14276C881F4F37D500EA7753 /* Yams.framework in Embed Frameworks */ = {isa = PBXBuildFile; fileRef = 14CA2D981F4003EA00900937 /* Yams.framework */; settings = {ATTRIBUTES = (CodeSignOnCopy, RemoveHeadersOnCopy, ); }; };
		14276C891F4F37D500EA7753 /* SwiftStructureInterface.framework in Frameworks */ = {isa = PBXBuildFile; fileRef = 14A81E271F436941001A6221 /* SwiftStructureInterface.framework */; };
		14276C8A1F4F37D500EA7753 /* SwiftStructureInterface.framework in Embed Frameworks */ = {isa = PBXBuildFile; fileRef = 14A81E271F436941001A6221 /* SwiftStructureInterface.framework */; settings = {ATTRIBUTES = (CodeSignOnCopy, RemoveHeadersOnCopy, ); }; };
		14276C8D1F4F37D500EA7753 /* MockGenerator.framework in Frameworks */ = {isa = PBXBuildFile; fileRef = 14276C611F4F312E00EA7753 /* MockGenerator.framework */; };
		14276C8E1F4F37D500EA7753 /* MockGenerator.framework in Embed Frameworks */ = {isa = PBXBuildFile; fileRef = 14276C611F4F312E00EA7753 /* MockGenerator.framework */; settings = {ATTRIBUTES = (CodeSignOnCopy, RemoveHeadersOnCopy, ); }; };
		149287361F560D7B00E1D4B3 /* JavaEnvironment.m in Sources */ = {isa = PBXBuildFile; fileRef = 149287341F560D7800E1D4B3 /* JavaEnvironment.m */; };
		149287391F56158B00E1D4B3 /* JavaXcodeMockGeneratorBridge.h in Headers */ = {isa = PBXBuildFile; fileRef = 14BC8AFD1F538C36005B4F09 /* JavaXcodeMockGeneratorBridge.h */; settings = {ATTRIBUTES = (Public, ); }; };
		1492873A1F56158B00E1D4B3 /* JavaProtocolMethodBridge.h in Headers */ = {isa = PBXBuildFile; fileRef = 14BC8B011F538CAC005B4F09 /* JavaProtocolMethodBridge.h */; settings = {ATTRIBUTES = (Public, ); }; };
		1492873B1F56158B00E1D4B3 /* JavaEnvironment.h in Headers */ = {isa = PBXBuildFile; fileRef = 149287331F560D7800E1D4B3 /* JavaEnvironment.h */; settings = {ATTRIBUTES = (Public, ); }; };
		14A81E301F436941001A6221 /* SwiftStructureInterface.framework in Frameworks */ = {isa = PBXBuildFile; fileRef = 14A81E271F436941001A6221 /* SwiftStructureInterface.framework */; };
		14A81E371F436941001A6221 /* SwiftStructureInterface.h in Headers */ = {isa = PBXBuildFile; fileRef = 14A81E291F436941001A6221 /* SwiftStructureInterface.h */; settings = {ATTRIBUTES = (Public, ); }; };
		14A81E401F436953001A6221 /* SwiftStructureInterface.framework in Frameworks */ = {isa = PBXBuildFile; fileRef = 14A81E271F436941001A6221 /* SwiftStructureInterface.framework */; };
		14A81E411F436966001A6221 /* SourceKittenFramework.framework in Frameworks */ = {isa = PBXBuildFile; fileRef = 14CA2D961F4003EA00900937 /* SourceKittenFramework.framework */; };
		14A81E421F436966001A6221 /* SWXMLHash.framework in Frameworks */ = {isa = PBXBuildFile; fileRef = 14CA2D971F4003EA00900937 /* SWXMLHash.framework */; };
		14A81E431F436966001A6221 /* Yams.framework in Frameworks */ = {isa = PBXBuildFile; fileRef = 14CA2D981F4003EA00900937 /* Yams.framework */; };
		14A81E451F436979001A6221 /* SourceKittenFramework.framework in CopyFiles */ = {isa = PBXBuildFile; fileRef = 14CA2D961F4003EA00900937 /* SourceKittenFramework.framework */; settings = {ATTRIBUTES = (CodeSignOnCopy, RemoveHeadersOnCopy, ); }; };
		14A81E461F436979001A6221 /* SWXMLHash.framework in CopyFiles */ = {isa = PBXBuildFile; fileRef = 14CA2D971F4003EA00900937 /* SWXMLHash.framework */; settings = {ATTRIBUTES = (CodeSignOnCopy, RemoveHeadersOnCopy, ); }; };
		14A81E471F436979001A6221 /* Yams.framework in CopyFiles */ = {isa = PBXBuildFile; fileRef = 14CA2D981F4003EA00900937 /* Yams.framework */; settings = {ATTRIBUTES = (CodeSignOnCopy, RemoveHeadersOnCopy, ); }; };
		14AB7E291F43E6320001E6C3 /* SourceKittenFramework.framework in Frameworks */ = {isa = PBXBuildFile; fileRef = 14CA2D961F4003EA00900937 /* SourceKittenFramework.framework */; };
		14AB7E2A1F43E6320001E6C3 /* SWXMLHash.framework in Frameworks */ = {isa = PBXBuildFile; fileRef = 14CA2D971F4003EA00900937 /* SWXMLHash.framework */; };
		14AB7E2B1F43E6320001E6C3 /* Yams.framework in Frameworks */ = {isa = PBXBuildFile; fileRef = 14CA2D981F4003EA00900937 /* Yams.framework */; };
		14AB7E2D1F43E65B0001E6C3 /* SourceKittenFramework.framework in CopyFiles */ = {isa = PBXBuildFile; fileRef = 14CA2D961F4003EA00900937 /* SourceKittenFramework.framework */; settings = {ATTRIBUTES = (CodeSignOnCopy, RemoveHeadersOnCopy, ); }; };
		14AB7E2E1F43E65B0001E6C3 /* SWXMLHash.framework in CopyFiles */ = {isa = PBXBuildFile; fileRef = 14CA2D971F4003EA00900937 /* SWXMLHash.framework */; settings = {ATTRIBUTES = (CodeSignOnCopy, RemoveHeadersOnCopy, ); }; };
		14AB7E2F1F43E65B0001E6C3 /* Yams.framework in CopyFiles */ = {isa = PBXBuildFile; fileRef = 14CA2D981F4003EA00900937 /* Yams.framework */; settings = {ATTRIBUTES = (CodeSignOnCopy, RemoveHeadersOnCopy, ); }; };
		14BC8B001F538C36005B4F09 /* JavaXcodeMockGeneratorBridge.m in Sources */ = {isa = PBXBuildFile; fileRef = 14BC8AFE1F538C36005B4F09 /* JavaXcodeMockGeneratorBridge.m */; };
		14BC8B041F538CAC005B4F09 /* JavaProtocolMethodBridge.m in Sources */ = {isa = PBXBuildFile; fileRef = 14BC8B021F538CAC005B4F09 /* JavaProtocolMethodBridge.m */; };
		14BC8B0A1F538EDD005B4F09 /* libjvm.dylib in Frameworks */ = {isa = PBXBuildFile; fileRef = 14BC8B091F538EDD005B4F09 /* libjvm.dylib */; };
		14CA2D571F40007000900937 /* AppDelegate.swift in Sources */ = {isa = PBXBuildFile; fileRef = 14CA2D561F40007000900937 /* AppDelegate.swift */; };
		14CA2D591F40007000900937 /* ViewController.swift in Sources */ = {isa = PBXBuildFile; fileRef = 14CA2D581F40007000900937 /* ViewController.swift */; };
		14CA2D5B1F40007000900937 /* Assets.xcassets in Resources */ = {isa = PBXBuildFile; fileRef = 14CA2D5A1F40007000900937 /* Assets.xcassets */; };
		14CA2D5E1F40007000900937 /* Main.storyboard in Resources */ = {isa = PBXBuildFile; fileRef = 14CA2D5C1F40007000900937 /* Main.storyboard */; };
		14CA2D6C1F40008F00900937 /* Cocoa.framework in Frameworks */ = {isa = PBXBuildFile; fileRef = 14CA2D6B1F40008F00900937 /* Cocoa.framework */; };
		14CA2D711F40009000900937 /* SourceEditorExtension.swift in Sources */ = {isa = PBXBuildFile; fileRef = 14CA2D701F40009000900937 /* SourceEditorExtension.swift */; };
		14CA2D731F40009000900937 /* SourceEditorCommand.swift in Sources */ = {isa = PBXBuildFile; fileRef = 14CA2D721F40009000900937 /* SourceEditorCommand.swift */; };
		14CA2D771F40009000900937 /* XcodePlugin.appex in Embed App Extensions */ = {isa = PBXBuildFile; fileRef = 14CA2D691F40008F00900937 /* XcodePlugin.appex */; settings = {ATTRIBUTES = (RemoveHeadersOnCopy, ); }; };
		14CA2D871F4000AB00900937 /* main.m in Sources */ = {isa = PBXBuildFile; fileRef = 14CA2D861F4000AB00900937 /* main.m */; };
		14CA2D911F4000C400900937 /* MockGeneratorXPC.xpc in CopyFiles */ = {isa = PBXBuildFile; fileRef = 14CA2D801F4000AB00900937 /* MockGeneratorXPC.xpc */; settings = {ATTRIBUTES = (RemoveHeadersOnCopy, ); }; };
		14CA2D991F4003EA00900937 /* SourceKittenFramework.framework in Frameworks */ = {isa = PBXBuildFile; fileRef = 14CA2D961F4003EA00900937 /* SourceKittenFramework.framework */; };
		14CA2D9A1F4003EA00900937 /* SWXMLHash.framework in Frameworks */ = {isa = PBXBuildFile; fileRef = 14CA2D971F4003EA00900937 /* SWXMLHash.framework */; };
		14CA2D9B1F4003EA00900937 /* Yams.framework in Frameworks */ = {isa = PBXBuildFile; fileRef = 14CA2D981F4003EA00900937 /* Yams.framework */; };
		14CA2D9E1F40049700900937 /* MockGeneratorXPC.swift in Sources */ = {isa = PBXBuildFile; fileRef = 14CA2D9D1F40049700900937 /* MockGeneratorXPC.swift */; };
		14CA2DAC1F41349500900937 /* Preferences.swift in Sources */ = {isa = PBXBuildFile; fileRef = 14CA2DAB1F41349500900937 /* Preferences.swift */; };
		14CA2DAD1F41351200900937 /* Preferences.swift in Sources */ = {isa = PBXBuildFile; fileRef = 14CA2DAB1F41349500900937 /* Preferences.swift */; };
		14E132271F571EAF00D75943 /* MockGeneratorUseCases.jar in Resources */ = {isa = PBXBuildFile; fileRef = 14BC8B071F538CD8005B4F09 /* MockGeneratorUseCases.jar */; };
		14E132281F58E6D300D75943 /* MethodGatheringVisitor.swift in Sources */ = {isa = PBXBuildFile; fileRef = 35CDFDB834B634E694CF658C /* MethodGatheringVisitor.swift */; };
		14E1322B1F58E88F00D75943 /* StructureBuilderTestHelper.swift in Sources */ = {isa = PBXBuildFile; fileRef = 35CDF935B41E2DAED50B8D54 /* StructureBuilderTestHelper.swift */; };
		35CDF0068DB237A15D5F0802 /* StringCompareTestHelper.swift in Sources */ = {isa = PBXBuildFile; fileRef = 35CDF9A9E9859C405A1E3B06 /* StringCompareTestHelper.swift */; };
		35CDF23785F8638042864254 /* ResolveUtil.swift in Sources */ = {isa = PBXBuildFile; fileRef = 35CDFFE183347682F0523AEC /* ResolveUtil.swift */; };
		35CDF26B05A866EF1D0CBA3E /* ResolveUtilTests.swift in Sources */ = {isa = PBXBuildFile; fileRef = 35CDF67FD332DFA012E4AFD1 /* ResolveUtilTests.swift */; };
		35CDF3051C92D783E99E519D /* SourceFileFinder.swift in Sources */ = {isa = PBXBuildFile; fileRef = 35CDF4695C73C787CC3952DB /* SourceFileFinder.swift */; };
		35CDF33A981D9FC40DD8DED0 /* Element.swift in Sources */ = {isa = PBXBuildFile; fileRef = 35CDF1DF23DA287BB89C98CE /* Element.swift */; };
		35CDF382F399D38EF3964E34 /* StructureBuilderTests.swift in Sources */ = {isa = PBXBuildFile; fileRef = 35CDF1982CF619E9EB7EB843 /* StructureBuilderTests.swift */; };
		35CDF456C1B2DE8521968DDA /* CaretTestHelper.swift in Sources */ = {isa = PBXBuildFile; fileRef = 35CDFF790C9B97835CC38B63 /* CaretTestHelper.swift */; };
		35CDF481A22EB7B25F82A057 /* MockElementVisitor.swift in Sources */ = {isa = PBXBuildFile; fileRef = 35CDF5233283389F936081DF /* MockElementVisitor.swift */; };
		35CDF48B7D7BDDAE0C1AF8C7 /* SwiftFile.swift in Sources */ = {isa = PBXBuildFile; fileRef = 35CDFD52CD219150135E7502 /* SwiftFile.swift */; };
		35CDF4CEE0EF8AE2CCC8EF42 /* CaretUtil.swift in Sources */ = {isa = PBXBuildFile; fileRef = 35CDF5E76D0D23D53FAA33FE /* CaretUtil.swift */; };
		35CDF5605D7706935435A8A0 /* CaretUtilTests.swift in Sources */ = {isa = PBXBuildFile; fileRef = 35CDFA0304D65D99B38F1511 /* CaretUtilTests.swift */; };
		35CDF6632380B3EC3A0D5194 /* SwiftMethodElement.swift in Sources */ = {isa = PBXBuildFile; fileRef = 35CDF894D29CF584F3FCF949 /* SwiftMethodElement.swift */; };
		35CDF6634396A10B8AE58527 /* PositionedElement.swift in Sources */ = {isa = PBXBuildFile; fileRef = 35CDFFF66DAF392668FD8C65 /* PositionedElement.swift */; };
		35CDF7505CADC781553C49B5 /* LocationConverterTests.swift in Sources */ = {isa = PBXBuildFile; fileRef = 35CDF7AF815B381FC3537145 /* LocationConverterTests.swift */; };
		35CDF750D8813E335EBDAB5C /* RecursiveElementVisitorTests.swift in Sources */ = {isa = PBXBuildFile; fileRef = 35CDF5FC4DF19CB7E29E7291 /* RecursiveElementVisitorTests.swift */; };
		35CDF7CC43284E5D7E50D365 /* File.swift in Sources */ = {isa = PBXBuildFile; fileRef = 35CDFA651F3CC48921FAC53C /* File.swift */; };
		35CDF85E7BE3D38252AA5261 /* StructureBuilder.swift in Sources */ = {isa = PBXBuildFile; fileRef = 35CDF9C14F5E6D0F651D7DCC /* StructureBuilder.swift */; };
		35CDF8B31981E6BBF132E1BD /* SwiftElement.swift in Sources */ = {isa = PBXBuildFile; fileRef = 35CDF766CA2BD7332CEDEFE4 /* SwiftElement.swift */; };
		35CDF9685E42EEEE45755B2E /* DeleteBodyUtil.swift in Sources */ = {isa = PBXBuildFile; fileRef = 35CDF713F6161FBDE25F45B9 /* DeleteBodyUtil.swift */; };
		35CDFA633679A596E5A724FD /* SwiftElementTests.swift in Sources */ = {isa = PBXBuildFile; fileRef = 35CDF8C7624DBE51669019E0 /* SwiftElementTests.swift */; };
		35CDFA84F24F64939FD7F5D0 /* StringCompareTestHelper.swift in Sources */ = {isa = PBXBuildFile; fileRef = 35CDF9A9E9859C405A1E3B06 /* StringCompareTestHelper.swift */; };
		35CDFAE02852F36895E33BBC /* DeleteBodyUtilTests.swift in Sources */ = {isa = PBXBuildFile; fileRef = 35CDFF626768CFA150C8AC4A /* DeleteBodyUtilTests.swift */; };
		35CDFAE2030784DF47F2D04C /* ElementVisitor.swift in Sources */ = {isa = PBXBuildFile; fileRef = 35CDF33961A5167417B7B98C /* ElementVisitor.swift */; };
		35CDFB0C5784DBAB1651F1EB /* TypeDeclaration.swift in Sources */ = {isa = PBXBuildFile; fileRef = 35CDF8244EF3871B469A7F10 /* TypeDeclaration.swift */; };
		35CDFB5D13BE10480E65CA94 /* SwiftTypeElementTests.swift in Sources */ = {isa = PBXBuildFile; fileRef = 35CDF642179591FC59A8BF6D /* SwiftTypeElementTests.swift */; };
		35CDFBEE697BA9EA2262CC2B /* LocationConverter.swift in Sources */ = {isa = PBXBuildFile; fileRef = 35CDFF505E0EFBD4E9D7524F /* LocationConverter.swift */; };
		35CDFCA7893A4ED583B224CE /* TestConstants.swift in Sources */ = {isa = PBXBuildFile; fileRef = 35CDFA3F96B79163ABF3CE4C /* TestConstants.swift */; };
		35CDFCBD3149A396687A224F /* FormatUtil.swift in Sources */ = {isa = PBXBuildFile; fileRef = 35CDF23686B80D1A8FF37150 /* FormatUtil.swift */; };
		35CDFDA6602AD4DA24978981 /* TempFileWriterUtilTests.swift in Sources */ = {isa = PBXBuildFile; fileRef = 35CDF63FE99E9DD8A595A739 /* TempFileWriterUtilTests.swift */; };
		35CDFDD32E1E16A72B993F37 /* CaretTestHelper.swift in Sources */ = {isa = PBXBuildFile; fileRef = 35CDFF790C9B97835CC38B63 /* CaretTestHelper.swift */; };
		35CDFE03E5358F42D81075F8 /* SwiftFileTests.swift in Sources */ = {isa = PBXBuildFile; fileRef = 35CDF14DD45E8554072A9C62 /* SwiftFileTests.swift */; };
		35CDFE069592919AB3701F55 /* SwiftTypeElement.swift in Sources */ = {isa = PBXBuildFile; fileRef = 35CDFABD66BD2AAC8CC99C53 /* SwiftTypeElement.swift */; };
		35CDFE91B43BA1AB535C7875 /* CodeBlockContainer.swift in Sources */ = {isa = PBXBuildFile; fileRef = 35CDFBC00965128E6462CE1A /* CodeBlockContainer.swift */; };
		35CDFF02C0E0D3CD6AAF6407 /* StructureBuilderTestHelper.swift in Sources */ = {isa = PBXBuildFile; fileRef = 35CDF935B41E2DAED50B8D54 /* StructureBuilderTestHelper.swift */; };
		35CDFF24A71BDAEF47CE5C47 /* FormatUtilTests.swift in Sources */ = {isa = PBXBuildFile; fileRef = 35CDF55A2F9EFDC3DE2DAF78 /* FormatUtilTests.swift */; };
		35CDFFA99D7813A4D10E6E72 /* SwiftMethodElementTests.swift in Sources */ = {isa = PBXBuildFile; fileRef = 35CDFBD5666F5CFC66BE57FC /* SwiftMethodElementTests.swift */; };
		35CDFFBDF2E7B9CF25213BB7 /* RecursiveElementVisitor.swift in Sources */ = {isa = PBXBuildFile; fileRef = 35CDF56AA2864F89BCC2B13D /* RecursiveElementVisitor.swift */; };
		35CDFFD4FEE85F54F1EDB391 /* TempFileWriterUtil.swift in Sources */ = {isa = PBXBuildFile; fileRef = 35CDF7A321BB4D6C4F3BBFBF /* TempFileWriterUtil.swift */; };
/* End PBXBuildFile section */

/* Begin PBXContainerItemProxy section */
		14276C6B1F4F312E00EA7753 /* PBXContainerItemProxy */ = {
			isa = PBXContainerItemProxy;
			containerPortal = 14CA2D4B1F40007000900937 /* Project object */;
			proxyType = 1;
			remoteGlobalIDString = 14276C601F4F312E00EA7753;
			remoteInfo = MockGenerator;
		};
		14276C7C1F4F332A00EA7753 /* PBXContainerItemProxy */ = {
			isa = PBXContainerItemProxy;
			containerPortal = 14CA2D4B1F40007000900937 /* Project object */;
			proxyType = 1;
			remoteGlobalIDString = 14A81E261F436941001A6221;
			remoteInfo = SwiftStructureInterface;
		};
		14276C7F1F4F33E700EA7753 /* PBXContainerItemProxy */ = {
			isa = PBXContainerItemProxy;
			containerPortal = 14CA2D4B1F40007000900937 /* Project object */;
			proxyType = 1;
			remoteGlobalIDString = 14276C601F4F312E00EA7753;
			remoteInfo = MockGenerator;
		};
		14276C8B1F4F37D500EA7753 /* PBXContainerItemProxy */ = {
			isa = PBXContainerItemProxy;
			containerPortal = 14CA2D4B1F40007000900937 /* Project object */;
			proxyType = 1;
			remoteGlobalIDString = 14A81E261F436941001A6221;
			remoteInfo = SwiftStructureInterface;
		};
		14276C8F1F4F37D500EA7753 /* PBXContainerItemProxy */ = {
			isa = PBXContainerItemProxy;
			containerPortal = 14CA2D4B1F40007000900937 /* Project object */;
			proxyType = 1;
			remoteGlobalIDString = 14276C601F4F312E00EA7753;
			remoteInfo = MockGenerator;
		};
		14276C921F4F3C3300EA7753 /* PBXContainerItemProxy */ = {
			isa = PBXContainerItemProxy;
			containerPortal = 14CA2D4B1F40007000900937 /* Project object */;
			proxyType = 1;
			remoteGlobalIDString = 14CA2D521F40007000900937;
			remoteInfo = MockGeneratorApp;
		};
		14A81E311F436941001A6221 /* PBXContainerItemProxy */ = {
			isa = PBXContainerItemProxy;
			containerPortal = 14CA2D4B1F40007000900937 /* Project object */;
			proxyType = 1;
			remoteGlobalIDString = 14A81E261F436941001A6221;
			remoteInfo = SwiftStructureInterface;
		};
		14CA2D751F40009000900937 /* PBXContainerItemProxy */ = {
			isa = PBXContainerItemProxy;
			containerPortal = 14CA2D4B1F40007000900937 /* Project object */;
			proxyType = 1;
			remoteGlobalIDString = 14CA2D681F40008F00900937;
			remoteInfo = XcodePlugin;
		};
		14CA2D921F4000C900900937 /* PBXContainerItemProxy */ = {
			isa = PBXContainerItemProxy;
			containerPortal = 14CA2D4B1F40007000900937 /* Project object */;
			proxyType = 1;
			remoteGlobalIDString = 14CA2D7F1F4000AB00900937;
			remoteInfo = MockGeneratorXPC;
		};
/* End PBXContainerItemProxy section */

/* Begin PBXCopyFilesBuildPhase section */
		1410E0951F4F75DB0075503B /* CopyFiles */ = {
			isa = PBXCopyFilesBuildPhase;
			buildActionMask = 2147483647;
			dstPath = "";
			dstSubfolderSpec = 10;
			files = (
				1410E09D1F4F76420075503B /* SwiftStructureInterface.framework in CopyFiles */,
				1410E0961F4F75E90075503B /* SourceKittenFramework.framework in CopyFiles */,
				1410E0971F4F75E90075503B /* SWXMLHash.framework in CopyFiles */,
				1410E0981F4F75E90075503B /* Yams.framework in CopyFiles */,
			);
			runOnlyForDeploymentPostprocessing = 0;
		};
		1410E0991F4F75FB0075503B /* CopyFiles */ = {
			isa = PBXCopyFilesBuildPhase;
			buildActionMask = 2147483647;
			dstPath = "";
			dstSubfolderSpec = 10;
			files = (
				1410E09E1F4F76550075503B /* SwiftStructureInterface.framework in CopyFiles */,
				1410E09A1F4F76040075503B /* SourceKittenFramework.framework in CopyFiles */,
				1410E09B1F4F76040075503B /* SWXMLHash.framework in CopyFiles */,
				1410E09C1F4F76040075503B /* Yams.framework in CopyFiles */,
			);
			runOnlyForDeploymentPostprocessing = 0;
		};
		14276C911F4F37D500EA7753 /* Embed Frameworks */ = {
			isa = PBXCopyFilesBuildPhase;
			buildActionMask = 2147483647;
			dstPath = "";
			dstSubfolderSpec = 10;
			files = (
				14276C8A1F4F37D500EA7753 /* SwiftStructureInterface.framework in Embed Frameworks */,
				14276C881F4F37D500EA7753 /* Yams.framework in Embed Frameworks */,
				14276C861F4F37D500EA7753 /* SWXMLHash.framework in Embed Frameworks */,
				14276C8E1F4F37D500EA7753 /* MockGenerator.framework in Embed Frameworks */,
				14276C841F4F37D500EA7753 /* SourceKittenFramework.framework in Embed Frameworks */,
			);
			name = "Embed Frameworks";
			runOnlyForDeploymentPostprocessing = 0;
		};
		14A81E441F43696B001A6221 /* CopyFiles */ = {
			isa = PBXCopyFilesBuildPhase;
			buildActionMask = 2147483647;
			dstPath = "";
			dstSubfolderSpec = 10;
			files = (
				14A81E451F436979001A6221 /* SourceKittenFramework.framework in CopyFiles */,
				14A81E461F436979001A6221 /* SWXMLHash.framework in CopyFiles */,
				14A81E471F436979001A6221 /* Yams.framework in CopyFiles */,
			);
			runOnlyForDeploymentPostprocessing = 0;
		};
		14AB7E2C1F43E63C0001E6C3 /* CopyFiles */ = {
			isa = PBXCopyFilesBuildPhase;
			buildActionMask = 2147483647;
			dstPath = "";
			dstSubfolderSpec = 10;
			files = (
				14AB7E2D1F43E65B0001E6C3 /* SourceKittenFramework.framework in CopyFiles */,
				14AB7E2E1F43E65B0001E6C3 /* SWXMLHash.framework in CopyFiles */,
				14AB7E2F1F43E65B0001E6C3 /* Yams.framework in CopyFiles */,
			);
			runOnlyForDeploymentPostprocessing = 0;
		};
		14CA2D7B1F40009000900937 /* Embed App Extensions */ = {
			isa = PBXCopyFilesBuildPhase;
			buildActionMask = 2147483647;
			dstPath = "";
			dstSubfolderSpec = 13;
			files = (
				14CA2D771F40009000900937 /* XcodePlugin.appex in Embed App Extensions */,
			);
			name = "Embed App Extensions";
			runOnlyForDeploymentPostprocessing = 0;
		};
		14CA2D901F4000BB00900937 /* CopyFiles */ = {
			isa = PBXCopyFilesBuildPhase;
			buildActionMask = 2147483647;
			dstPath = "$(CONTENTS_FOLDER_PATH)/XPCServices";
			dstSubfolderSpec = 16;
			files = (
				14CA2D911F4000C400900937 /* MockGeneratorXPC.xpc in CopyFiles */,
			);
			runOnlyForDeploymentPostprocessing = 0;
		};
/* End PBXCopyFilesBuildPhase section */

/* Begin PBXFileReference section */
		14276C611F4F312E00EA7753 /* MockGenerator.framework */ = {isa = PBXFileReference; explicitFileType = wrapper.framework; includeInIndex = 0; path = MockGenerator.framework; sourceTree = BUILT_PRODUCTS_DIR; };
		14276C631F4F312E00EA7753 /* MockGenerator.h */ = {isa = PBXFileReference; lastKnownFileType = sourcecode.c.h; path = MockGenerator.h; sourceTree = "<group>"; };
		14276C641F4F312E00EA7753 /* Info.plist */ = {isa = PBXFileReference; lastKnownFileType = text.plist.xml; path = Info.plist; sourceTree = "<group>"; };
		14276C691F4F312E00EA7753 /* MockGeneratorTests.xctest */ = {isa = PBXFileReference; explicitFileType = wrapper.cfbundle; includeInIndex = 0; path = MockGeneratorTests.xctest; sourceTree = BUILT_PRODUCTS_DIR; };
		14276C6E1F4F312E00EA7753 /* MockGeneratorTests.swift */ = {isa = PBXFileReference; lastKnownFileType = sourcecode.swift; path = MockGeneratorTests.swift; sourceTree = "<group>"; };
		14276C701F4F312E00EA7753 /* Info.plist */ = {isa = PBXFileReference; lastKnownFileType = text.plist.xml; path = Info.plist; sourceTree = "<group>"; };
		14276C781F4F314600EA7753 /* Generator.swift */ = {isa = PBXFileReference; fileEncoding = 4; lastKnownFileType = sourcecode.swift; path = Generator.swift; sourceTree = "<group>"; };
		149287331F560D7800E1D4B3 /* JavaEnvironment.h */ = {isa = PBXFileReference; fileEncoding = 4; lastKnownFileType = sourcecode.c.h; path = JavaEnvironment.h; sourceTree = "<group>"; };
		149287341F560D7800E1D4B3 /* JavaEnvironment.m */ = {isa = PBXFileReference; fileEncoding = 4; lastKnownFileType = sourcecode.c.objc; path = JavaEnvironment.m; sourceTree = "<group>"; };
		14A81E271F436941001A6221 /* SwiftStructureInterface.framework */ = {isa = PBXFileReference; explicitFileType = wrapper.framework; includeInIndex = 0; path = SwiftStructureInterface.framework; sourceTree = BUILT_PRODUCTS_DIR; };
		14A81E291F436941001A6221 /* SwiftStructureInterface.h */ = {isa = PBXFileReference; lastKnownFileType = sourcecode.c.h; path = SwiftStructureInterface.h; sourceTree = "<group>"; };
		14A81E2A1F436941001A6221 /* Info.plist */ = {isa = PBXFileReference; lastKnownFileType = text.plist.xml; path = Info.plist; sourceTree = "<group>"; };
		14A81E2F1F436941001A6221 /* SwiftStructureInterfaceTests.xctest */ = {isa = PBXFileReference; explicitFileType = wrapper.cfbundle; includeInIndex = 0; path = SwiftStructureInterfaceTests.xctest; sourceTree = BUILT_PRODUCTS_DIR; };
		14A81E361F436941001A6221 /* Info.plist */ = {isa = PBXFileReference; lastKnownFileType = text.plist.xml; path = Info.plist; sourceTree = "<group>"; };
		14BC8AFD1F538C36005B4F09 /* JavaXcodeMockGeneratorBridge.h */ = {isa = PBXFileReference; fileEncoding = 4; lastKnownFileType = sourcecode.c.h; path = JavaXcodeMockGeneratorBridge.h; sourceTree = "<group>"; };
		14BC8AFE1F538C36005B4F09 /* JavaXcodeMockGeneratorBridge.m */ = {isa = PBXFileReference; fileEncoding = 4; lastKnownFileType = sourcecode.c.objc; path = JavaXcodeMockGeneratorBridge.m; sourceTree = "<group>"; };
		14BC8B011F538CAC005B4F09 /* JavaProtocolMethodBridge.h */ = {isa = PBXFileReference; fileEncoding = 4; lastKnownFileType = sourcecode.c.h; path = JavaProtocolMethodBridge.h; sourceTree = "<group>"; };
		14BC8B021F538CAC005B4F09 /* JavaProtocolMethodBridge.m */ = {isa = PBXFileReference; fileEncoding = 4; lastKnownFileType = sourcecode.c.objc; path = JavaProtocolMethodBridge.m; sourceTree = "<group>"; };
		14BC8B071F538CD8005B4F09 /* MockGeneratorUseCases.jar */ = {isa = PBXFileReference; lastKnownFileType = archive.jar; name = MockGeneratorUseCases.jar; path = ../../community/out/artifacts/MockGeneratorUseCases_jar/MockGeneratorUseCases.jar; sourceTree = "<group>"; };
		14BC8B091F538EDD005B4F09 /* libjvm.dylib */ = {isa = PBXFileReference; lastKnownFileType = "compiled.mach-o.dylib"; name = libjvm.dylib; path = ../../../../../Library/Java/JavaVirtualMachines/jdk1.8.0_121.jdk/Contents/Home/jre/lib/server/libjvm.dylib; sourceTree = "<group>"; };
		14CA2D531F40007000900937 /* MockGeneratorApp.app */ = {isa = PBXFileReference; explicitFileType = wrapper.application; includeInIndex = 0; path = MockGeneratorApp.app; sourceTree = BUILT_PRODUCTS_DIR; };
		14CA2D561F40007000900937 /* AppDelegate.swift */ = {isa = PBXFileReference; lastKnownFileType = sourcecode.swift; path = AppDelegate.swift; sourceTree = "<group>"; };
		14CA2D581F40007000900937 /* ViewController.swift */ = {isa = PBXFileReference; lastKnownFileType = sourcecode.swift; path = ViewController.swift; sourceTree = "<group>"; };
		14CA2D5A1F40007000900937 /* Assets.xcassets */ = {isa = PBXFileReference; lastKnownFileType = folder.assetcatalog; path = Assets.xcassets; sourceTree = "<group>"; };
		14CA2D5D1F40007000900937 /* Base */ = {isa = PBXFileReference; lastKnownFileType = file.storyboard; name = Base; path = Base.lproj/Main.storyboard; sourceTree = "<group>"; };
		14CA2D5F1F40007000900937 /* Info.plist */ = {isa = PBXFileReference; lastKnownFileType = text.plist.xml; path = Info.plist; sourceTree = "<group>"; };
		14CA2D691F40008F00900937 /* XcodePlugin.appex */ = {isa = PBXFileReference; explicitFileType = "wrapper.app-extension"; includeInIndex = 0; path = XcodePlugin.appex; sourceTree = BUILT_PRODUCTS_DIR; };
		14CA2D6B1F40008F00900937 /* Cocoa.framework */ = {isa = PBXFileReference; lastKnownFileType = wrapper.framework; name = Cocoa.framework; path = System/Library/Frameworks/Cocoa.framework; sourceTree = SDKROOT; };
		14CA2D6F1F40009000900937 /* XcodePlugin.entitlements */ = {isa = PBXFileReference; lastKnownFileType = text.plist.entitlements; path = XcodePlugin.entitlements; sourceTree = "<group>"; };
		14CA2D701F40009000900937 /* SourceEditorExtension.swift */ = {isa = PBXFileReference; lastKnownFileType = sourcecode.swift; path = SourceEditorExtension.swift; sourceTree = "<group>"; };
		14CA2D721F40009000900937 /* SourceEditorCommand.swift */ = {isa = PBXFileReference; lastKnownFileType = sourcecode.swift; path = SourceEditorCommand.swift; sourceTree = "<group>"; };
		14CA2D741F40009000900937 /* Info.plist */ = {isa = PBXFileReference; lastKnownFileType = text.plist.xml; path = Info.plist; sourceTree = "<group>"; };
		14CA2D801F4000AB00900937 /* MockGeneratorXPC.xpc */ = {isa = PBXFileReference; explicitFileType = "wrapper.xpc-service"; includeInIndex = 0; path = MockGeneratorXPC.xpc; sourceTree = BUILT_PRODUCTS_DIR; };
		14CA2D821F4000AB00900937 /* MockGeneratorXPCProtocol.h */ = {isa = PBXFileReference; lastKnownFileType = sourcecode.c.h; path = MockGeneratorXPCProtocol.h; sourceTree = "<group>"; };
		14CA2D861F4000AB00900937 /* main.m */ = {isa = PBXFileReference; lastKnownFileType = sourcecode.c.objc; path = main.m; sourceTree = "<group>"; };
		14CA2D881F4000AB00900937 /* Info.plist */ = {isa = PBXFileReference; lastKnownFileType = text.plist.xml; path = Info.plist; sourceTree = "<group>"; };
		14CA2D941F4000D000900937 /* MockGeneratorApp.entitlements */ = {isa = PBXFileReference; lastKnownFileType = text.plist.entitlements; path = MockGeneratorApp.entitlements; sourceTree = "<group>"; };
		14CA2D951F40012100900937 /* XcodePlugin-Bridging-Header.h */ = {isa = PBXFileReference; lastKnownFileType = sourcecode.c.h; path = "XcodePlugin-Bridging-Header.h"; sourceTree = "<group>"; };
		14CA2D961F4003EA00900937 /* SourceKittenFramework.framework */ = {isa = PBXFileReference; lastKnownFileType = wrapper.framework; name = SourceKittenFramework.framework; path = lib/SourceKittenFramework.framework; sourceTree = "<group>"; };
		14CA2D971F4003EA00900937 /* SWXMLHash.framework */ = {isa = PBXFileReference; lastKnownFileType = wrapper.framework; name = SWXMLHash.framework; path = lib/SWXMLHash.framework; sourceTree = "<group>"; };
		14CA2D981F4003EA00900937 /* Yams.framework */ = {isa = PBXFileReference; lastKnownFileType = wrapper.framework; name = Yams.framework; path = lib/Yams.framework; sourceTree = "<group>"; };
		14CA2D9C1F40049700900937 /* MockGeneratorXPC-Bridging-Header.h */ = {isa = PBXFileReference; lastKnownFileType = sourcecode.c.h; path = "MockGeneratorXPC-Bridging-Header.h"; sourceTree = "<group>"; };
		14CA2D9D1F40049700900937 /* MockGeneratorXPC.swift */ = {isa = PBXFileReference; fileEncoding = 4; lastKnownFileType = sourcecode.swift; path = MockGeneratorXPC.swift; sourceTree = "<group>"; };
		14CA2DAB1F41349500900937 /* Preferences.swift */ = {isa = PBXFileReference; fileEncoding = 4; lastKnownFileType = sourcecode.swift; name = Preferences.swift; path = Shared/Preferences.swift; sourceTree = "<group>"; };
		35CDF087FFEDD3FD8F68133F /* readlog */ = {isa = PBXFileReference; fileEncoding = 1; lastKnownFileType = text; path = readlog; sourceTree = "<group>"; };
		35CDF14DD45E8554072A9C62 /* SwiftFileTests.swift */ = {isa = PBXFileReference; fileEncoding = 4; lastKnownFileType = sourcecode.swift; path = SwiftFileTests.swift; sourceTree = "<group>"; };
		35CDF1979F49B7777F1BB71E /* swifttostring */ = {isa = PBXFileReference; fileEncoding = 4; lastKnownFileType = text; path = swifttostring; sourceTree = "<group>"; };
		35CDF1982CF619E9EB7EB843 /* StructureBuilderTests.swift */ = {isa = PBXFileReference; fileEncoding = 4; lastKnownFileType = sourcecode.swift; path = StructureBuilderTests.swift; sourceTree = "<group>"; };
		35CDF1DF23DA287BB89C98CE /* Element.swift */ = {isa = PBXFileReference; fileEncoding = 4; lastKnownFileType = sourcecode.swift; path = Element.swift; sourceTree = "<group>"; };
		35CDF23686B80D1A8FF37150 /* FormatUtil.swift */ = {isa = PBXFileReference; fileEncoding = 4; lastKnownFileType = sourcecode.swift; path = FormatUtil.swift; sourceTree = "<group>"; };
		35CDF33961A5167417B7B98C /* ElementVisitor.swift */ = {isa = PBXFileReference; fileEncoding = 4; lastKnownFileType = sourcecode.swift; path = ElementVisitor.swift; sourceTree = "<group>"; };
		35CDF4695C73C787CC3952DB /* SourceFileFinder.swift */ = {isa = PBXFileReference; fileEncoding = 4; lastKnownFileType = sourcecode.swift; path = SourceFileFinder.swift; sourceTree = "<group>"; };
		35CDF5233283389F936081DF /* MockElementVisitor.swift */ = {isa = PBXFileReference; fileEncoding = 4; lastKnownFileType = sourcecode.swift; path = MockElementVisitor.swift; sourceTree = "<group>"; };
		35CDF55A2F9EFDC3DE2DAF78 /* FormatUtilTests.swift */ = {isa = PBXFileReference; fileEncoding = 4; lastKnownFileType = sourcecode.swift; path = FormatUtilTests.swift; sourceTree = "<group>"; };
		35CDF5690154C9A374C4AF51 /* runxcode */ = {isa = PBXFileReference; fileEncoding = 1; lastKnownFileType = text; path = runxcode; sourceTree = "<group>"; };
		35CDF56AA2864F89BCC2B13D /* RecursiveElementVisitor.swift */ = {isa = PBXFileReference; fileEncoding = 4; lastKnownFileType = sourcecode.swift; path = RecursiveElementVisitor.swift; sourceTree = "<group>"; };
		35CDF5E76D0D23D53FAA33FE /* CaretUtil.swift */ = {isa = PBXFileReference; fileEncoding = 4; lastKnownFileType = sourcecode.swift; path = CaretUtil.swift; sourceTree = "<group>"; };
		35CDF5FC4DF19CB7E29E7291 /* RecursiveElementVisitorTests.swift */ = {isa = PBXFileReference; fileEncoding = 4; lastKnownFileType = sourcecode.swift; path = RecursiveElementVisitorTests.swift; sourceTree = "<group>"; };
		35CDF63FE99E9DD8A595A739 /* TempFileWriterUtilTests.swift */ = {isa = PBXFileReference; fileEncoding = 4; lastKnownFileType = sourcecode.swift; path = TempFileWriterUtilTests.swift; sourceTree = "<group>"; };
		35CDF642179591FC59A8BF6D /* SwiftTypeElementTests.swift */ = {isa = PBXFileReference; fileEncoding = 4; lastKnownFileType = sourcecode.swift; path = SwiftTypeElementTests.swift; sourceTree = "<group>"; };
		35CDF67FD332DFA012E4AFD1 /* ResolveUtilTests.swift */ = {isa = PBXFileReference; fileEncoding = 4; lastKnownFileType = sourcecode.swift; path = ResolveUtilTests.swift; sourceTree = "<group>"; };
		35CDF713F6161FBDE25F45B9 /* DeleteBodyUtil.swift */ = {isa = PBXFileReference; fileEncoding = 4; lastKnownFileType = sourcecode.swift; path = DeleteBodyUtil.swift; sourceTree = "<group>"; };
		35CDF766CA2BD7332CEDEFE4 /* SwiftElement.swift */ = {isa = PBXFileReference; fileEncoding = 4; lastKnownFileType = sourcecode.swift; path = SwiftElement.swift; sourceTree = "<group>"; };
		35CDF7A321BB4D6C4F3BBFBF /* TempFileWriterUtil.swift */ = {isa = PBXFileReference; fileEncoding = 4; lastKnownFileType = sourcecode.swift; path = TempFileWriterUtil.swift; sourceTree = "<group>"; };
		35CDF7A9B1705ADFFC0CB415 /* MethodGatheringVisitorTests.swift */ = {isa = PBXFileReference; fileEncoding = 4; lastKnownFileType = sourcecode.swift; path = MethodGatheringVisitorTests.swift; sourceTree = "<group>"; };
		35CDF7AF815B381FC3537145 /* LocationConverterTests.swift */ = {isa = PBXFileReference; fileEncoding = 4; lastKnownFileType = sourcecode.swift; path = LocationConverterTests.swift; sourceTree = "<group>"; };
		35CDF8244EF3871B469A7F10 /* TypeDeclaration.swift */ = {isa = PBXFileReference; fileEncoding = 4; lastKnownFileType = sourcecode.swift; path = TypeDeclaration.swift; sourceTree = "<group>"; };
		35CDF894D29CF584F3FCF949 /* SwiftMethodElement.swift */ = {isa = PBXFileReference; fileEncoding = 4; lastKnownFileType = sourcecode.swift; path = SwiftMethodElement.swift; sourceTree = "<group>"; };
		35CDF8C7624DBE51669019E0 /* SwiftElementTests.swift */ = {isa = PBXFileReference; fileEncoding = 4; lastKnownFileType = sourcecode.swift; path = SwiftElementTests.swift; sourceTree = "<group>"; };
		35CDF935B41E2DAED50B8D54 /* StructureBuilderTestHelper.swift */ = {isa = PBXFileReference; fileEncoding = 4; lastKnownFileType = sourcecode.swift; path = StructureBuilderTestHelper.swift; sourceTree = "<group>"; };
		35CDF9A9E9859C405A1E3B06 /* StringCompareTestHelper.swift */ = {isa = PBXFileReference; fileEncoding = 4; lastKnownFileType = sourcecode.swift; path = StringCompareTestHelper.swift; sourceTree = "<group>"; };
		35CDF9C14F5E6D0F651D7DCC /* StructureBuilder.swift */ = {isa = PBXFileReference; fileEncoding = 4; lastKnownFileType = sourcecode.swift; path = StructureBuilder.swift; sourceTree = "<group>"; };
		35CDFA0304D65D99B38F1511 /* CaretUtilTests.swift */ = {isa = PBXFileReference; fileEncoding = 4; lastKnownFileType = sourcecode.swift; path = CaretUtilTests.swift; sourceTree = "<group>"; };
		35CDFA3F96B79163ABF3CE4C /* TestConstants.swift */ = {isa = PBXFileReference; fileEncoding = 4; lastKnownFileType = sourcecode.swift; path = TestConstants.swift; sourceTree = "<group>"; };
		35CDFA651F3CC48921FAC53C /* File.swift */ = {isa = PBXFileReference; fileEncoding = 4; lastKnownFileType = sourcecode.swift; path = File.swift; sourceTree = "<group>"; };
		35CDFABD66BD2AAC8CC99C53 /* SwiftTypeElement.swift */ = {isa = PBXFileReference; fileEncoding = 4; lastKnownFileType = sourcecode.swift; path = SwiftTypeElement.swift; sourceTree = "<group>"; };
		35CDFBC00965128E6462CE1A /* CodeBlockContainer.swift */ = {isa = PBXFileReference; fileEncoding = 4; lastKnownFileType = sourcecode.swift; path = CodeBlockContainer.swift; sourceTree = "<group>"; };
		35CDFBD5666F5CFC66BE57FC /* SwiftMethodElementTests.swift */ = {isa = PBXFileReference; fileEncoding = 4; lastKnownFileType = sourcecode.swift; path = SwiftMethodElementTests.swift; sourceTree = "<group>"; };
		35CDFD52CD219150135E7502 /* SwiftFile.swift */ = {isa = PBXFileReference; fileEncoding = 4; lastKnownFileType = sourcecode.swift; path = SwiftFile.swift; sourceTree = "<group>"; };
		35CDFDB834B634E694CF658C /* MethodGatheringVisitor.swift */ = {isa = PBXFileReference; fileEncoding = 4; lastKnownFileType = sourcecode.swift; path = MethodGatheringVisitor.swift; sourceTree = "<group>"; };
		35CDFF505E0EFBD4E9D7524F /* LocationConverter.swift */ = {isa = PBXFileReference; fileEncoding = 4; lastKnownFileType = sourcecode.swift; path = LocationConverter.swift; sourceTree = "<group>"; };
		35CDFF626768CFA150C8AC4A /* DeleteBodyUtilTests.swift */ = {isa = PBXFileReference; fileEncoding = 4; lastKnownFileType = sourcecode.swift; path = DeleteBodyUtilTests.swift; sourceTree = "<group>"; };
		35CDFF790C9B97835CC38B63 /* CaretTestHelper.swift */ = {isa = PBXFileReference; fileEncoding = 4; lastKnownFileType = sourcecode.swift; path = CaretTestHelper.swift; sourceTree = "<group>"; };
		35CDFFE183347682F0523AEC /* ResolveUtil.swift */ = {isa = PBXFileReference; fileEncoding = 4; lastKnownFileType = sourcecode.swift; path = ResolveUtil.swift; sourceTree = "<group>"; };
		35CDFFF66DAF392668FD8C65 /* PositionedElement.swift */ = {isa = PBXFileReference; fileEncoding = 4; lastKnownFileType = sourcecode.swift; path = PositionedElement.swift; sourceTree = "<group>"; };
/* End PBXFileReference section */

/* Begin PBXFrameworksBuildPhase section */
		14276C5D1F4F312E00EA7753 /* Frameworks */ = {
			isa = PBXFrameworksBuildPhase;
			buildActionMask = 2147483647;
			files = (
				14BC8B0A1F538EDD005B4F09 /* libjvm.dylib in Frameworks */,
				14276C811F4F340800EA7753 /* SWXMLHash.framework in Frameworks */,
				14276C821F4F340800EA7753 /* Yams.framework in Frameworks */,
				14276C7B1F4F332100EA7753 /* SourceKittenFramework.framework in Frameworks */,
				14276C7A1F4F330E00EA7753 /* SwiftStructureInterface.framework in Frameworks */,
			);
			runOnlyForDeploymentPostprocessing = 0;
		};
		14276C661F4F312E00EA7753 /* Frameworks */ = {
			isa = PBXFrameworksBuildPhase;
			buildActionMask = 2147483647;
			files = (
				14276C6A1F4F312E00EA7753 /* MockGenerator.framework in Frameworks */,
			);
			runOnlyForDeploymentPostprocessing = 0;
		};
		14A81E231F436941001A6221 /* Frameworks */ = {
			isa = PBXFrameworksBuildPhase;
			buildActionMask = 2147483647;
			files = (
				14A81E411F436966001A6221 /* SourceKittenFramework.framework in Frameworks */,
				14A81E421F436966001A6221 /* SWXMLHash.framework in Frameworks */,
				14A81E431F436966001A6221 /* Yams.framework in Frameworks */,
			);
			runOnlyForDeploymentPostprocessing = 0;
		};
		14A81E2C1F436941001A6221 /* Frameworks */ = {
			isa = PBXFrameworksBuildPhase;
			buildActionMask = 2147483647;
			files = (
				14AB7E291F43E6320001E6C3 /* SourceKittenFramework.framework in Frameworks */,
				14AB7E2A1F43E6320001E6C3 /* SWXMLHash.framework in Frameworks */,
				14AB7E2B1F43E6320001E6C3 /* Yams.framework in Frameworks */,
				14A81E301F436941001A6221 /* SwiftStructureInterface.framework in Frameworks */,
			);
			runOnlyForDeploymentPostprocessing = 0;
		};
		14CA2D501F40007000900937 /* Frameworks */ = {
			isa = PBXFrameworksBuildPhase;
			buildActionMask = 2147483647;
			files = (
				14276C891F4F37D500EA7753 /* SwiftStructureInterface.framework in Frameworks */,
				14276C871F4F37D500EA7753 /* Yams.framework in Frameworks */,
				14276C851F4F37D500EA7753 /* SWXMLHash.framework in Frameworks */,
				14276C8D1F4F37D500EA7753 /* MockGenerator.framework in Frameworks */,
				14276C831F4F37D500EA7753 /* SourceKittenFramework.framework in Frameworks */,
			);
			runOnlyForDeploymentPostprocessing = 0;
		};
		14CA2D661F40008F00900937 /* Frameworks */ = {
			isa = PBXFrameworksBuildPhase;
			buildActionMask = 2147483647;
			files = (
				14CA2D6C1F40008F00900937 /* Cocoa.framework in Frameworks */,
			);
			runOnlyForDeploymentPostprocessing = 0;
		};
		14CA2D7D1F4000AB00900937 /* Frameworks */ = {
			isa = PBXFrameworksBuildPhase;
			buildActionMask = 2147483647;
			files = (
				14276C7E1F4F33E300EA7753 /* MockGenerator.framework in Frameworks */,
				14A81E401F436953001A6221 /* SwiftStructureInterface.framework in Frameworks */,
				14CA2D991F4003EA00900937 /* SourceKittenFramework.framework in Frameworks */,
				14CA2D9A1F4003EA00900937 /* SWXMLHash.framework in Frameworks */,
				14CA2D9B1F4003EA00900937 /* Yams.framework in Frameworks */,
			);
			runOnlyForDeploymentPostprocessing = 0;
		};
/* End PBXFrameworksBuildPhase section */

/* Begin PBXGroup section */
		14276C621F4F312E00EA7753 /* MockGenerator */ = {
			isa = PBXGroup;
			children = (
				35CDFDB834B634E694CF658C /* MethodGatheringVisitor.swift */,
				14276C631F4F312E00EA7753 /* MockGenerator.h */,
				14276C641F4F312E00EA7753 /* Info.plist */,
				14276C781F4F314600EA7753 /* Generator.swift */,
				35CDF4695C73C787CC3952DB /* SourceFileFinder.swift */,
			);
			path = MockGenerator;
			sourceTree = "<group>";
		};
		14276C6D1F4F312E00EA7753 /* MockGeneratorTests */ = {
			isa = PBXGroup;
			children = (
				35CDF7A9B1705ADFFC0CB415 /* MethodGatheringVisitorTests.swift */,
				14276C6E1F4F312E00EA7753 /* MockGeneratorTests.swift */,
				14276C701F4F312E00EA7753 /* Info.plist */,
			);
			path = MockGeneratorTests;
			sourceTree = "<group>";
		};
		14A81E281F436941001A6221 /* SwiftStructureInterface */ = {
			isa = PBXGroup;
			children = (
				14A81E291F436941001A6221 /* SwiftStructureInterface.h */,
				14A81E2A1F436941001A6221 /* Info.plist */,
				35CDF892B271C7273F39A3C6 /* helpers */,
				35CDF7482294CACE06F40602 /* structure */,
			);
			path = SwiftStructureInterface;
			sourceTree = "<group>";
		};
		14A81E331F436941001A6221 /* SwiftStructureInterfaceTests */ = {
			isa = PBXGroup;
			children = (
				14A81E361F436941001A6221 /* Info.plist */,
				35CDFE5CB64DBFE82E54A943 /* helpers */,
				35CDF740D0A5864B2D1DBF81 /* structure */,
			);
			path = SwiftStructureInterfaceTests;
			sourceTree = "<group>";
		};
		14BC8AFA1F538B73005B4F09 /* Java */ = {
			isa = PBXGroup;
			children = (
				14BC8B071F538CD8005B4F09 /* MockGeneratorUseCases.jar */,
				14BC8AFD1F538C36005B4F09 /* JavaXcodeMockGeneratorBridge.h */,
				14BC8AFE1F538C36005B4F09 /* JavaXcodeMockGeneratorBridge.m */,
				14BC8B011F538CAC005B4F09 /* JavaProtocolMethodBridge.h */,
				14BC8B021F538CAC005B4F09 /* JavaProtocolMethodBridge.m */,
				149287331F560D7800E1D4B3 /* JavaEnvironment.h */,
				149287341F560D7800E1D4B3 /* JavaEnvironment.m */,
			);
			path = Java;
			sourceTree = "<group>";
		};
		14CA2D4A1F40007000900937 = {
			isa = PBXGroup;
			children = (
				14BC8AFA1F538B73005B4F09 /* Java */,
				14CA2DAA1F41348100900937 /* Shared */,
				14CA2D551F40007000900937 /* MockGeneratorApp */,
				14CA2D6D1F40009000900937 /* XcodePlugin */,
				14CA2D811F4000AB00900937 /* MockGeneratorXPC */,
				14A81E281F436941001A6221 /* SwiftStructureInterface */,
				14A81E331F436941001A6221 /* SwiftStructureInterfaceTests */,
				14276C621F4F312E00EA7753 /* MockGenerator */,
				14276C6D1F4F312E00EA7753 /* MockGeneratorTests */,
				14CA2D6A1F40008F00900937 /* Frameworks */,
				14CA2D541F40007000900937 /* Products */,
				35CDFCBA18471CBB83E38C32 /* scripts */,
			);
			sourceTree = "<group>";
		};
		14CA2D541F40007000900937 /* Products */ = {
			isa = PBXGroup;
			children = (
				14CA2D531F40007000900937 /* MockGeneratorApp.app */,
				14CA2D691F40008F00900937 /* XcodePlugin.appex */,
				14CA2D801F4000AB00900937 /* MockGeneratorXPC.xpc */,
				14A81E271F436941001A6221 /* SwiftStructureInterface.framework */,
				14A81E2F1F436941001A6221 /* SwiftStructureInterfaceTests.xctest */,
				14276C611F4F312E00EA7753 /* MockGenerator.framework */,
				14276C691F4F312E00EA7753 /* MockGeneratorTests.xctest */,
			);
			name = Products;
			sourceTree = "<group>";
		};
		14CA2D551F40007000900937 /* MockGeneratorApp */ = {
			isa = PBXGroup;
			children = (
				14CA2D941F4000D000900937 /* MockGeneratorApp.entitlements */,
				14CA2D561F40007000900937 /* AppDelegate.swift */,
				14CA2D581F40007000900937 /* ViewController.swift */,
				14CA2D5A1F40007000900937 /* Assets.xcassets */,
				14CA2D5C1F40007000900937 /* Main.storyboard */,
				14CA2D5F1F40007000900937 /* Info.plist */,
			);
			path = MockGeneratorApp;
			sourceTree = "<group>";
		};
		14CA2D6A1F40008F00900937 /* Frameworks */ = {
			isa = PBXGroup;
			children = (
				14BC8B091F538EDD005B4F09 /* libjvm.dylib */,
				14CA2D961F4003EA00900937 /* SourceKittenFramework.framework */,
				14CA2D971F4003EA00900937 /* SWXMLHash.framework */,
				14CA2D981F4003EA00900937 /* Yams.framework */,
				14CA2D6B1F40008F00900937 /* Cocoa.framework */,
			);
			name = Frameworks;
			sourceTree = "<group>";
		};
		14CA2D6D1F40009000900937 /* XcodePlugin */ = {
			isa = PBXGroup;
			children = (
				14CA2D701F40009000900937 /* SourceEditorExtension.swift */,
				14CA2D721F40009000900937 /* SourceEditorCommand.swift */,
				14CA2D741F40009000900937 /* Info.plist */,
				14CA2D6E1F40009000900937 /* Supporting Files */,
				14CA2D951F40012100900937 /* XcodePlugin-Bridging-Header.h */,
			);
			path = XcodePlugin;
			sourceTree = "<group>";
		};
		14CA2D6E1F40009000900937 /* Supporting Files */ = {
			isa = PBXGroup;
			children = (
				14CA2D6F1F40009000900937 /* XcodePlugin.entitlements */,
			);
			name = "Supporting Files";
			sourceTree = "<group>";
		};
		14CA2D811F4000AB00900937 /* MockGeneratorXPC */ = {
			isa = PBXGroup;
			children = (
				14CA2D821F4000AB00900937 /* MockGeneratorXPCProtocol.h */,
				14CA2D861F4000AB00900937 /* main.m */,
				14CA2D881F4000AB00900937 /* Info.plist */,
				14CA2D9D1F40049700900937 /* MockGeneratorXPC.swift */,
				14CA2D9C1F40049700900937 /* MockGeneratorXPC-Bridging-Header.h */,
			);
			path = MockGeneratorXPC;
			sourceTree = "<group>";
		};
		14CA2DAA1F41348100900937 /* Shared */ = {
			isa = PBXGroup;
			children = (
				14CA2DAB1F41349500900937 /* Preferences.swift */,
			);
			name = Shared;
			sourceTree = "<group>";
		};
		35CDF4864AA133C7B74C03ED /* impl */ = {
			isa = PBXGroup;
			children = (
				35CDF766CA2BD7332CEDEFE4 /* SwiftElement.swift */,
				35CDFABD66BD2AAC8CC99C53 /* SwiftTypeElement.swift */,
				35CDFD52CD219150135E7502 /* SwiftFile.swift */,
				35CDF894D29CF584F3FCF949 /* SwiftMethodElement.swift */,
			);
			path = impl;
			sourceTree = "<group>";
		};
		35CDF585BC5ADD7CCBFDD88F /* visitor */ = {
			isa = PBXGroup;
			children = (
				35CDF5233283389F936081DF /* MockElementVisitor.swift */,
				35CDF5FC4DF19CB7E29E7291 /* RecursiveElementVisitorTests.swift */,
			);
			path = visitor;
			sourceTree = "<group>";
		};
		35CDF740D0A5864B2D1DBF81 /* structure */ = {
			isa = PBXGroup;
			children = (
				35CDF1982CF619E9EB7EB843 /* StructureBuilderTests.swift */,
				35CDFCBDEFC365B3FDC09ED6 /* model */,
				35CDFF2F0317F1BDD6579D52 /* util */,
				35CDF585BC5ADD7CCBFDD88F /* visitor */,
			);
			path = structure;
			sourceTree = "<group>";
		};
		35CDF7482294CACE06F40602 /* structure */ = {
			isa = PBXGroup;
			children = (
				35CDF9C14F5E6D0F651D7DCC /* StructureBuilder.swift */,
				35CDFB4E3B8C1CCDC9662323 /* model */,
				35CDFCB5076C016FCE6AF06F /* util */,
				35CDF9E3F5DDBAB1CA3D58C5 /* visitor */,
			);
			path = structure;
			sourceTree = "<group>";
		};
		35CDF892B271C7273F39A3C6 /* helpers */ = {
			isa = PBXGroup;
			children = (
				35CDFF505E0EFBD4E9D7524F /* LocationConverter.swift */,
			);
			path = helpers;
			sourceTree = "<group>";
		};
		35CDF9E3F5DDBAB1CA3D58C5 /* visitor */ = {
			isa = PBXGroup;
			children = (
				35CDF33961A5167417B7B98C /* ElementVisitor.swift */,
				35CDF56AA2864F89BCC2B13D /* RecursiveElementVisitor.swift */,
			);
			path = visitor;
			sourceTree = "<group>";
		};
		35CDFB4E3B8C1CCDC9662323 /* model */ = {
			isa = PBXGroup;
			children = (
				35CDF1DF23DA287BB89C98CE /* Element.swift */,
				35CDF4864AA133C7B74C03ED /* impl */,
				35CDF8244EF3871B469A7F10 /* TypeDeclaration.swift */,
				35CDFBC00965128E6462CE1A /* CodeBlockContainer.swift */,
				35CDFFF66DAF392668FD8C65 /* PositionedElement.swift */,
				35CDFA651F3CC48921FAC53C /* File.swift */,
			);
			path = model;
			sourceTree = "<group>";
		};
		35CDFCB5076C016FCE6AF06F /* util */ = {
			isa = PBXGroup;
			children = (
				35CDF5E76D0D23D53FAA33FE /* CaretUtil.swift */,
				35CDFFE183347682F0523AEC /* ResolveUtil.swift */,
				35CDF713F6161FBDE25F45B9 /* DeleteBodyUtil.swift */,
				35CDF23686B80D1A8FF37150 /* FormatUtil.swift */,
				35CDF7A321BB4D6C4F3BBFBF /* TempFileWriterUtil.swift */,
			);
			path = util;
			sourceTree = "<group>";
		};
		35CDFCBA18471CBB83E38C32 /* scripts */ = {
			isa = PBXGroup;
			children = (
				35CDF5690154C9A374C4AF51 /* runxcode */,
				35CDF087FFEDD3FD8F68133F /* readlog */,
				35CDF1979F49B7777F1BB71E /* swifttostring */,
			);
			path = scripts;
			sourceTree = "<group>";
		};
		35CDFCBDEFC365B3FDC09ED6 /* model */ = {
			isa = PBXGroup;
			children = (
				35CDFFC1BB6ED56995E2C332 /* impl */,
			);
			path = model;
			sourceTree = "<group>";
		};
		35CDFE5CB64DBFE82E54A943 /* helpers */ = {
			isa = PBXGroup;
			children = (
				35CDFF790C9B97835CC38B63 /* CaretTestHelper.swift */,
				35CDF7AF815B381FC3537145 /* LocationConverterTests.swift */,
				35CDFA3F96B79163ABF3CE4C /* TestConstants.swift */,
				35CDF9A9E9859C405A1E3B06 /* StringCompareTestHelper.swift */,
				35CDF935B41E2DAED50B8D54 /* StructureBuilderTestHelper.swift */,
				35CDF63FE99E9DD8A595A739 /* TempFileWriterUtilTests.swift */,
			);
			path = helpers;
			sourceTree = "<group>";
		};
		35CDFF2F0317F1BDD6579D52 /* util */ = {
			isa = PBXGroup;
			children = (
				35CDFA0304D65D99B38F1511 /* CaretUtilTests.swift */,
				35CDF67FD332DFA012E4AFD1 /* ResolveUtilTests.swift */,
				35CDFF626768CFA150C8AC4A /* DeleteBodyUtilTests.swift */,
				35CDF55A2F9EFDC3DE2DAF78 /* FormatUtilTests.swift */,
			);
			path = util;
			sourceTree = "<group>";
		};
		35CDFFC1BB6ED56995E2C332 /* impl */ = {
			isa = PBXGroup;
			children = (
				35CDF8C7624DBE51669019E0 /* SwiftElementTests.swift */,
				35CDF642179591FC59A8BF6D /* SwiftTypeElementTests.swift */,
				35CDF14DD45E8554072A9C62 /* SwiftFileTests.swift */,
				35CDFBD5666F5CFC66BE57FC /* SwiftMethodElementTests.swift */,
			);
			path = impl;
			sourceTree = "<group>";
		};
/* End PBXGroup section */

/* Begin PBXHeadersBuildPhase section */
		14276C5E1F4F312E00EA7753 /* Headers */ = {
			isa = PBXHeadersBuildPhase;
			buildActionMask = 2147483647;
			files = (
				1492873A1F56158B00E1D4B3 /* JavaProtocolMethodBridge.h in Headers */,
				14276C711F4F312E00EA7753 /* MockGenerator.h in Headers */,
				1492873B1F56158B00E1D4B3 /* JavaEnvironment.h in Headers */,
				149287391F56158B00E1D4B3 /* JavaXcodeMockGeneratorBridge.h in Headers */,
			);
			runOnlyForDeploymentPostprocessing = 0;
		};
		14A81E241F436941001A6221 /* Headers */ = {
			isa = PBXHeadersBuildPhase;
			buildActionMask = 2147483647;
			files = (
				14A81E371F436941001A6221 /* SwiftStructureInterface.h in Headers */,
			);
			runOnlyForDeploymentPostprocessing = 0;
		};
/* End PBXHeadersBuildPhase section */

/* Begin PBXNativeTarget section */
		14276C601F4F312E00EA7753 /* MockGenerator */ = {
			isa = PBXNativeTarget;
			buildConfigurationList = 14276C761F4F312E00EA7753 /* Build configuration list for PBXNativeTarget "MockGenerator" */;
			buildPhases = (
				14276C5C1F4F312E00EA7753 /* Sources */,
				14276C5D1F4F312E00EA7753 /* Frameworks */,
				14276C5E1F4F312E00EA7753 /* Headers */,
				14276C5F1F4F312E00EA7753 /* Resources */,
				1410E0951F4F75DB0075503B /* CopyFiles */,
			);
			buildRules = (
			);
			dependencies = (
				14276C7D1F4F332A00EA7753 /* PBXTargetDependency */,
			);
			name = MockGenerator;
			productName = MockGenerator;
			productReference = 14276C611F4F312E00EA7753 /* MockGenerator.framework */;
			productType = "com.apple.product-type.framework";
		};
		14276C681F4F312E00EA7753 /* MockGeneratorTests */ = {
			isa = PBXNativeTarget;
			buildConfigurationList = 14276C771F4F312E00EA7753 /* Build configuration list for PBXNativeTarget "MockGeneratorTests" */;
			buildPhases = (
				14276C651F4F312E00EA7753 /* Sources */,
				14276C661F4F312E00EA7753 /* Frameworks */,
				14276C671F4F312E00EA7753 /* Resources */,
				1410E0991F4F75FB0075503B /* CopyFiles */,
			);
			buildRules = (
			);
			dependencies = (
				14276C6C1F4F312E00EA7753 /* PBXTargetDependency */,
				14276C931F4F3C3300EA7753 /* PBXTargetDependency */,
			);
			name = MockGeneratorTests;
			productName = MockGeneratorTests;
			productReference = 14276C691F4F312E00EA7753 /* MockGeneratorTests.xctest */;
			productType = "com.apple.product-type.bundle.unit-test";
		};
		14A81E261F436941001A6221 /* SwiftStructureInterface */ = {
			isa = PBXNativeTarget;
			buildConfigurationList = 14A81E3C1F436941001A6221 /* Build configuration list for PBXNativeTarget "SwiftStructureInterface" */;
			buildPhases = (
				14A81E221F436941001A6221 /* Sources */,
				14A81E231F436941001A6221 /* Frameworks */,
				14A81E241F436941001A6221 /* Headers */,
				14A81E251F436941001A6221 /* Resources */,
				14A81E441F43696B001A6221 /* CopyFiles */,
			);
			buildRules = (
			);
			dependencies = (
			);
			name = SwiftStructureInterface;
			productName = SwiftStructureInterface;
			productReference = 14A81E271F436941001A6221 /* SwiftStructureInterface.framework */;
			productType = "com.apple.product-type.framework";
		};
		14A81E2E1F436941001A6221 /* SwiftStructureInterfaceTests */ = {
			isa = PBXNativeTarget;
			buildConfigurationList = 14A81E3D1F436941001A6221 /* Build configuration list for PBXNativeTarget "SwiftStructureInterfaceTests" */;
			buildPhases = (
				14A81E2B1F436941001A6221 /* Sources */,
				14A81E2C1F436941001A6221 /* Frameworks */,
				14A81E2D1F436941001A6221 /* Resources */,
				14AB7E2C1F43E63C0001E6C3 /* CopyFiles */,
			);
			buildRules = (
			);
			dependencies = (
				14A81E321F436941001A6221 /* PBXTargetDependency */,
			);
			name = SwiftStructureInterfaceTests;
			productName = SwiftStructureInterfaceTests;
			productReference = 14A81E2F1F436941001A6221 /* SwiftStructureInterfaceTests.xctest */;
			productType = "com.apple.product-type.bundle.unit-test";
		};
		14CA2D521F40007000900937 /* MockGeneratorApp */ = {
			isa = PBXNativeTarget;
			buildConfigurationList = 14CA2D621F40007000900937 /* Build configuration list for PBXNativeTarget "MockGeneratorApp" */;
			buildPhases = (
				14CA2D4F1F40007000900937 /* Sources */,
				14CA2D501F40007000900937 /* Frameworks */,
				14CA2D511F40007000900937 /* Resources */,
				14CA2D7B1F40009000900937 /* Embed App Extensions */,
				14276C911F4F37D500EA7753 /* Embed Frameworks */,
			);
			buildRules = (
			);
			dependencies = (
				14CA2D761F40009000900937 /* PBXTargetDependency */,
				14276C8C1F4F37D500EA7753 /* PBXTargetDependency */,
				14276C901F4F37D500EA7753 /* PBXTargetDependency */,
			);
			name = MockGeneratorApp;
			productName = MockGeneratorApp;
			productReference = 14CA2D531F40007000900937 /* MockGeneratorApp.app */;
			productType = "com.apple.product-type.application";
		};
		14CA2D681F40008F00900937 /* XcodePlugin */ = {
			isa = PBXNativeTarget;
			buildConfigurationList = 14CA2D781F40009000900937 /* Build configuration list for PBXNativeTarget "XcodePlugin" */;
			buildPhases = (
				14CA2D651F40008F00900937 /* Sources */,
				14CA2D661F40008F00900937 /* Frameworks */,
				14CA2D671F40008F00900937 /* Resources */,
				14CA2D901F4000BB00900937 /* CopyFiles */,
			);
			buildRules = (
			);
			dependencies = (
				14CA2D931F4000C900900937 /* PBXTargetDependency */,
			);
			name = XcodePlugin;
			productName = XcodePlugin;
			productReference = 14CA2D691F40008F00900937 /* XcodePlugin.appex */;
			productType = "com.apple.product-type.xcode-extension";
		};
		14CA2D7F1F4000AB00900937 /* MockGeneratorXPC */ = {
			isa = PBXNativeTarget;
			buildConfigurationList = 14CA2D8C1F4000AB00900937 /* Build configuration list for PBXNativeTarget "MockGeneratorXPC" */;
			buildPhases = (
				14CA2D7C1F4000AB00900937 /* Sources */,
				14CA2D7D1F4000AB00900937 /* Frameworks */,
				14CA2D7E1F4000AB00900937 /* Resources */,
			);
			buildRules = (
			);
			dependencies = (
				14276C801F4F33E700EA7753 /* PBXTargetDependency */,
			);
			name = MockGeneratorXPC;
			productName = MockGeneratorXPC;
			productReference = 14CA2D801F4000AB00900937 /* MockGeneratorXPC.xpc */;
			productType = "com.apple.product-type.xpc-service";
		};
/* End PBXNativeTarget section */

/* Begin PBXProject section */
		14CA2D4B1F40007000900937 /* Project object */ = {
			isa = PBXProject;
			attributes = {
				LastSwiftUpdateCheck = 0830;
				LastUpgradeCheck = 0830;
				ORGANIZATIONNAME = "Sean Henry";
				TargetAttributes = {
					14276C601F4F312E00EA7753 = {
						CreatedOnToolsVersion = 8.3.2;
						DevelopmentTeam = HU45578K6L;
						LastSwiftMigration = 0830;
						ProvisioningStyle = Automatic;
					};
					14276C681F4F312E00EA7753 = {
						CreatedOnToolsVersion = 8.3.2;
						ProvisioningStyle = Automatic;
					};
					14A81E261F436941001A6221 = {
						CreatedOnToolsVersion = 8.3.2;
						DevelopmentTeam = HU45578K6L;
						LastSwiftMigration = 0830;
						ProvisioningStyle = Automatic;
					};
					14A81E2E1F436941001A6221 = {
						CreatedOnToolsVersion = 8.3.2;
						ProvisioningStyle = Automatic;
					};
					14CA2D521F40007000900937 = {
						CreatedOnToolsVersion = 8.3.2;
						DevelopmentTeam = HU45578K6L;
						LastSwiftMigration = 0830;
						ProvisioningStyle = Automatic;
						SystemCapabilities = {
							com.apple.ApplicationGroups.Mac = {
								enabled = 1;
							};
							com.apple.Sandbox = {
								enabled = 1;
							};
						};
					};
					14CA2D681F40008F00900937 = {
						CreatedOnToolsVersion = 8.3.2;
						DevelopmentTeam = HU45578K6L;
						ProvisioningStyle = Automatic;
						SystemCapabilities = {
							com.apple.ApplicationGroups.Mac = {
								enabled = 1;
							};
						};
					};
					14CA2D7F1F4000AB00900937 = {
						CreatedOnToolsVersion = 8.3.2;
						DevelopmentTeam = HU45578K6L;
						LastSwiftMigration = 0830;
						ProvisioningStyle = Automatic;
					};
				};
			};
			buildConfigurationList = 14CA2D4E1F40007000900937 /* Build configuration list for PBXProject "MockGenerator" */;
			compatibilityVersion = "Xcode 3.2";
			developmentRegion = English;
			hasScannedForEncodings = 0;
			knownRegions = (
				en,
				Base,
			);
			mainGroup = 14CA2D4A1F40007000900937;
			productRefGroup = 14CA2D541F40007000900937 /* Products */;
			projectDirPath = "";
			projectRoot = "";
			targets = (
				14CA2D521F40007000900937 /* MockGeneratorApp */,
				14CA2D681F40008F00900937 /* XcodePlugin */,
				14CA2D7F1F4000AB00900937 /* MockGeneratorXPC */,
				14A81E261F436941001A6221 /* SwiftStructureInterface */,
				14A81E2E1F436941001A6221 /* SwiftStructureInterfaceTests */,
				14276C601F4F312E00EA7753 /* MockGenerator */,
				14276C681F4F312E00EA7753 /* MockGeneratorTests */,
			);
		};
/* End PBXProject section */

/* Begin PBXResourcesBuildPhase section */
		14276C5F1F4F312E00EA7753 /* Resources */ = {
			isa = PBXResourcesBuildPhase;
			buildActionMask = 2147483647;
			files = (
				14E132271F571EAF00D75943 /* MockGeneratorUseCases.jar in Resources */,
			);
			runOnlyForDeploymentPostprocessing = 0;
		};
		14276C671F4F312E00EA7753 /* Resources */ = {
			isa = PBXResourcesBuildPhase;
			buildActionMask = 2147483647;
			files = (
			);
			runOnlyForDeploymentPostprocessing = 0;
		};
		14A81E251F436941001A6221 /* Resources */ = {
			isa = PBXResourcesBuildPhase;
			buildActionMask = 2147483647;
			files = (
			);
			runOnlyForDeploymentPostprocessing = 0;
		};
		14A81E2D1F436941001A6221 /* Resources */ = {
			isa = PBXResourcesBuildPhase;
			buildActionMask = 2147483647;
			files = (
			);
			runOnlyForDeploymentPostprocessing = 0;
		};
		14CA2D511F40007000900937 /* Resources */ = {
			isa = PBXResourcesBuildPhase;
			buildActionMask = 2147483647;
			files = (
				14CA2D5B1F40007000900937 /* Assets.xcassets in Resources */,
				14CA2D5E1F40007000900937 /* Main.storyboard in Resources */,
			);
			runOnlyForDeploymentPostprocessing = 0;
		};
		14CA2D671F40008F00900937 /* Resources */ = {
			isa = PBXResourcesBuildPhase;
			buildActionMask = 2147483647;
			files = (
			);
			runOnlyForDeploymentPostprocessing = 0;
		};
		14CA2D7E1F4000AB00900937 /* Resources */ = {
			isa = PBXResourcesBuildPhase;
			buildActionMask = 2147483647;
			files = (
			);
			runOnlyForDeploymentPostprocessing = 0;
		};
/* End PBXResourcesBuildPhase section */

/* Begin PBXSourcesBuildPhase section */
		14276C5C1F4F312E00EA7753 /* Sources */ = {
			isa = PBXSourcesBuildPhase;
			buildActionMask = 2147483647;
			files = (
				14276C791F4F314600EA7753 /* Generator.swift in Sources */,
				35CDF3051C92D783E99E519D /* SourceFileFinder.swift in Sources */,
				14BC8B001F538C36005B4F09 /* JavaXcodeMockGeneratorBridge.m in Sources */,
				14E132281F58E6D300D75943 /* MethodGatheringVisitor.swift in Sources */,
				14BC8B041F538CAC005B4F09 /* JavaProtocolMethodBridge.m in Sources */,
				149287361F560D7B00E1D4B3 /* JavaEnvironment.m in Sources */,
			);
			runOnlyForDeploymentPostprocessing = 0;
		};
		14276C651F4F312E00EA7753 /* Sources */ = {
			isa = PBXSourcesBuildPhase;
			buildActionMask = 2147483647;
			files = (
				14276C6F1F4F312E00EA7753 /* MockGeneratorTests.swift in Sources */,
				35CDF456C1B2DE8521968DDA /* CaretTestHelper.swift in Sources */,
				14E1322B1F58E88F00D75943 /* StructureBuilderTestHelper.swift in Sources */,
				35CDF0068DB237A15D5F0802 /* StringCompareTestHelper.swift in Sources */,
			);
			runOnlyForDeploymentPostprocessing = 0;
		};
		14A81E221F436941001A6221 /* Sources */ = {
			isa = PBXSourcesBuildPhase;
			buildActionMask = 2147483647;
			files = (
				35CDFBEE697BA9EA2262CC2B /* LocationConverter.swift in Sources */,
				35CDF85E7BE3D38252AA5261 /* StructureBuilder.swift in Sources */,
				35CDF33A981D9FC40DD8DED0 /* Element.swift in Sources */,
				35CDF8B31981E6BBF132E1BD /* SwiftElement.swift in Sources */,
				35CDFB0C5784DBAB1651F1EB /* TypeDeclaration.swift in Sources */,
				35CDFE069592919AB3701F55 /* SwiftTypeElement.swift in Sources */,
				35CDF4CEE0EF8AE2CCC8EF42 /* CaretUtil.swift in Sources */,
				35CDFE91B43BA1AB535C7875 /* CodeBlockContainer.swift in Sources */,
				35CDF6634396A10B8AE58527 /* PositionedElement.swift in Sources */,
				35CDFAE2030784DF47F2D04C /* ElementVisitor.swift in Sources */,
				35CDFFBDF2E7B9CF25213BB7 /* RecursiveElementVisitor.swift in Sources */,
				35CDF23785F8638042864254 /* ResolveUtil.swift in Sources */,
				35CDF48B7D7BDDAE0C1AF8C7 /* SwiftFile.swift in Sources */,
				35CDF7CC43284E5D7E50D365 /* File.swift in Sources */,
				35CDF6632380B3EC3A0D5194 /* SwiftMethodElement.swift in Sources */,
				35CDF9685E42EEEE45755B2E /* DeleteBodyUtil.swift in Sources */,
				35CDFCBD3149A396687A224F /* FormatUtil.swift in Sources */,
				35CDFFD4FEE85F54F1EDB391 /* TempFileWriterUtil.swift in Sources */,
			);
			runOnlyForDeploymentPostprocessing = 0;
		};
		14A81E2B1F436941001A6221 /* Sources */ = {
			isa = PBXSourcesBuildPhase;
			buildActionMask = 2147483647;
			files = (
				35CDFDD32E1E16A72B993F37 /* CaretTestHelper.swift in Sources */,
				35CDF7505CADC781553C49B5 /* LocationConverterTests.swift in Sources */,
				35CDF382F399D38EF3964E34 /* StructureBuilderTests.swift in Sources */,
				35CDF5605D7706935435A8A0 /* CaretUtilTests.swift in Sources */,
				35CDF481A22EB7B25F82A057 /* MockElementVisitor.swift in Sources */,
				35CDFA633679A596E5A724FD /* SwiftElementTests.swift in Sources */,
				35CDFB5D13BE10480E65CA94 /* SwiftTypeElementTests.swift in Sources */,
				35CDF750D8813E335EBDAB5C /* RecursiveElementVisitorTests.swift in Sources */,
				35CDFCA7893A4ED583B224CE /* TestConstants.swift in Sources */,
				35CDF26B05A866EF1D0CBA3E /* ResolveUtilTests.swift in Sources */,
				35CDFE03E5358F42D81075F8 /* SwiftFileTests.swift in Sources */,
				35CDFFA99D7813A4D10E6E72 /* SwiftMethodElementTests.swift in Sources */,
				35CDFA84F24F64939FD7F5D0 /* StringCompareTestHelper.swift in Sources */,
				35CDFAE02852F36895E33BBC /* DeleteBodyUtilTests.swift in Sources */,
				35CDFF02C0E0D3CD6AAF6407 /* StructureBuilderTestHelper.swift in Sources */,
				35CDFF24A71BDAEF47CE5C47 /* FormatUtilTests.swift in Sources */,
				35CDFDA6602AD4DA24978981 /* TempFileWriterUtilTests.swift in Sources */,
			);
			runOnlyForDeploymentPostprocessing = 0;
		};
		14CA2D4F1F40007000900937 /* Sources */ = {
			isa = PBXSourcesBuildPhase;
			buildActionMask = 2147483647;
			files = (
				14CA2D591F40007000900937 /* ViewController.swift in Sources */,
				14CA2D571F40007000900937 /* AppDelegate.swift in Sources */,
				14CA2DAC1F41349500900937 /* Preferences.swift in Sources */,
			);
			runOnlyForDeploymentPostprocessing = 0;
		};
		14CA2D651F40008F00900937 /* Sources */ = {
			isa = PBXSourcesBuildPhase;
			buildActionMask = 2147483647;
			files = (
				14CA2D711F40009000900937 /* SourceEditorExtension.swift in Sources */,
				14CA2D731F40009000900937 /* SourceEditorCommand.swift in Sources */,
				14CA2DAD1F41351200900937 /* Preferences.swift in Sources */,
			);
			runOnlyForDeploymentPostprocessing = 0;
		};
		14CA2D7C1F4000AB00900937 /* Sources */ = {
			isa = PBXSourcesBuildPhase;
			buildActionMask = 2147483647;
			files = (
				14CA2D871F4000AB00900937 /* main.m in Sources */,
				14CA2D9E1F40049700900937 /* MockGeneratorXPC.swift in Sources */,
			);
			runOnlyForDeploymentPostprocessing = 0;
		};
/* End PBXSourcesBuildPhase section */

/* Begin PBXTargetDependency section */
		14276C6C1F4F312E00EA7753 /* PBXTargetDependency */ = {
			isa = PBXTargetDependency;
			target = 14276C601F4F312E00EA7753 /* MockGenerator */;
			targetProxy = 14276C6B1F4F312E00EA7753 /* PBXContainerItemProxy */;
		};
		14276C7D1F4F332A00EA7753 /* PBXTargetDependency */ = {
			isa = PBXTargetDependency;
			target = 14A81E261F436941001A6221 /* SwiftStructureInterface */;
			targetProxy = 14276C7C1F4F332A00EA7753 /* PBXContainerItemProxy */;
		};
		14276C801F4F33E700EA7753 /* PBXTargetDependency */ = {
			isa = PBXTargetDependency;
			target = 14276C601F4F312E00EA7753 /* MockGenerator */;
			targetProxy = 14276C7F1F4F33E700EA7753 /* PBXContainerItemProxy */;
		};
		14276C8C1F4F37D500EA7753 /* PBXTargetDependency */ = {
			isa = PBXTargetDependency;
			target = 14A81E261F436941001A6221 /* SwiftStructureInterface */;
			targetProxy = 14276C8B1F4F37D500EA7753 /* PBXContainerItemProxy */;
		};
		14276C901F4F37D500EA7753 /* PBXTargetDependency */ = {
			isa = PBXTargetDependency;
			target = 14276C601F4F312E00EA7753 /* MockGenerator */;
			targetProxy = 14276C8F1F4F37D500EA7753 /* PBXContainerItemProxy */;
		};
		14276C931F4F3C3300EA7753 /* PBXTargetDependency */ = {
			isa = PBXTargetDependency;
			target = 14CA2D521F40007000900937 /* MockGeneratorApp */;
			targetProxy = 14276C921F4F3C3300EA7753 /* PBXContainerItemProxy */;
		};
		14A81E321F436941001A6221 /* PBXTargetDependency */ = {
			isa = PBXTargetDependency;
			target = 14A81E261F436941001A6221 /* SwiftStructureInterface */;
			targetProxy = 14A81E311F436941001A6221 /* PBXContainerItemProxy */;
		};
		14CA2D761F40009000900937 /* PBXTargetDependency */ = {
			isa = PBXTargetDependency;
			target = 14CA2D681F40008F00900937 /* XcodePlugin */;
			targetProxy = 14CA2D751F40009000900937 /* PBXContainerItemProxy */;
		};
		14CA2D931F4000C900900937 /* PBXTargetDependency */ = {
			isa = PBXTargetDependency;
			target = 14CA2D7F1F4000AB00900937 /* MockGeneratorXPC */;
			targetProxy = 14CA2D921F4000C900900937 /* PBXContainerItemProxy */;
		};
/* End PBXTargetDependency section */

/* Begin PBXVariantGroup section */
		14CA2D5C1F40007000900937 /* Main.storyboard */ = {
			isa = PBXVariantGroup;
			children = (
				14CA2D5D1F40007000900937 /* Base */,
			);
			name = Main.storyboard;
			sourceTree = "<group>";
		};
/* End PBXVariantGroup section */

/* Begin XCBuildConfiguration section */
		14276C721F4F312E00EA7753 /* Debug */ = {
			isa = XCBuildConfiguration;
			buildSettings = {
				CLANG_ENABLE_MODULES = YES;
				CODE_SIGN_IDENTITY = "Mac Developer";
				COMBINE_HIDPI_IMAGES = YES;
				CURRENT_PROJECT_VERSION = 1;
				DEFINES_MODULE = YES;
				DEVELOPMENT_TEAM = HU45578K6L;
				DYLIB_COMPATIBILITY_VERSION = 1;
				DYLIB_CURRENT_VERSION = 1;
				DYLIB_INSTALL_NAME_BASE = "@rpath";
				FRAMEWORK_SEARCH_PATHS = (
					"$(inherited)",
					"$(PROJECT_DIR)/lib",
				);
				FRAMEWORK_VERSION = A;
				HEADER_SEARCH_PATHS = (
					/Library/Java/JavaVirtualMachines/jdk1.8.0_121.jdk/Contents/Home/include,
					/Library/Java/JavaVirtualMachines/jdk1.8.0_121.jdk/Contents/Home/include/darwin,
				);
				INFOPLIST_FILE = MockGenerator/Info.plist;
				INSTALL_PATH = "$(LOCAL_LIBRARY_DIR)/Frameworks";
				LD_RUNPATH_SEARCH_PATHS = "$(inherited) @executable_path/../Frameworks @loader_path/Frameworks /Library/Java/JavaVirtualMachines/jdk1.8.0_121.jdk/Contents/Home/jre/lib/server";
				LIBRARY_SEARCH_PATHS = (
					"$(LOCAL_LIBRARY_DIR)/Java/JavaVirtualMachines/jdk1.8.0_121.jdk/Contents/Home/jre/lib",
					/Library/Java/JavaVirtualMachines/jdk1.8.0_121.jdk/Contents/Home/jre/lib/server,
					"$(LOCAL_LIBRARY_DIR)/Java/JavaVirtualMachines/jdk1.8.0_121.jdk/Contents/Home/jre/lib/server",
				);
				PRODUCT_BUNDLE_IDENTIFIER = codes.seanhenry.MockGenerator;
				PRODUCT_NAME = "$(TARGET_NAME)";
				SKIP_INSTALL = YES;
				SWIFT_OPTIMIZATION_LEVEL = "-Onone";
				SWIFT_VERSION = 3.0;
				VERSIONING_SYSTEM = "apple-generic";
				VERSION_INFO_PREFIX = "";
			};
			name = Debug;
		};
		14276C731F4F312E00EA7753 /* Release */ = {
			isa = XCBuildConfiguration;
			buildSettings = {
				CLANG_ENABLE_MODULES = YES;
				CODE_SIGN_IDENTITY = "Mac Developer";
				COMBINE_HIDPI_IMAGES = YES;
				CURRENT_PROJECT_VERSION = 1;
				DEFINES_MODULE = YES;
				DEVELOPMENT_TEAM = HU45578K6L;
				DYLIB_COMPATIBILITY_VERSION = 1;
				DYLIB_CURRENT_VERSION = 1;
				DYLIB_INSTALL_NAME_BASE = "@rpath";
				FRAMEWORK_SEARCH_PATHS = (
					"$(inherited)",
					"$(PROJECT_DIR)/lib",
				);
				FRAMEWORK_VERSION = A;
				HEADER_SEARCH_PATHS = (
					/Library/Java/JavaVirtualMachines/jdk1.8.0_121.jdk/Contents/Home/include,
					/Library/Java/JavaVirtualMachines/jdk1.8.0_121.jdk/Contents/Home/include/darwin,
				);
				INFOPLIST_FILE = MockGenerator/Info.plist;
				INSTALL_PATH = "$(LOCAL_LIBRARY_DIR)/Frameworks";
				LD_RUNPATH_SEARCH_PATHS = "$(inherited) @executable_path/../Frameworks @loader_path/Frameworks /Library/Java/JavaVirtualMachines/jdk1.8.0_121.jdk/Contents/Home/jre/lib/server";
				LIBRARY_SEARCH_PATHS = (
					"$(LOCAL_LIBRARY_DIR)/Java/JavaVirtualMachines/jdk1.8.0_121.jdk/Contents/Home/jre/lib",
					/Library/Java/JavaVirtualMachines/jdk1.8.0_121.jdk/Contents/Home/jre/lib/server,
					"$(LOCAL_LIBRARY_DIR)/Java/JavaVirtualMachines/jdk1.8.0_121.jdk/Contents/Home/jre/lib/server",
				);
				PRODUCT_BUNDLE_IDENTIFIER = codes.seanhenry.MockGenerator;
				PRODUCT_NAME = "$(TARGET_NAME)";
				SKIP_INSTALL = YES;
				SWIFT_VERSION = 3.0;
				VERSIONING_SYSTEM = "apple-generic";
				VERSION_INFO_PREFIX = "";
			};
			name = Release;
		};
		14276C741F4F312E00EA7753 /* Debug */ = {
			isa = XCBuildConfiguration;
			buildSettings = {
				ALWAYS_EMBED_SWIFT_STANDARD_LIBRARIES = YES;
				COMBINE_HIDPI_IMAGES = YES;
				FRAMEWORK_SEARCH_PATHS = (
					"$(inherited)",
					"$(PROJECT_DIR)/lib",
				);
				INFOPLIST_FILE = MockGeneratorTests/Info.plist;
				LD_RUNPATH_SEARCH_PATHS = "$(inherited) @executable_path/../Frameworks @loader_path/../Frameworks";
				PRODUCT_BUNDLE_IDENTIFIER = codes.seanhenry.MockGeneratorTests;
				PRODUCT_NAME = "$(TARGET_NAME)";
				SWIFT_VERSION = 3.0;
			};
			name = Debug;
		};
		14276C751F4F312E00EA7753 /* Release */ = {
			isa = XCBuildConfiguration;
			buildSettings = {
				ALWAYS_EMBED_SWIFT_STANDARD_LIBRARIES = YES;
				COMBINE_HIDPI_IMAGES = YES;
				FRAMEWORK_SEARCH_PATHS = (
					"$(inherited)",
					"$(PROJECT_DIR)/lib",
				);
				INFOPLIST_FILE = MockGeneratorTests/Info.plist;
				LD_RUNPATH_SEARCH_PATHS = "$(inherited) @executable_path/../Frameworks @loader_path/../Frameworks";
				PRODUCT_BUNDLE_IDENTIFIER = codes.seanhenry.MockGeneratorTests;
				PRODUCT_NAME = "$(TARGET_NAME)";
				SWIFT_VERSION = 3.0;
			};
			name = Release;
		};
		14A81E381F436941001A6221 /* Debug */ = {
			isa = XCBuildConfiguration;
			buildSettings = {
				CLANG_ENABLE_MODULES = YES;
				CODE_SIGN_IDENTITY = "Mac Developer";
				COMBINE_HIDPI_IMAGES = YES;
				CURRENT_PROJECT_VERSION = 1;
				DEFINES_MODULE = YES;
				DEVELOPMENT_TEAM = HU45578K6L;
				DYLIB_COMPATIBILITY_VERSION = 1;
				DYLIB_CURRENT_VERSION = 1;
				DYLIB_INSTALL_NAME_BASE = "@rpath";
				FRAMEWORK_SEARCH_PATHS = (
					"$(inherited)",
					"$(PROJECT_DIR)/lib",
				);
				FRAMEWORK_VERSION = A;
				INFOPLIST_FILE = SwiftStructureInterface/Info.plist;
				INSTALL_PATH = "$(LOCAL_LIBRARY_DIR)/Frameworks";
				LD_RUNPATH_SEARCH_PATHS = "$(inherited) @executable_path/../Frameworks @loader_path/Frameworks";
				PRODUCT_BUNDLE_IDENTIFIER = codes.seanhenry.SwiftStructureInterface;
				PRODUCT_NAME = "$(TARGET_NAME)";
				SKIP_INSTALL = YES;
				SWIFT_OPTIMIZATION_LEVEL = "-Onone";
				SWIFT_VERSION = 3.0;
				VERSIONING_SYSTEM = "apple-generic";
				VERSION_INFO_PREFIX = "";
			};
			name = Debug;
		};
		14A81E391F436941001A6221 /* Release */ = {
			isa = XCBuildConfiguration;
			buildSettings = {
				CLANG_ENABLE_MODULES = YES;
				CODE_SIGN_IDENTITY = "Mac Developer";
				COMBINE_HIDPI_IMAGES = YES;
				CURRENT_PROJECT_VERSION = 1;
				DEFINES_MODULE = YES;
				DEVELOPMENT_TEAM = HU45578K6L;
				DYLIB_COMPATIBILITY_VERSION = 1;
				DYLIB_CURRENT_VERSION = 1;
				DYLIB_INSTALL_NAME_BASE = "@rpath";
				FRAMEWORK_SEARCH_PATHS = (
					"$(inherited)",
					"$(PROJECT_DIR)/lib",
				);
				FRAMEWORK_VERSION = A;
				INFOPLIST_FILE = SwiftStructureInterface/Info.plist;
				INSTALL_PATH = "$(LOCAL_LIBRARY_DIR)/Frameworks";
				LD_RUNPATH_SEARCH_PATHS = "$(inherited) @executable_path/../Frameworks @loader_path/Frameworks";
				PRODUCT_BUNDLE_IDENTIFIER = codes.seanhenry.SwiftStructureInterface;
				PRODUCT_NAME = "$(TARGET_NAME)";
				SKIP_INSTALL = YES;
				SWIFT_VERSION = 3.0;
				VERSIONING_SYSTEM = "apple-generic";
				VERSION_INFO_PREFIX = "";
			};
			name = Release;
		};
		14A81E3A1F436941001A6221 /* Debug */ = {
			isa = XCBuildConfiguration;
			buildSettings = {
				ALWAYS_EMBED_SWIFT_STANDARD_LIBRARIES = YES;
				COMBINE_HIDPI_IMAGES = YES;
				FRAMEWORK_SEARCH_PATHS = (
					"$(inherited)",
					"$(PROJECT_DIR)/lib",
				);
				INFOPLIST_FILE = SwiftStructureInterfaceTests/Info.plist;
				LD_RUNPATH_SEARCH_PATHS = "$(inherited) @executable_path/../Frameworks @loader_path/../Frameworks";
				PRODUCT_BUNDLE_IDENTIFIER = codes.seanhenry.SwiftStructureInterfaceTests;
				PRODUCT_NAME = "$(TARGET_NAME)";
				SWIFT_VERSION = 3.0;
			};
			name = Debug;
		};
		14A81E3B1F436941001A6221 /* Release */ = {
			isa = XCBuildConfiguration;
			buildSettings = {
				ALWAYS_EMBED_SWIFT_STANDARD_LIBRARIES = YES;
				COMBINE_HIDPI_IMAGES = YES;
				FRAMEWORK_SEARCH_PATHS = (
					"$(inherited)",
					"$(PROJECT_DIR)/lib",
				);
				INFOPLIST_FILE = SwiftStructureInterfaceTests/Info.plist;
				LD_RUNPATH_SEARCH_PATHS = "$(inherited) @executable_path/../Frameworks @loader_path/../Frameworks";
				PRODUCT_BUNDLE_IDENTIFIER = codes.seanhenry.SwiftStructureInterfaceTests;
				PRODUCT_NAME = "$(TARGET_NAME)";
				SWIFT_VERSION = 3.0;
			};
			name = Release;
		};
		14CA2D601F40007000900937 /* Debug */ = {
			isa = XCBuildConfiguration;
			buildSettings = {
				ALWAYS_SEARCH_USER_PATHS = NO;
				CLANG_ANALYZER_NONNULL = YES;
				CLANG_ANALYZER_NUMBER_OBJECT_CONVERSION = YES_AGGRESSIVE;
				CLANG_CXX_LANGUAGE_STANDARD = "gnu++0x";
				CLANG_CXX_LIBRARY = "libc++";
				CLANG_ENABLE_MODULES = YES;
				CLANG_ENABLE_OBJC_ARC = YES;
				CLANG_WARN_BOOL_CONVERSION = YES;
				CLANG_WARN_CONSTANT_CONVERSION = YES;
				CLANG_WARN_DIRECT_OBJC_ISA_USAGE = YES_ERROR;
				CLANG_WARN_DOCUMENTATION_COMMENTS = YES;
				CLANG_WARN_EMPTY_BODY = YES;
				CLANG_WARN_ENUM_CONVERSION = YES;
				CLANG_WARN_INFINITE_RECURSION = YES;
				CLANG_WARN_INT_CONVERSION = YES;
				CLANG_WARN_OBJC_ROOT_CLASS = YES_ERROR;
				CLANG_WARN_SUSPICIOUS_MOVE = YES;
				CLANG_WARN_UNREACHABLE_CODE = YES;
				CLANG_WARN__DUPLICATE_METHOD_MATCH = YES;
				CODE_SIGN_IDENTITY = "-";
				COPY_PHASE_STRIP = NO;
				DEBUG_INFORMATION_FORMAT = dwarf;
				ENABLE_STRICT_OBJC_MSGSEND = YES;
				ENABLE_TESTABILITY = YES;
				GCC_C_LANGUAGE_STANDARD = gnu99;
				GCC_DYNAMIC_NO_PIC = NO;
				GCC_NO_COMMON_BLOCKS = YES;
				GCC_OPTIMIZATION_LEVEL = 0;
				GCC_PREPROCESSOR_DEFINITIONS = (
					"DEBUG=1",
					"$(inherited)",
				);
				GCC_WARN_64_TO_32_BIT_CONVERSION = YES;
				GCC_WARN_ABOUT_RETURN_TYPE = YES_ERROR;
				GCC_WARN_UNDECLARED_SELECTOR = YES;
				GCC_WARN_UNINITIALIZED_AUTOS = YES_AGGRESSIVE;
				GCC_WARN_UNUSED_FUNCTION = YES;
				GCC_WARN_UNUSED_VARIABLE = YES;
				MACOSX_DEPLOYMENT_TARGET = 10.12;
				MTL_ENABLE_DEBUG_INFO = YES;
				ONLY_ACTIVE_ARCH = YES;
				SDKROOT = macosx;
				SWIFT_ACTIVE_COMPILATION_CONDITIONS = DEBUG;
				SWIFT_OPTIMIZATION_LEVEL = "-Onone";
			};
			name = Debug;
		};
		14CA2D611F40007000900937 /* Release */ = {
			isa = XCBuildConfiguration;
			buildSettings = {
				ALWAYS_SEARCH_USER_PATHS = NO;
				CLANG_ANALYZER_NONNULL = YES;
				CLANG_ANALYZER_NUMBER_OBJECT_CONVERSION = YES_AGGRESSIVE;
				CLANG_CXX_LANGUAGE_STANDARD = "gnu++0x";
				CLANG_CXX_LIBRARY = "libc++";
				CLANG_ENABLE_MODULES = YES;
				CLANG_ENABLE_OBJC_ARC = YES;
				CLANG_WARN_BOOL_CONVERSION = YES;
				CLANG_WARN_CONSTANT_CONVERSION = YES;
				CLANG_WARN_DIRECT_OBJC_ISA_USAGE = YES_ERROR;
				CLANG_WARN_DOCUMENTATION_COMMENTS = YES;
				CLANG_WARN_EMPTY_BODY = YES;
				CLANG_WARN_ENUM_CONVERSION = YES;
				CLANG_WARN_INFINITE_RECURSION = YES;
				CLANG_WARN_INT_CONVERSION = YES;
				CLANG_WARN_OBJC_ROOT_CLASS = YES_ERROR;
				CLANG_WARN_SUSPICIOUS_MOVE = YES;
				CLANG_WARN_UNREACHABLE_CODE = YES;
				CLANG_WARN__DUPLICATE_METHOD_MATCH = YES;
				CODE_SIGN_IDENTITY = "-";
				COPY_PHASE_STRIP = NO;
				DEBUG_INFORMATION_FORMAT = "dwarf-with-dsym";
				ENABLE_NS_ASSERTIONS = NO;
				ENABLE_STRICT_OBJC_MSGSEND = YES;
				GCC_C_LANGUAGE_STANDARD = gnu99;
				GCC_NO_COMMON_BLOCKS = YES;
				GCC_WARN_64_TO_32_BIT_CONVERSION = YES;
				GCC_WARN_ABOUT_RETURN_TYPE = YES_ERROR;
				GCC_WARN_UNDECLARED_SELECTOR = YES;
				GCC_WARN_UNINITIALIZED_AUTOS = YES_AGGRESSIVE;
				GCC_WARN_UNUSED_FUNCTION = YES;
				GCC_WARN_UNUSED_VARIABLE = YES;
				MACOSX_DEPLOYMENT_TARGET = 10.12;
				MTL_ENABLE_DEBUG_INFO = NO;
				SDKROOT = macosx;
				SWIFT_OPTIMIZATION_LEVEL = "-Owholemodule";
			};
			name = Release;
		};
		14CA2D631F40007000900937 /* Debug */ = {
			isa = XCBuildConfiguration;
			buildSettings = {
				ALWAYS_EMBED_SWIFT_STANDARD_LIBRARIES = YES;
				ASSETCATALOG_COMPILER_APPICON_NAME = AppIcon;
				CLANG_ENABLE_MODULES = YES;
				CODE_SIGN_ENTITLEMENTS = MockGeneratorApp/MockGeneratorApp.entitlements;
				CODE_SIGN_IDENTITY = "Mac Developer";
				COMBINE_HIDPI_IMAGES = YES;
				DEVELOPMENT_TEAM = HU45578K6L;
				FRAMEWORK_SEARCH_PATHS = (
					"$(inherited)",
					"$(PROJECT_DIR)/lib",
				);
				INFOPLIST_FILE = MockGeneratorApp/Info.plist;
				LD_RUNPATH_SEARCH_PATHS = "$(inherited) @executable_path/../Frameworks";
				PRODUCT_BUNDLE_IDENTIFIER = codes.seanhenry.MockGeneratorApp;
				PRODUCT_NAME = "$(TARGET_NAME)";
				PROVISIONING_PROFILE_SPECIFIER = "";
				SWIFT_OPTIMIZATION_LEVEL = "-Onone";
				SWIFT_VERSION = 3.0;
			};
			name = Debug;
		};
		14CA2D641F40007000900937 /* Release */ = {
			isa = XCBuildConfiguration;
			buildSettings = {
				ALWAYS_EMBED_SWIFT_STANDARD_LIBRARIES = YES;
				ASSETCATALOG_COMPILER_APPICON_NAME = AppIcon;
				CLANG_ENABLE_MODULES = YES;
				CODE_SIGN_ENTITLEMENTS = MockGeneratorApp/MockGeneratorApp.entitlements;
				CODE_SIGN_IDENTITY = "Mac Developer";
				COMBINE_HIDPI_IMAGES = YES;
				DEVELOPMENT_TEAM = HU45578K6L;
				FRAMEWORK_SEARCH_PATHS = (
					"$(inherited)",
					"$(PROJECT_DIR)/lib",
				);
				INFOPLIST_FILE = MockGeneratorApp/Info.plist;
				LD_RUNPATH_SEARCH_PATHS = "$(inherited) @executable_path/../Frameworks";
				PRODUCT_BUNDLE_IDENTIFIER = codes.seanhenry.MockGeneratorApp;
				PRODUCT_NAME = "$(TARGET_NAME)";
				PROVISIONING_PROFILE_SPECIFIER = "";
				SWIFT_VERSION = 3.0;
			};
			name = Release;
		};
		14CA2D791F40009000900937 /* Debug */ = {
			isa = XCBuildConfiguration;
			buildSettings = {
				CODE_SIGN_ENTITLEMENTS = XcodePlugin/XcodePlugin.entitlements;
				CODE_SIGN_IDENTITY = "Mac Developer";
				COMBINE_HIDPI_IMAGES = YES;
				DEVELOPMENT_TEAM = HU45578K6L;
				INFOPLIST_FILE = XcodePlugin/Info.plist;
				LD_RUNPATH_SEARCH_PATHS = "$(inherited) @executable_path/../Frameworks @executable_path/../../../../Frameworks";
				MACOSX_DEPLOYMENT_TARGET = 10.11;
				PRODUCT_BUNDLE_IDENTIFIER = codes.seanhenry.MockGeneratorApp.XcodePlugin;
				PRODUCT_NAME = "$(TARGET_NAME)";
				PROVISIONING_PROFILE_SPECIFIER = "";
				SKIP_INSTALL = YES;
				SWIFT_OBJC_BRIDGING_HEADER = "XcodePlugin/XcodePlugin-Bridging-Header.h";
				SWIFT_VERSION = 3.0;
			};
			name = Debug;
		};
		14CA2D7A1F40009000900937 /* Release */ = {
			isa = XCBuildConfiguration;
			buildSettings = {
				CODE_SIGN_ENTITLEMENTS = XcodePlugin/XcodePlugin.entitlements;
				CODE_SIGN_IDENTITY = "Mac Developer";
				COMBINE_HIDPI_IMAGES = YES;
				DEVELOPMENT_TEAM = HU45578K6L;
				INFOPLIST_FILE = XcodePlugin/Info.plist;
				LD_RUNPATH_SEARCH_PATHS = "$(inherited) @executable_path/../Frameworks @executable_path/../../../../Frameworks";
				MACOSX_DEPLOYMENT_TARGET = 10.11;
				PRODUCT_BUNDLE_IDENTIFIER = codes.seanhenry.MockGeneratorApp.XcodePlugin;
				PRODUCT_NAME = "$(TARGET_NAME)";
				PROVISIONING_PROFILE_SPECIFIER = "";
				SKIP_INSTALL = YES;
				SWIFT_OBJC_BRIDGING_HEADER = "XcodePlugin/XcodePlugin-Bridging-Header.h";
				SWIFT_VERSION = 3.0;
			};
			name = Release;
		};
		14CA2D8D1F4000AB00900937 /* Debug */ = {
			isa = XCBuildConfiguration;
			buildSettings = {
				CLANG_ENABLE_MODULES = YES;
				CODE_SIGN_IDENTITY = "Mac Developer";
				COMBINE_HIDPI_IMAGES = YES;
				DEVELOPMENT_TEAM = HU45578K6L;
				FRAMEWORK_SEARCH_PATHS = (
					"$(inherited)",
					"$(PROJECT_DIR)/lib",
				);
				INFOPLIST_FILE = MockGeneratorXPC/Info.plist;
				LD_RUNPATH_SEARCH_PATHS = "@executable_path/../../../../../../../Frameworks";
				PRODUCT_BUNDLE_IDENTIFIER = codes.seanhenry.MockGeneratorXPC;
				PRODUCT_NAME = "$(TARGET_NAME)";
				SKIP_INSTALL = YES;
				SWIFT_OBJC_BRIDGING_HEADER = "MockGeneratorXPC/MockGeneratorXPC-Bridging-Header.h";
				SWIFT_OPTIMIZATION_LEVEL = "-Onone";
				SWIFT_VERSION = 3.0;
			};
			name = Debug;
		};
		14CA2D8E1F4000AB00900937 /* Release */ = {
			isa = XCBuildConfiguration;
			buildSettings = {
				CLANG_ENABLE_MODULES = YES;
				CODE_SIGN_IDENTITY = "Mac Developer";
				COMBINE_HIDPI_IMAGES = YES;
				DEVELOPMENT_TEAM = HU45578K6L;
				FRAMEWORK_SEARCH_PATHS = (
					"$(inherited)",
					"$(PROJECT_DIR)/lib",
				);
				INFOPLIST_FILE = MockGeneratorXPC/Info.plist;
				LD_RUNPATH_SEARCH_PATHS = "@executable_path/../../../../../../../Frameworks";
				PRODUCT_BUNDLE_IDENTIFIER = codes.seanhenry.MockGeneratorXPC;
				PRODUCT_NAME = "$(TARGET_NAME)";
				SKIP_INSTALL = YES;
				SWIFT_OBJC_BRIDGING_HEADER = "MockGeneratorXPC/MockGeneratorXPC-Bridging-Header.h";
				SWIFT_VERSION = 3.0;
			};
			name = Release;
		};
/* End XCBuildConfiguration section */

/* Begin XCConfigurationList section */
		14276C761F4F312E00EA7753 /* Build configuration list for PBXNativeTarget "MockGenerator" */ = {
			isa = XCConfigurationList;
			buildConfigurations = (
				14276C721F4F312E00EA7753 /* Debug */,
				14276C731F4F312E00EA7753 /* Release */,
			);
			defaultConfigurationIsVisible = 0;
			defaultConfigurationName = Release;
		};
		14276C771F4F312E00EA7753 /* Build configuration list for PBXNativeTarget "MockGeneratorTests" */ = {
			isa = XCConfigurationList;
			buildConfigurations = (
				14276C741F4F312E00EA7753 /* Debug */,
				14276C751F4F312E00EA7753 /* Release */,
			);
			defaultConfigurationIsVisible = 0;
			defaultConfigurationName = Release;
		};
		14A81E3C1F436941001A6221 /* Build configuration list for PBXNativeTarget "SwiftStructureInterface" */ = {
			isa = XCConfigurationList;
			buildConfigurations = (
				14A81E381F436941001A6221 /* Debug */,
				14A81E391F436941001A6221 /* Release */,
			);
			defaultConfigurationIsVisible = 0;
			defaultConfigurationName = Release;
		};
		14A81E3D1F436941001A6221 /* Build configuration list for PBXNativeTarget "SwiftStructureInterfaceTests" */ = {
			isa = XCConfigurationList;
			buildConfigurations = (
				14A81E3A1F436941001A6221 /* Debug */,
				14A81E3B1F436941001A6221 /* Release */,
			);
			defaultConfigurationIsVisible = 0;
			defaultConfigurationName = Release;
		};
		14CA2D4E1F40007000900937 /* Build configuration list for PBXProject "MockGenerator" */ = {
			isa = XCConfigurationList;
			buildConfigurations = (
				14CA2D601F40007000900937 /* Debug */,
				14CA2D611F40007000900937 /* Release */,
			);
			defaultConfigurationIsVisible = 0;
			defaultConfigurationName = Release;
		};
		14CA2D621F40007000900937 /* Build configuration list for PBXNativeTarget "MockGeneratorApp" */ = {
			isa = XCConfigurationList;
			buildConfigurations = (
				14CA2D631F40007000900937 /* Debug */,
				14CA2D641F40007000900937 /* Release */,
			);
			defaultConfigurationIsVisible = 0;
			defaultConfigurationName = Release;
		};
		14CA2D781F40009000900937 /* Build configuration list for PBXNativeTarget "XcodePlugin" */ = {
			isa = XCConfigurationList;
			buildConfigurations = (
				14CA2D791F40009000900937 /* Debug */,
				14CA2D7A1F40009000900937 /* Release */,
			);
			defaultConfigurationIsVisible = 0;
			defaultConfigurationName = Release;
		};
		14CA2D8C1F4000AB00900937 /* Build configuration list for PBXNativeTarget "MockGeneratorXPC" */ = {
			isa = XCConfigurationList;
			buildConfigurations = (
				14CA2D8D1F4000AB00900937 /* Debug */,
				14CA2D8E1F4000AB00900937 /* Release */,
			);
			defaultConfigurationIsVisible = 0;
			defaultConfigurationName = Release;
		};
/* End XCConfigurationList section */
	};
	rootObject = 14CA2D4B1F40007000900937 /* Project object */;
}
